PODS:
  - InputBarAccessoryView (4.3.2):
    - InputBarAccessoryView/Core (= 4.3.2)
  - InputBarAccessoryView/Core (4.3.2)
  - MessageKit (3.1.0):
    - InputBarAccessoryView (~> 4.3.0)
  - YYCache (1.0.4)
  - YYImage (1.0.4):
    - YYImage/Core (= 1.0.4)
  - YYImage/Core (1.0.4)
  - YYWebImage (1.0.5):
    - YYCache
    - YYImage

DEPENDENCIES:
  - MessageKit
  - YYWebImage

SPEC REPOS:
  trunk:
    - InputBarAccessoryView
    - MessageKit
    - YYCache
    - YYImage
    - YYWebImage

SPEC CHECKSUMS:
  InputBarAccessoryView: 7985d418040a05fe894bd4b8328dd43ab35517c3
  MessageKit: 3beb578737a5aa2bba25cc27c7b6d6faa09af5a7
  YYCache: 8105b6638f5e849296c71f331ff83891a4942952
  YYImage: 1e1b62a9997399593e4b9c4ecfbbabbf1d3f3b54
  YYWebImage: 5f7f36aee2ae293f016d418c7d6ba05c4863e928

PODFILE CHECKSUM: 78b879d54d028e62b58c828d1d0891cdc705b4db

COCOAPODS: 1.8.4
