PODS:
  - AlignedCollectionViewFlowLayout (1.1.2)
  - EmojiPicker (1.1)
  - InputBarAccessoryView (4.3.2):
    - InputBarAccessoryView/Core (= 4.3.2)
  - InputBarAccessoryView/Core (4.3.2)
  - ISEmojiView (0.2.6)
  - MessageKit (3.1.0):
    - InputBarAccessoryView (~> 4.3.0)
  - PanModal (1.2.7)
  - YYCache (1.0.4)
  - YYImage (1.0.4):
    - YYImage/Core (= 1.0.4)
  - YYImage/Core (1.0.4)
  - YYWebImage (1.0.5):
    - YYCache
    - YYImage

DEPENDENCIES:
  - AlignedCollectionViewFlowLayout (from `https://github.com/mischa-hildebrand/AlignedCollectionViewFlowLayout.git`)
  - EmojiPicker (= 1.1)
  - ISEmojiView
  - MessageKit
  - PanModal
  - YYWebImage

SPEC REPOS:
  trunk:
    - EmojiPicker
    - InputBarAccessoryView
    - ISEmojiView
    - MessageKit
    - PanModal
    - YYCache
    - YYImage
    - YYWebImage

EXTERNAL SOURCES:
  AlignedCollectionViewFlowLayout:
    :git: https://github.com/mischa-hildebrand/AlignedCollectionViewFlowLayout.git

CHECKOUT OPTIONS:
  AlignedCollectionViewFlowLayout:
    :commit: 49330ef67177dba5c9e1a3efdd0df93d83f12ee7
    :git: https://github.com/mischa-hildebrand/AlignedCollectionViewFlowLayout.git

SPEC CHECKSUMS:
  AlignedCollectionViewFlowLayout: bfbffc18e70d4f965b0e4044dea8502a38ff86b3
  EmojiPicker: 7d9cb698a2983501c0fa800e759dd7744638a0b9
  InputBarAccessoryView: 7985d418040a05fe894bd4b8328dd43ab35517c3
  ISEmojiView: f7cd94a6c93307f429ec5da001293d0b02247f03
  MessageKit: 3beb578737a5aa2bba25cc27c7b6d6faa09af5a7
  PanModal: 3e16ead1a907fb06f4df3f13492fd00149fa4974
  YYCache: 8105b6638f5e849296c71f331ff83891a4942952
  YYImage: 1e1b62a9997399593e4b9c4ecfbbabbf1d3f3b54
  YYWebImage: 5f7f36aee2ae293f016d418c7d6ba05c4863e928

PODFILE CHECKSUM: d66e6068cd1a4abd05b8436651e0f0ad9467c47c

COCOAPODS: 1.8.4
