// !$*UTF8*$!
{
	archiveVersion = 1;
	classes = {
	};
	objectVersion = 77;
	objects = {

/* Begin PBXBuildFile section */
		161D6A1F2E015F7800B3FD1F /* MEGAAuthentication in Frameworks */ = {isa = PBXBuildFile; productRef = 161D6A1E2E015F7800B3FD1F /* MEGAAuthentication */; };
		161D6A432E01644700B3FD1F /* MEGADesignToken in Frameworks */ = {isa = PBXBuildFile; productRef = 161D6A422E01644700B3FD1F /* MEGADesignToken */; };
		161D6A6D2E0172BC00B3FD1F /* DependencyInjection.swift in Sources */ = {isa = PBXBuildFile; fileRef = 161D6A682E0172BC00B3FD1F /* DependencyInjection.swift */; };
		161D6A6E2E0172BC00B3FD1F /* DependencyInjection+MEGAAuth.swift in Sources */ = {isa = PBXBuildFile; fileRef = 161D6A692E0172BC00B3FD1F /* DependencyInjection+MEGAAuth.swift */; };
		161D6A6F2E0172BC00B3FD1F /* DependencyInjection+MEGASDKRepo.swift in Sources */ = {isa = PBXBuildFile; fileRef = 161D6A6A2E0172BC00B3FD1F /* DependencyInjection+MEGASDKRepo.swift */; };
		161D6A702E0172BC00B3FD1F /* MEGASdk+SharedInstance.swift in Sources */ = {isa = PBXBuildFile; fileRef = 161D6A6B2E0172BC00B3FD1F /* MEGASdk+SharedInstance.swift */; };
		161D6A7D2E0172C300B3FD1F /* AppDelegate.swift in Sources */ = {isa = PBXBuildFile; fileRef = 161D6A712E0172C300B3FD1F /* AppDelegate.swift */; };
		161D6A7E2E0172C300B3FD1F /* PlayerApp.swift in Sources */ = {isa = PBXBuildFile; fileRef = 161D6A722E0172C300B3FD1F /* PlayerApp.swift */; };
		161D6A7F2E0172C300B3FD1F /* SceneDelegate.swift in Sources */ = {isa = PBXBuildFile; fileRef = 161D6A732E0172C300B3FD1F /* SceneDelegate.swift */; };
		161D6A802E0172C300B3FD1F /* SecondarySceneView.swift in Sources */ = {isa = PBXBuildFile; fileRef = 161D6A772E0172C300B3FD1F /* SecondarySceneView.swift */; };
		161D6A812E0172C300B3FD1F /* LaunchView.swift in Sources */ = {isa = PBXBuildFile; fileRef = 161D6A7B2E0172C300B3FD1F /* LaunchView.swift */; };
		161D6A822E0172C300B3FD1F /* Assets.xcassets in Resources */ = {isa = PBXBuildFile; fileRef = 161D6A752E0172C300B3FD1F /* Assets.xcassets */; };
		161D6A872E01738B00B3FD1F /* PlayerAppViewModel.swift in Sources */ = {isa = PBXBuildFile; fileRef = 161D6A862E01738900B3FD1F /* PlayerAppViewModel.swift */; };
		161D6A892E01751D00B3FD1F /* DependencyInjection+MEGALogger.swift in Sources */ = {isa = PBXBuildFile; fileRef = 161D6A882E01751A00B3FD1F /* DependencyInjection+MEGALogger.swift */; };
		161D6A8B2E01759B00B3FD1F /* DependencyInjection+MEGAInfrastructure.swift in Sources */ = {isa = PBXBuildFile; fileRef = 161D6A8A2E01759B00B3FD1F /* DependencyInjection+MEGAInfrastructure.swift */; };
		161D6A8E2E01780C00B3FD1F /* MEGAAccountManagement in Frameworks */ = {isa = PBXBuildFile; productRef = 161D6A8D2E01780C00B3FD1F /* MEGAAccountManagement */; };
		161D6A902E0178F600B3FD1F /* DependencyInjection+MEGAAccountManagement.swift in Sources */ = {isa = PBXBuildFile; fileRef = 161D6A8F2E0178F100B3FD1F /* DependencyInjection+MEGAAccountManagement.swift */; };
		161D6A922E0179A800B3FD1F /* DependencyInjection+MEGAPresentation.swift in Sources */ = {isa = PBXBuildFile; fileRef = 161D6A912E01799E00B3FD1F /* DependencyInjection+MEGAPresentation.swift */; };
		161D6A942E017C1600B3FD1F /* DependencyInjection+MEGAConnectivity.swift in Sources */ = {isa = PBXBuildFile; fileRef = 161D6A932E017C0D00B3FD1F /* DependencyInjection+MEGAConnectivity.swift */; };
		161D6A972E0180D500B3FD1F /* HomeView.swift in Sources */ = {isa = PBXBuildFile; fileRef = 161D6A962E0180D300B3FD1F /* HomeView.swift */; };
		161D6A992E0180DB00B3FD1F /* HomeViewModel.swift in Sources */ = {isa = PBXBuildFile; fileRef = 161D6A982E0180D900B3FD1F /* HomeViewModel.swift */; };
		162D66892E1BA5FD00CB6F72 /* MEGAPlayerViewModel.swift in Sources */ = {isa = PBXBuildFile; fileRef = 162D66882E1BA5F800CB6F72 /* MEGAPlayerViewModel.swift */; };
		164AD5472E0BE09800302DCA /* PreviewAssets.xcassets in Resources */ = {isa = PBXBuildFile; fileRef = 164AD5462E0BE09800302DCA /* PreviewAssets.xcassets */; };
		164AD54A2E0C07B200302DCA /* PlayerOverlayViewModel.swift in Sources */ = {isa = PBXBuildFile; fileRef = 164AD5492E0C07AF00302DCA /* PlayerOverlayViewModel.swift */; };
		164E270F2E0AB118008BB794 /* VLCKit in Frameworks */ = {isa = PBXBuildFile; productRef = 164E270E2E0AB118008BB794 /* VLCKit */; };
		164FF8FD2E0A6A7800CBC210 /* FetchVideoNodesUseCase.swift in Sources */ = {isa = PBXBuildFile; fileRef = 164FF8FC2E0A6A6800CBC210 /* FetchVideoNodesUseCase.swift */; };
		164FF9062E0A6EA000CBC210 /* MEGANodeList+Array.swift in Sources */ = {isa = PBXBuildFile; fileRef = 164FF9052E0A6EA000CBC210 /* MEGANodeList+Array.swift */; };
		165771E92E1CE058008B1143 /* PlayerLayer.swift in Sources */ = {isa = PBXBuildFile; fileRef = 165771E82E1CE04E008B1143 /* PlayerLayer.swift */; };
		165771EB2E1D170C008B1143 /* VideoPlayerOption.swift in Sources */ = {isa = PBXBuildFile; fileRef = 165771EA2E1D1707008B1143 /* VideoPlayerOption.swift */; };
		165771F12E1D1761008B1143 /* SelectVideoPlayerUseCase.swift in Sources */ = {isa = PBXBuildFile; fileRef = 165771F02E1D175C008B1143 /* SelectVideoPlayerUseCase.swift */; };
		165771F32E1D178D008B1143 /* VideoPlayerFactory.swift in Sources */ = {isa = PBXBuildFile; fileRef = 165771F22E1D1782008B1143 /* VideoPlayerFactory.swift */; };
		1661E6EA2E1F6E5E00076156 /* MEGALogPlaybackReporter.swift in Sources */ = {isa = PBXBuildFile; fileRef = 1661E6E92E1F6E5B00076156 /* MEGALogPlaybackReporter.swift */; };
		166752EA2E0BDA3700478F4A /* MEGAAVPlayer.swift in Sources */ = {isa = PBXBuildFile; fileRef = 166752E92E0BDA3200478F4A /* MEGAAVPlayer.swift */; };
		167B954C2E1E609700771295 /* PlaybackReporting.swift in Sources */ = {isa = PBXBuildFile; fileRef = 167B954B2E1E608900771295 /* PlaybackReporting.swift */; };
		168780592E0BB2F600C376CA /* MEGAVLCPlayer.swift in Sources */ = {isa = PBXBuildFile; fileRef = 168780582E0BB2F200C376CA /* MEGAVLCPlayer.swift */; };
		1687805C2E0BB35700C376CA /* VideoPlayerProtocol.swift in Sources */ = {isa = PBXBuildFile; fileRef = 1687805B2E0BB35700C376CA /* VideoPlayerProtocol.swift */; };
		168780612E0BB6E300C376CA /* StreamingUseCase.swift in Sources */ = {isa = PBXBuildFile; fileRef = 168780602E0BB6DF00C376CA /* StreamingUseCase.swift */; };
		168780652E0BC86D00C376CA /* PlayerOverlayView.swift in Sources */ = {isa = PBXBuildFile; fileRef = 168780642E0BC86600C376CA /* PlayerOverlayView.swift */; };
		1687806B2E0BCE8C00C376CA /* MEGAPlayerViewController.swift in Sources */ = {isa = PBXBuildFile; fileRef = 1687806A2E0BCE8700C376CA /* MEGAPlayerViewController.swift */; };
		16953F252E1CCF3C00E3739D /* PlayableNode.swift in Sources */ = {isa = PBXBuildFile; fileRef = 16953F242E1CCF3500E3739D /* PlayableNode.swift */; };
		16953F272E1CCFB700E3739D /* StreamingRepository.swift in Sources */ = {isa = PBXBuildFile; fileRef = 16953F262E1CCFB400E3739D /* StreamingRepository.swift */; };
		16953F292E1CD17F00E3739D /* StreamingRepositoryProtocol.swift in Sources */ = {isa = PBXBuildFile; fileRef = 16953F282E1CD17C00E3739D /* StreamingRepositoryProtocol.swift */; };
		16953F2E2E1CD31300E3739D /* MEGANode+PlayableNode.swift in Sources */ = {isa = PBXBuildFile; fileRef = 16953F2D2E1CD31300E3739D /* MEGANode+PlayableNode.swift */; };
		16A021542E02616E00A932A1 /* LaunchViewModel.swift in Sources */ = {isa = PBXBuildFile; fileRef = 16A021532E02616B00A932A1 /* LaunchViewModel.swift */; };
		16BFBD672E2E2DFD00150FD0 /* PlaybackState.swift in Sources */ = {isa = PBXBuildFile; fileRef = 16BFBD662E2E2DFC00150FD0 /* PlaybackState.swift */; };
		16E04E582E2E245C00AAD10F /* MEGAPlaybackReportingManager.swift in Sources */ = {isa = PBXBuildFile; fileRef = 16E04E572E2E245400AAD10F /* MEGAPlaybackReportingManager.swift */; };
		16F0ABCA2E0A82B8008D980F /* MEGANode+Identifiable.swift in Sources */ = {isa = PBXBuildFile; fileRef = 16F0ABC92E0A82B4008D980F /* MEGANode+Identifiable.swift */; };
/* End PBXBuildFile section */

/* Begin PBXContainerItemProxy section */
		16BB91E02E2DF6360091A976 /* PBXContainerItemProxy */ = {
			isa = PBXContainerItemProxy;
			containerPortal = 161D69C72E0156A500B3FD1F /* Project object */;
			proxyType = 1;
			remoteGlobalIDString = 161D69CE2E0156A500B3FD1F;
			remoteInfo = MEGAVideoPlayerDemo;
		};
/* End PBXContainerItemProxy section */

/* Begin PBXFileReference section */
		161D69CF2E0156A500B3FD1F /* MEGAVideoPlayerDemo.app */ = {isa = PBXFileReference; explicitFileType = wrapper.application; includeInIndex = 0; path = MEGAVideoPlayerDemo.app; sourceTree = BUILT_PRODUCTS_DIR; };
		161D69E52E01570A00B3FD1F /* MEGAAuthentication */ = {isa = PBXFileReference; lastKnownFileType = wrapper; name = MEGAAuthentication; path = ../Modules/MEGASharedRepo/MEGAAuthentication; sourceTree = SOURCE_ROOT; };
		161D69EF2E01576100B3FD1F /* MEGASDK */ = {isa = PBXFileReference; lastKnownFileType = wrapper; name = MEGASDK; path = ../Modules/DataSource/MEGASDK; sourceTree = SOURCE_ROOT; };
		161D6A682E0172BC00B3FD1F /* DependencyInjection.swift */ = {isa = PBXFileReference; lastKnownFileType = sourcecode.swift; path = DependencyInjection.swift; sourceTree = "<group>"; };
		161D6A692E0172BC00B3FD1F /* DependencyInjection+MEGAAuth.swift */ = {isa = PBXFileReference; lastKnownFileType = sourcecode.swift; path = "DependencyInjection+MEGAAuth.swift"; sourceTree = "<group>"; };
		161D6A6A2E0172BC00B3FD1F /* DependencyInjection+MEGASDKRepo.swift */ = {isa = PBXFileReference; lastKnownFileType = sourcecode.swift; path = "DependencyInjection+MEGASDKRepo.swift"; sourceTree = "<group>"; };
		161D6A6B2E0172BC00B3FD1F /* MEGASdk+SharedInstance.swift */ = {isa = PBXFileReference; lastKnownFileType = sourcecode.swift; path = "MEGASdk+SharedInstance.swift"; sourceTree = "<group>"; };
		161D6A712E0172C300B3FD1F /* AppDelegate.swift */ = {isa = PBXFileReference; lastKnownFileType = sourcecode.swift; path = AppDelegate.swift; sourceTree = "<group>"; };
		161D6A722E0172C300B3FD1F /* PlayerApp.swift */ = {isa = PBXFileReference; lastKnownFileType = sourcecode.swift; path = PlayerApp.swift; sourceTree = "<group>"; };
		161D6A732E0172C300B3FD1F /* SceneDelegate.swift */ = {isa = PBXFileReference; lastKnownFileType = sourcecode.swift; path = SceneDelegate.swift; sourceTree = "<group>"; };
		161D6A752E0172C300B3FD1F /* Assets.xcassets */ = {isa = PBXFileReference; lastKnownFileType = folder.assetcatalog; path = Assets.xcassets; sourceTree = "<group>"; };
		161D6A772E0172C300B3FD1F /* SecondarySceneView.swift */ = {isa = PBXFileReference; lastKnownFileType = sourcecode.swift; path = SecondarySceneView.swift; sourceTree = "<group>"; };
		161D6A7B2E0172C300B3FD1F /* LaunchView.swift */ = {isa = PBXFileReference; lastKnownFileType = sourcecode.swift; path = LaunchView.swift; sourceTree = "<group>"; };
		161D6A862E01738900B3FD1F /* PlayerAppViewModel.swift */ = {isa = PBXFileReference; lastKnownFileType = sourcecode.swift; path = PlayerAppViewModel.swift; sourceTree = "<group>"; };
		161D6A882E01751A00B3FD1F /* DependencyInjection+MEGALogger.swift */ = {isa = PBXFileReference; lastKnownFileType = sourcecode.swift; path = "DependencyInjection+MEGALogger.swift"; sourceTree = "<group>"; };
		161D6A8A2E01759B00B3FD1F /* DependencyInjection+MEGAInfrastructure.swift */ = {isa = PBXFileReference; lastKnownFileType = sourcecode.swift; path = "DependencyInjection+MEGAInfrastructure.swift"; sourceTree = "<group>"; };
		161D6A8C2E0177F600B3FD1F /* MEGAAccountManagement */ = {isa = PBXFileReference; lastKnownFileType = wrapper; name = MEGAAccountManagement; path = ../Modules/MEGASharedRepo/MEGAAccountManagement; sourceTree = SOURCE_ROOT; };
		161D6A8F2E0178F100B3FD1F /* DependencyInjection+MEGAAccountManagement.swift */ = {isa = PBXFileReference; lastKnownFileType = sourcecode.swift; path = "DependencyInjection+MEGAAccountManagement.swift"; sourceTree = "<group>"; };
		161D6A912E01799E00B3FD1F /* DependencyInjection+MEGAPresentation.swift */ = {isa = PBXFileReference; lastKnownFileType = sourcecode.swift; path = "DependencyInjection+MEGAPresentation.swift"; sourceTree = "<group>"; };
		161D6A932E017C0D00B3FD1F /* DependencyInjection+MEGAConnectivity.swift */ = {isa = PBXFileReference; lastKnownFileType = sourcecode.swift; path = "DependencyInjection+MEGAConnectivity.swift"; sourceTree = "<group>"; };
		161D6A962E0180D300B3FD1F /* HomeView.swift */ = {isa = PBXFileReference; lastKnownFileType = sourcecode.swift; path = HomeView.swift; sourceTree = "<group>"; };
		161D6A982E0180D900B3FD1F /* HomeViewModel.swift */ = {isa = PBXFileReference; lastKnownFileType = sourcecode.swift; path = HomeViewModel.swift; sourceTree = "<group>"; };
		162D66882E1BA5F800CB6F72 /* MEGAPlayerViewModel.swift */ = {isa = PBXFileReference; lastKnownFileType = sourcecode.swift; path = MEGAPlayerViewModel.swift; sourceTree = "<group>"; };
		164AD5462E0BE09800302DCA /* PreviewAssets.xcassets */ = {isa = PBXFileReference; lastKnownFileType = folder.assetcatalog; path = PreviewAssets.xcassets; sourceTree = "<group>"; };
		164AD5492E0C07AF00302DCA /* PlayerOverlayViewModel.swift */ = {isa = PBXFileReference; lastKnownFileType = sourcecode.swift; path = PlayerOverlayViewModel.swift; sourceTree = "<group>"; };
		164FF8FC2E0A6A6800CBC210 /* FetchVideoNodesUseCase.swift */ = {isa = PBXFileReference; lastKnownFileType = sourcecode.swift; path = FetchVideoNodesUseCase.swift; sourceTree = "<group>"; };
		164FF9052E0A6EA000CBC210 /* MEGANodeList+Array.swift */ = {isa = PBXFileReference; lastKnownFileType = sourcecode.swift; path = "MEGANodeList+Array.swift"; sourceTree = "<group>"; };
		1651EBFC2E0AA85D00048699 /* VLCKit */ = {isa = PBXFileReference; lastKnownFileType = wrapper; path = VLCKit; sourceTree = "<group>"; };
		165771E82E1CE04E008B1143 /* PlayerLayer.swift */ = {isa = PBXFileReference; lastKnownFileType = sourcecode.swift; path = PlayerLayer.swift; sourceTree = "<group>"; };
		165771EA2E1D1707008B1143 /* VideoPlayerOption.swift */ = {isa = PBXFileReference; lastKnownFileType = sourcecode.swift; path = VideoPlayerOption.swift; sourceTree = "<group>"; };
		165771F02E1D175C008B1143 /* SelectVideoPlayerUseCase.swift */ = {isa = PBXFileReference; lastKnownFileType = sourcecode.swift; path = SelectVideoPlayerUseCase.swift; sourceTree = "<group>"; };
		165771F22E1D1782008B1143 /* VideoPlayerFactory.swift */ = {isa = PBXFileReference; lastKnownFileType = sourcecode.swift; path = VideoPlayerFactory.swift; sourceTree = "<group>"; };
		1661E6E92E1F6E5B00076156 /* MEGALogPlaybackReporter.swift */ = {isa = PBXFileReference; lastKnownFileType = sourcecode.swift; path = MEGALogPlaybackReporter.swift; sourceTree = "<group>"; };
		166752E92E0BDA3200478F4A /* MEGAAVPlayer.swift */ = {isa = PBXFileReference; lastKnownFileType = sourcecode.swift; path = MEGAAVPlayer.swift; sourceTree = "<group>"; };
		167B954B2E1E608900771295 /* PlaybackReporting.swift */ = {isa = PBXFileReference; lastKnownFileType = sourcecode.swift; path = PlaybackReporting.swift; sourceTree = "<group>"; };
		168780582E0BB2F200C376CA /* MEGAVLCPlayer.swift */ = {isa = PBXFileReference; lastKnownFileType = sourcecode.swift; path = MEGAVLCPlayer.swift; sourceTree = "<group>"; };
		1687805B2E0BB35700C376CA /* VideoPlayerProtocol.swift */ = {isa = PBXFileReference; lastKnownFileType = sourcecode.swift; path = VideoPlayerProtocol.swift; sourceTree = "<group>"; };
		168780602E0BB6DF00C376CA /* StreamingUseCase.swift */ = {isa = PBXFileReference; lastKnownFileType = sourcecode.swift; path = StreamingUseCase.swift; sourceTree = "<group>"; };
		168780642E0BC86600C376CA /* PlayerOverlayView.swift */ = {isa = PBXFileReference; lastKnownFileType = sourcecode.swift; path = PlayerOverlayView.swift; sourceTree = "<group>"; };
		1687806A2E0BCE8700C376CA /* MEGAPlayerViewController.swift */ = {isa = PBXFileReference; lastKnownFileType = sourcecode.swift; path = MEGAPlayerViewController.swift; sourceTree = "<group>"; };
		16953F242E1CCF3500E3739D /* PlayableNode.swift */ = {isa = PBXFileReference; lastKnownFileType = sourcecode.swift; path = PlayableNode.swift; sourceTree = "<group>"; };
		16953F262E1CCFB400E3739D /* StreamingRepository.swift */ = {isa = PBXFileReference; lastKnownFileType = sourcecode.swift; path = StreamingRepository.swift; sourceTree = "<group>"; };
		16953F282E1CD17C00E3739D /* StreamingRepositoryProtocol.swift */ = {isa = PBXFileReference; lastKnownFileType = sourcecode.swift; path = StreamingRepositoryProtocol.swift; sourceTree = "<group>"; };
		16953F2D2E1CD31300E3739D /* MEGANode+PlayableNode.swift */ = {isa = PBXFileReference; lastKnownFileType = sourcecode.swift; path = "MEGANode+PlayableNode.swift"; sourceTree = "<group>"; };
		16A021532E02616B00A932A1 /* LaunchViewModel.swift */ = {isa = PBXFileReference; lastKnownFileType = sourcecode.swift; path = LaunchViewModel.swift; sourceTree = "<group>"; };
		16BB91DC2E2DF6360091A976 /* MEGAVideoPlayerDemoTests.xctest */ = {isa = PBXFileReference; explicitFileType = wrapper.cfbundle; includeInIndex = 0; path = MEGAVideoPlayerDemoTests.xctest; sourceTree = BUILT_PRODUCTS_DIR; };
		16BFBD662E2E2DFC00150FD0 /* PlaybackState.swift */ = {isa = PBXFileReference; lastKnownFileType = sourcecode.swift; path = PlaybackState.swift; sourceTree = "<group>"; };
		16E04E572E2E245400AAD10F /* MEGAPlaybackReportingManager.swift */ = {isa = PBXFileReference; lastKnownFileType = sourcecode.swift; path = MEGAPlaybackReportingManager.swift; sourceTree = "<group>"; };
		16F0ABC92E0A82B4008D980F /* MEGANode+Identifiable.swift */ = {isa = PBXFileReference; lastKnownFileType = sourcecode.swift; path = "MEGANode+Identifiable.swift"; sourceTree = "<group>"; };
/* End PBXFileReference section */

/* Begin PBXFrameworksBuildPhase section */
		161D69CC2E0156A500B3FD1F /* Frameworks */ = {
			isa = PBXFrameworksBuildPhase;
			buildActionMask = 2147483647;
			files = (
				161D6A8E2E01780C00B3FD1F /* MEGAAccountManagement in Frameworks */,
				161D6A1F2E015F7800B3FD1F /* MEGAAuthentication in Frameworks */,
				161D6A432E01644700B3FD1F /* MEGADesignToken in Frameworks */,
				164E270F2E0AB118008BB794 /* VLCKit in Frameworks */,
			);
			runOnlyForDeploymentPostprocessing = 0;
		};
		16BB91D92E2DF6360091A976 /* Frameworks */ = {
			isa = PBXFrameworksBuildPhase;
			buildActionMask = 2147483647;
			files = (
			);
			runOnlyForDeploymentPostprocessing = 0;
		};
/* End PBXFrameworksBuildPhase section */

/* Begin PBXGroup section */
		161D69C62E0156A500B3FD1F = {
			isa = PBXGroup;
			children = (
				161D6A7C2E0172C300B3FD1F /* MEGAVideoPlayerDemo */,
				161D69E42E0156EB00B3FD1F /* Submodules */,
				164AD5432E0BE04E00302DCA /* Support */,
				161D6A1D2E015F7800B3FD1F /* Frameworks */,
				161D69D02E0156A500B3FD1F /* Products */,
			);
			sourceTree = "<group>";
		};
		161D69D02E0156A500B3FD1F /* Products */ = {
			isa = PBXGroup;
			children = (
				161D69CF2E0156A500B3FD1F /* MEGAVideoPlayerDemo.app */,
				16BB91DC2E2DF6360091A976 /* MEGAVideoPlayerDemoTests.xctest */,
			);
			name = Products;
			sourceTree = "<group>";
		};
		161D69E42E0156EB00B3FD1F /* Submodules */ = {
			isa = PBXGroup;
			children = (
				161D69E82E01573D00B3FD1F /* DataSource */,
				161D6A6C2E0172BC00B3FD1F /* DependencyInjection */,
				161D6A832E0172D400B3FD1F /* Helper */,
				161D69E72E01573500B3FD1F /* SharedRepo */,
				1651EBFD2E0AA85D00048699 /* VLC */,
			);
			path = Submodules;
			sourceTree = "<group>";
		};
		161D69E72E01573500B3FD1F /* SharedRepo */ = {
			isa = PBXGroup;
			children = (
				161D6A8C2E0177F600B3FD1F /* MEGAAccountManagement */,
				161D69E52E01570A00B3FD1F /* MEGAAuthentication */,
			);
			path = SharedRepo;
			sourceTree = "<group>";
		};
		161D69E82E01573D00B3FD1F /* DataSource */ = {
			isa = PBXGroup;
			children = (
				161D69EF2E01576100B3FD1F /* MEGASDK */,
			);
			path = DataSource;
			sourceTree = "<group>";
		};
		161D6A1D2E015F7800B3FD1F /* Frameworks */ = {
			isa = PBXGroup;
			children = (
			);
			name = Frameworks;
			sourceTree = "<group>";
		};
		161D6A6C2E0172BC00B3FD1F /* DependencyInjection */ = {
			isa = PBXGroup;
			children = (
				161D6A8F2E0178F100B3FD1F /* DependencyInjection+MEGAAccountManagement.swift */,
				161D6A692E0172BC00B3FD1F /* DependencyInjection+MEGAAuth.swift */,
				161D6A932E017C0D00B3FD1F /* DependencyInjection+MEGAConnectivity.swift */,
				161D6A8A2E01759B00B3FD1F /* DependencyInjection+MEGAInfrastructure.swift */,
				161D6A882E01751A00B3FD1F /* DependencyInjection+MEGALogger.swift */,
				161D6A912E01799E00B3FD1F /* DependencyInjection+MEGAPresentation.swift */,
				161D6A6A2E0172BC00B3FD1F /* DependencyInjection+MEGASDKRepo.swift */,
				161D6A682E0172BC00B3FD1F /* DependencyInjection.swift */,
				161D6A6B2E0172BC00B3FD1F /* MEGASdk+SharedInstance.swift */,
			);
			path = DependencyInjection;
			sourceTree = "<group>";
		};
		161D6A742E0172C300B3FD1F /* App */ = {
			isa = PBXGroup;
			children = (
				161D6A712E0172C300B3FD1F /* AppDelegate.swift */,
				161D6A722E0172C300B3FD1F /* PlayerApp.swift */,
				161D6A862E01738900B3FD1F /* PlayerAppViewModel.swift */,
				161D6A732E0172C300B3FD1F /* SceneDelegate.swift */,
			);
			path = App;
			sourceTree = "<group>";
		};
		161D6A762E0172C300B3FD1F /* Assets */ = {
			isa = PBXGroup;
			children = (
				161D6A752E0172C300B3FD1F /* Assets.xcassets */,
			);
			path = Assets;
			sourceTree = "<group>";
		};
		161D6A7C2E0172C300B3FD1F /* MEGAVideoPlayerDemo */ = {
			isa = PBXGroup;
			children = (
				161D6A742E0172C300B3FD1F /* App */,
				161D6A762E0172C300B3FD1F /* Assets */,
				161D6A842E01736100B3FD1F /* Modules */,
			);
			path = MEGAVideoPlayerDemo;
			sourceTree = "<group>";
		};
		161D6A832E0172D400B3FD1F /* Helper */ = {
			isa = PBXGroup;
			children = (
				161D6A772E0172C300B3FD1F /* SecondarySceneView.swift */,
			);
			path = Helper;
			sourceTree = "<group>";
		};
		161D6A842E01736100B3FD1F /* Modules */ = {
			isa = PBXGroup;
			children = (
				161D6A952E0180CA00B3FD1F /* Home */,
				161D6A852E01736800B3FD1F /* Launch */,
				168780632E0BC85D00C376CA /* Overlay */,
				168780572E0BB2BC00C376CA /* Players */,
				167B95432E1E59DC00771295 /* Stats */,
				1687805E2E0BB6AC00C376CA /* Streaming */,
			);
			path = Modules;
			sourceTree = "<group>";
		};
		161D6A852E01736800B3FD1F /* Launch */ = {
			isa = PBXGroup;
			children = (
				161D6A7B2E0172C300B3FD1F /* LaunchView.swift */,
				16A021532E02616B00A932A1 /* LaunchViewModel.swift */,
			);
			path = Launch;
			sourceTree = "<group>";
		};
		161D6A952E0180CA00B3FD1F /* Home */ = {
			isa = PBXGroup;
			children = (
				164FF8FA2E0A6A5800CBC210 /* Domain */,
				164FF9042E0A6E9800CBC210 /* Helpers */,
				164FF9002E0A6E3700CBC210 /* Presentation */,
			);
			path = Home;
			sourceTree = "<group>";
		};
		164AD5432E0BE04E00302DCA /* Support */ = {
			isa = PBXGroup;
			children = (
				164AD5442E0BE05A00302DCA /* Preview */,
			);
			path = Support;
			sourceTree = "<group>";
		};
		164AD5442E0BE05A00302DCA /* Preview */ = {
			isa = PBXGroup;
			children = (
				164AD5462E0BE09800302DCA /* PreviewAssets.xcassets */,
			);
			path = Preview;
			sourceTree = "<group>";
		};
		164FF8FA2E0A6A5800CBC210 /* Domain */ = {
			isa = PBXGroup;
			children = (
				164FF8FC2E0A6A6800CBC210 /* FetchVideoNodesUseCase.swift */,
			);
			path = Domain;
			sourceTree = "<group>";
		};
		164FF9002E0A6E3700CBC210 /* Presentation */ = {
			isa = PBXGroup;
			children = (
				161D6A962E0180D300B3FD1F /* HomeView.swift */,
				161D6A982E0180D900B3FD1F /* HomeViewModel.swift */,
			);
			path = Presentation;
			sourceTree = "<group>";
		};
		164FF9042E0A6E9800CBC210 /* Helpers */ = {
			isa = PBXGroup;
			children = (
				16F0ABC92E0A82B4008D980F /* MEGANode+Identifiable.swift */,
				164FF9052E0A6EA000CBC210 /* MEGANodeList+Array.swift */,
			);
			path = Helpers;
			sourceTree = "<group>";
		};
		1651EBFD2E0AA85D00048699 /* VLC */ = {
			isa = PBXGroup;
			children = (
				1651EBFC2E0AA85D00048699 /* VLCKit */,
			);
			path = VLC;
			sourceTree = "<group>";
		};
		165771ED2E1D172F008B1143 /* Entities */ = {
			isa = PBXGroup;
			children = (
				16BFBD662E2E2DFC00150FD0 /* PlaybackState.swift */,
				165771EA2E1D1707008B1143 /* VideoPlayerOption.swift */,
			);
			path = Entities;
			sourceTree = "<group>";
		};
		165771EF2E1D1753008B1143 /* UseCases */ = {
			isa = PBXGroup;
			children = (
				165771F02E1D175C008B1143 /* SelectVideoPlayerUseCase.swift */,
			);
			path = UseCases;
			sourceTree = "<group>";
		};
		165771F42E1D1795008B1143 /* Presentation */ = {
			isa = PBXGroup;
			children = (
				1687806A2E0BCE8700C376CA /* MEGAPlayerViewController.swift */,
				162D66882E1BA5F800CB6F72 /* MEGAPlayerViewModel.swift */,
				165771F22E1D1782008B1143 /* VideoPlayerFactory.swift */,
			);
			path = Presentation;
			sourceTree = "<group>";
		};
		166752E82E0BDA2900478F4A /* AVPlayer */ = {
			isa = PBXGroup;
			children = (
				166752E92E0BDA3200478F4A /* MEGAAVPlayer.swift */,
			);
			path = AVPlayer;
			sourceTree = "<group>";
		};
		167B95432E1E59DC00771295 /* Stats */ = {
			isa = PBXGroup;
			children = (
				1661E6E92E1F6E5B00076156 /* MEGALogPlaybackReporter.swift */,
				16E04E572E2E245400AAD10F /* MEGAPlaybackReportingManager.swift */,
				167B954B2E1E608900771295 /* PlaybackReporting.swift */,
			);
			path = Stats;
			sourceTree = "<group>";
		};
		168780542E0AB95F00C376CA /* MEGAVLC */ = {
			isa = PBXGroup;
			children = (
				168780582E0BB2F200C376CA /* MEGAVLCPlayer.swift */,
			);
			path = MEGAVLC;
			sourceTree = "<group>";
		};
		168780572E0BB2BC00C376CA /* Players */ = {
			isa = PBXGroup;
			children = (
				1687805A2E0BB32600C376CA /* Domain */,
				168780682E0BCE5900C376CA /* Implementations */,
				165771F42E1D1795008B1143 /* Presentation */,
			);
			path = Players;
			sourceTree = "<group>";
		};
		1687805A2E0BB32600C376CA /* Domain */ = {
			isa = PBXGroup;
			children = (
				165771ED2E1D172F008B1143 /* Entities */,
				16953F232E1CCF2C00E3739D /* Protocols */,
				165771EF2E1D1753008B1143 /* UseCases */,
			);
			path = Domain;
			sourceTree = "<group>";
		};
		1687805E2E0BB6AC00C376CA /* Streaming */ = {
			isa = PBXGroup;
			children = (
				16953F2A2E1CD2FE00E3739D /* Domain */,
				16953F2B2E1CD30500E3739D /* Repository */,
			);
			path = Streaming;
			sourceTree = "<group>";
		};
		168780632E0BC85D00C376CA /* Overlay */ = {
			isa = PBXGroup;
			children = (
				168780642E0BC86600C376CA /* PlayerOverlayView.swift */,
				164AD5492E0C07AF00302DCA /* PlayerOverlayViewModel.swift */,
			);
			path = Overlay;
			sourceTree = "<group>";
		};
		168780682E0BCE5900C376CA /* Implementations */ = {
			isa = PBXGroup;
			children = (
				166752E82E0BDA2900478F4A /* AVPlayer */,
				168780542E0AB95F00C376CA /* MEGAVLC */,
			);
			path = Implementations;
			sourceTree = "<group>";
		};
		16953F232E1CCF2C00E3739D /* Protocols */ = {
			isa = PBXGroup;
			children = (
				16953F242E1CCF3500E3739D /* PlayableNode.swift */,
				165771E82E1CE04E008B1143 /* PlayerLayer.swift */,
				1687805B2E0BB35700C376CA /* VideoPlayerProtocol.swift */,
			);
			path = Protocols;
			sourceTree = "<group>";
		};
		16953F2A2E1CD2FE00E3739D /* Domain */ = {
			isa = PBXGroup;
			children = (
				16953F282E1CD17C00E3739D /* StreamingRepositoryProtocol.swift */,
				168780602E0BB6DF00C376CA /* StreamingUseCase.swift */,
			);
			path = Domain;
			sourceTree = "<group>";
		};
		16953F2B2E1CD30500E3739D /* Repository */ = {
			isa = PBXGroup;
			children = (
				16953F2C2E1CD30C00E3739D /* Extensions */,
				16953F262E1CCFB400E3739D /* StreamingRepository.swift */,
			);
			path = Repository;
			sourceTree = "<group>";
		};
		16953F2C2E1CD30C00E3739D /* Extensions */ = {
			isa = PBXGroup;
			children = (
				16953F2D2E1CD31300E3739D /* MEGANode+PlayableNode.swift */,
			);
			path = Extensions;
			sourceTree = "<group>";
		};
/* End PBXGroup section */

/* Begin PBXNativeTarget section */
		161D69CE2E0156A500B3FD1F /* MEGAVideoPlayerDemo */ = {
			isa = PBXNativeTarget;
			buildConfigurationList = 161D69DA2E0156A600B3FD1F /* Build configuration list for PBXNativeTarget "MEGAVideoPlayerDemo" */;
			buildPhases = (
				161D69CB2E0156A500B3FD1F /* Sources */,
				161D69CC2E0156A500B3FD1F /* Frameworks */,
				161D69CD2E0156A500B3FD1F /* Resources */,
			);
			buildRules = (
			);
			dependencies = (
			);
			name = MEGAVideoPlayerDemo;
			packageProductDependencies = (
				161D6A1E2E015F7800B3FD1F /* MEGAAuthentication */,
				161D6A422E01644700B3FD1F /* MEGADesignToken */,
				161D6A8D2E01780C00B3FD1F /* MEGAAccountManagement */,
				164E270E2E0AB118008BB794 /* VLCKit */,
			);
			productName = MEGAVideoPlayerDemo;
			productReference = 161D69CF2E0156A500B3FD1F /* MEGAVideoPlayerDemo.app */;
			productType = "com.apple.product-type.application";
		};
		16BB91DB2E2DF6360091A976 /* MEGAVideoPlayerDemoTests */ = {
			isa = PBXNativeTarget;
			buildConfigurationList = 16BB91E22E2DF6360091A976 /* Build configuration list for PBXNativeTarget "MEGAVideoPlayerDemoTests" */;
			buildPhases = (
				16BB91D82E2DF6360091A976 /* Sources */,
				16BB91D92E2DF6360091A976 /* Frameworks */,
				16BB91DA2E2DF6360091A976 /* Resources */,
			);
			buildRules = (
			);
			dependencies = (
				16BB91E12E2DF6360091A976 /* PBXTargetDependency */,
			);
			name = MEGAVideoPlayerDemoTests;
			packageProductDependencies = (
			);
			productName = MEGAVideoPlayerDemoTests;
			productReference = 16BB91DC2E2DF6360091A976 /* MEGAVideoPlayerDemoTests.xctest */;
			productType = "com.apple.product-type.bundle.unit-test";
		};
/* End PBXNativeTarget section */

/* Begin PBXProject section */
		161D69C72E0156A500B3FD1F /* Project object */ = {
			isa = PBXProject;
			attributes = {
				BuildIndependentTargetsInParallel = 1;
				LastSwiftUpdateCheck = 1630;
				LastUpgradeCheck = 1630;
				TargetAttributes = {
					161D69CE2E0156A500B3FD1F = {
						CreatedOnToolsVersion = 16.3;
					};
					16BB91DB2E2DF6360091A976 = {
						CreatedOnToolsVersion = 16.3;
						TestTargetID = 161D69CE2E0156A500B3FD1F;
					};
				};
			};
			buildConfigurationList = 161D69CA2E0156A500B3FD1F /* Build configuration list for PBXProject "MEGAVideoPlayerDemo" */;
			developmentRegion = en;
			hasScannedForEncodings = 0;
			knownRegions = (
				en,
				Base,
			);
			mainGroup = 161D69C62E0156A500B3FD1F;
			minimizedProjectReferenceProxies = 1;
			packageReferences = (
				161D6A412E01644700B3FD1F /* XCRemoteSwiftPackageReference "MEGADesignToken" */,
			);
			preferredProjectObjectVersion = 77;
			productRefGroup = 161D69D02E0156A500B3FD1F /* Products */;
			projectDirPath = "";
			projectRoot = "";
			targets = (
				161D69CE2E0156A500B3FD1F /* MEGAVideoPlayerDemo */,
				16BB91DB2E2DF6360091A976 /* MEGAVideoPlayerDemoTests */,
			);
		};
/* End PBXProject section */

/* Begin PBXResourcesBuildPhase section */
		161D69CD2E0156A500B3FD1F /* Resources */ = {
			isa = PBXResourcesBuildPhase;
			buildActionMask = 2147483647;
			files = (
				161D6A822E0172C300B3FD1F /* Assets.xcassets in Resources */,
				164AD5472E0BE09800302DCA /* PreviewAssets.xcassets in Resources */,
			);
			runOnlyForDeploymentPostprocessing = 0;
		};
		16BB91DA2E2DF6360091A976 /* Resources */ = {
			isa = PBXResourcesBuildPhase;
			buildActionMask = 2147483647;
			files = (
			);
			runOnlyForDeploymentPostprocessing = 0;
		};
/* End PBXResourcesBuildPhase section */

/* Begin PBXSourcesBuildPhase section */
		161D69CB2E0156A500B3FD1F /* Sources */ = {
			isa = PBXSourcesBuildPhase;
			buildActionMask = 2147483647;
			files = (
				161D6A7D2E0172C300B3FD1F /* AppDelegate.swift in Sources */,
				161D6A902E0178F600B3FD1F /* DependencyInjection+MEGAAccountManagement.swift in Sources */,
				161D6A6E2E0172BC00B3FD1F /* DependencyInjection+MEGAAuth.swift in Sources */,
				161D6A942E017C1600B3FD1F /* DependencyInjection+MEGAConnectivity.swift in Sources */,
				161D6A8B2E01759B00B3FD1F /* DependencyInjection+MEGAInfrastructure.swift in Sources */,
				161D6A892E01751D00B3FD1F /* DependencyInjection+MEGALogger.swift in Sources */,
				161D6A922E0179A800B3FD1F /* DependencyInjection+MEGAPresentation.swift in Sources */,
				161D6A6F2E0172BC00B3FD1F /* DependencyInjection+MEGASDKRepo.swift in Sources */,
				161D6A6D2E0172BC00B3FD1F /* DependencyInjection.swift in Sources */,
				164FF8FD2E0A6A7800CBC210 /* FetchVideoNodesUseCase.swift in Sources */,
				161D6A972E0180D500B3FD1F /* HomeView.swift in Sources */,
				161D6A992E0180DB00B3FD1F /* HomeViewModel.swift in Sources */,
				161D6A812E0172C300B3FD1F /* LaunchView.swift in Sources */,
				16A021542E02616E00A932A1 /* LaunchViewModel.swift in Sources */,
				166752EA2E0BDA3700478F4A /* MEGAAVPlayer.swift in Sources */,
				1661E6EA2E1F6E5E00076156 /* MEGALogPlaybackReporter.swift in Sources */,
				16F0ABCA2E0A82B8008D980F /* MEGANode+Identifiable.swift in Sources */,
				16953F2E2E1CD31300E3739D /* MEGANode+PlayableNode.swift in Sources */,
				164FF9062E0A6EA000CBC210 /* MEGANodeList+Array.swift in Sources */,
				16E04E582E2E245C00AAD10F /* MEGAPlaybackReportingManager.swift in Sources */,
				1687806B2E0BCE8C00C376CA /* MEGAPlayerViewController.swift in Sources */,
				162D66892E1BA5FD00CB6F72 /* MEGAPlayerViewModel.swift in Sources */,
				161D6A702E0172BC00B3FD1F /* MEGASdk+SharedInstance.swift in Sources */,
				168780592E0BB2F600C376CA /* MEGAVLCPlayer.swift in Sources */,
				16953F252E1CCF3C00E3739D /* PlayableNode.swift in Sources */,
				167B954C2E1E609700771295 /* PlaybackReporting.swift in Sources */,
				16BFBD672E2E2DFD00150FD0 /* PlaybackState.swift in Sources */,
				161D6A7E2E0172C300B3FD1F /* PlayerApp.swift in Sources */,
				161D6A872E01738B00B3FD1F /* PlayerAppViewModel.swift in Sources */,
				165771E92E1CE058008B1143 /* PlayerLayer.swift in Sources */,
				168780652E0BC86D00C376CA /* PlayerOverlayView.swift in Sources */,
				164AD54A2E0C07B200302DCA /* PlayerOverlayViewModel.swift in Sources */,
				161D6A7F2E0172C300B3FD1F /* SceneDelegate.swift in Sources */,
				161D6A802E0172C300B3FD1F /* SecondarySceneView.swift in Sources */,
				165771F12E1D1761008B1143 /* SelectVideoPlayerUseCase.swift in Sources */,
				16953F272E1CCFB700E3739D /* StreamingRepository.swift in Sources */,
				16953F292E1CD17F00E3739D /* StreamingRepositoryProtocol.swift in Sources */,
				168780612E0BB6E300C376CA /* StreamingUseCase.swift in Sources */,
				165771F32E1D178D008B1143 /* VideoPlayerFactory.swift in Sources */,
				165771EB2E1D170C008B1143 /* VideoPlayerOption.swift in Sources */,
				1687805C2E0BB35700C376CA /* VideoPlayerProtocol.swift in Sources */,
			);
			runOnlyForDeploymentPostprocessing = 0;
		};
		16BB91D82E2DF6360091A976 /* Sources */ = {
			isa = PBXSourcesBuildPhase;
			buildActionMask = 2147483647;
			files = (
			);
			runOnlyForDeploymentPostprocessing = 0;
		};
/* End PBXSourcesBuildPhase section */

/* Begin PBXTargetDependency section */
		16BB91E12E2DF6360091A976 /* PBXTargetDependency */ = {
			isa = PBXTargetDependency;
			target = 161D69CE2E0156A500B3FD1F /* MEGAVideoPlayerDemo */;
			targetProxy = 16BB91E02E2DF6360091A976 /* PBXContainerItemProxy */;
		};
/* End PBXTargetDependency section */

/* Begin XCBuildConfiguration section */
		161D69D82E0156A600B3FD1F /* Debug */ = {
			isa = XCBuildConfiguration;
			buildSettings = {
				ALWAYS_SEARCH_USER_PATHS = NO;
				ASSETCATALOG_COMPILER_GENERATE_SWIFT_ASSET_SYMBOL_EXTENSIONS = YES;
				CLANG_ANALYZER_NONNULL = YES;
				CLANG_ANALYZER_NUMBER_OBJECT_CONVERSION = YES_AGGRESSIVE;
				CLANG_CXX_LANGUAGE_STANDARD = "gnu++20";
				CLANG_ENABLE_MODULES = YES;
				CLANG_ENABLE_OBJC_ARC = YES;
				CLANG_ENABLE_OBJC_WEAK = YES;
				CLANG_WARN_BLOCK_CAPTURE_AUTORELEASING = YES;
				CLANG_WARN_BOOL_CONVERSION = YES;
				CLANG_WARN_COMMA = YES;
				CLANG_WARN_CONSTANT_CONVERSION = YES;
				CLANG_WARN_DEPRECATED_OBJC_IMPLEMENTATIONS = YES;
				CLANG_WARN_DIRECT_OBJC_ISA_USAGE = YES_ERROR;
				CLANG_WARN_DOCUMENTATION_COMMENTS = YES;
				CLANG_WARN_EMPTY_BODY = YES;
				CLANG_WARN_ENUM_CONVERSION = YES;
				CLANG_WARN_INFINITE_RECURSION = YES;
				CLANG_WARN_INT_CONVERSION = YES;
				CLANG_WARN_NON_LITERAL_NULL_CONVERSION = YES;
				CLANG_WARN_OBJC_IMPLICIT_RETAIN_SELF = YES;
				CLANG_WARN_OBJC_LITERAL_CONVERSION = YES;
				CLANG_WARN_OBJC_ROOT_CLASS = YES_ERROR;
				CLANG_WARN_QUOTED_INCLUDE_IN_FRAMEWORK_HEADER = YES;
				CLANG_WARN_RANGE_LOOP_ANALYSIS = YES;
				CLANG_WARN_STRICT_PROTOTYPES = YES;
				CLANG_WARN_SUSPICIOUS_MOVE = YES;
				CLANG_WARN_UNGUARDED_AVAILABILITY = YES_AGGRESSIVE;
				CLANG_WARN_UNREACHABLE_CODE = YES;
				CLANG_WARN__DUPLICATE_METHOD_MATCH = YES;
				COPY_PHASE_STRIP = NO;
				DEBUG_INFORMATION_FORMAT = dwarf;
				DEVELOPMENT_TEAM = 4KLKDTZ9B6;
				ENABLE_STRICT_OBJC_MSGSEND = YES;
				ENABLE_TESTABILITY = YES;
				ENABLE_USER_SCRIPT_SANDBOXING = YES;
				GCC_C_LANGUAGE_STANDARD = gnu17;
				GCC_DYNAMIC_NO_PIC = NO;
				GCC_NO_COMMON_BLOCKS = YES;
				GCC_OPTIMIZATION_LEVEL = 0;
				GCC_PREPROCESSOR_DEFINITIONS = (
					"DEBUG=1",
					"$(inherited)",
				);
				GCC_WARN_64_TO_32_BIT_CONVERSION = YES;
				GCC_WARN_ABOUT_RETURN_TYPE = YES_ERROR;
				GCC_WARN_UNDECLARED_SELECTOR = YES;
				GCC_WARN_UNINITIALIZED_AUTOS = YES_AGGRESSIVE;
				GCC_WARN_UNUSED_FUNCTION = YES;
				GCC_WARN_UNUSED_VARIABLE = YES;
				IPHONEOS_DEPLOYMENT_TARGET = 18.4;
				LOCALIZATION_PREFERS_STRING_CATALOGS = YES;
				MTL_ENABLE_DEBUG_INFO = INCLUDE_SOURCE;
				MTL_FAST_MATH = YES;
				ONLY_ACTIVE_ARCH = YES;
				SDKROOT = iphoneos;
				SWIFT_ACTIVE_COMPILATION_CONDITIONS = "DEBUG $(inherited)";
				SWIFT_OPTIMIZATION_LEVEL = "-Onone";
			};
			name = Debug;
		};
		161D69D92E0156A600B3FD1F /* Release */ = {
			isa = XCBuildConfiguration;
			buildSettings = {
				ALWAYS_SEARCH_USER_PATHS = NO;
				ASSETCATALOG_COMPILER_GENERATE_SWIFT_ASSET_SYMBOL_EXTENSIONS = YES;
				CLANG_ANALYZER_NONNULL = YES;
				CLANG_ANALYZER_NUMBER_OBJECT_CONVERSION = YES_AGGRESSIVE;
				CLANG_CXX_LANGUAGE_STANDARD = "gnu++20";
				CLANG_ENABLE_MODULES = YES;
				CLANG_ENABLE_OBJC_ARC = YES;
				CLANG_ENABLE_OBJC_WEAK = YES;
				CLANG_WARN_BLOCK_CAPTURE_AUTORELEASING = YES;
				CLANG_WARN_BOOL_CONVERSION = YES;
				CLANG_WARN_COMMA = YES;
				CLANG_WARN_CONSTANT_CONVERSION = YES;
				CLANG_WARN_DEPRECATED_OBJC_IMPLEMENTATIONS = YES;
				CLANG_WARN_DIRECT_OBJC_ISA_USAGE = YES_ERROR;
				CLANG_WARN_DOCUMENTATION_COMMENTS = YES;
				CLANG_WARN_EMPTY_BODY = YES;
				CLANG_WARN_ENUM_CONVERSION = YES;
				CLANG_WARN_INFINITE_RECURSION = YES;
				CLANG_WARN_INT_CONVERSION = YES;
				CLANG_WARN_NON_LITERAL_NULL_CONVERSION = YES;
				CLANG_WARN_OBJC_IMPLICIT_RETAIN_SELF = YES;
				CLANG_WARN_OBJC_LITERAL_CONVERSION = YES;
				CLANG_WARN_OBJC_ROOT_CLASS = YES_ERROR;
				CLANG_WARN_QUOTED_INCLUDE_IN_FRAMEWORK_HEADER = YES;
				CLANG_WARN_RANGE_LOOP_ANALYSIS = YES;
				CLANG_WARN_STRICT_PROTOTYPES = YES;
				CLANG_WARN_SUSPICIOUS_MOVE = YES;
				CLANG_WARN_UNGUARDED_AVAILABILITY = YES_AGGRESSIVE;
				CLANG_WARN_UNREACHABLE_CODE = YES;
				CLANG_WARN__DUPLICATE_METHOD_MATCH = YES;
				COPY_PHASE_STRIP = NO;
				DEBUG_INFORMATION_FORMAT = "dwarf-with-dsym";
				DEVELOPMENT_TEAM = 4KLKDTZ9B6;
				ENABLE_NS_ASSERTIONS = NO;
				ENABLE_STRICT_OBJC_MSGSEND = YES;
				ENABLE_USER_SCRIPT_SANDBOXING = YES;
				GCC_C_LANGUAGE_STANDARD = gnu17;
				GCC_NO_COMMON_BLOCKS = YES;
				GCC_WARN_64_TO_32_BIT_CONVERSION = YES;
				GCC_WARN_ABOUT_RETURN_TYPE = YES_ERROR;
				GCC_WARN_UNDECLARED_SELECTOR = YES;
				GCC_WARN_UNINITIALIZED_AUTOS = YES_AGGRESSIVE;
				GCC_WARN_UNUSED_FUNCTION = YES;
				GCC_WARN_UNUSED_VARIABLE = YES;
				IPHONEOS_DEPLOYMENT_TARGET = 18.4;
				LOCALIZATION_PREFERS_STRING_CATALOGS = YES;
				MTL_ENABLE_DEBUG_INFO = NO;
				MTL_FAST_MATH = YES;
				SDKROOT = iphoneos;
				SWIFT_COMPILATION_MODE = wholemodule;
				VALIDATE_PRODUCT = YES;
			};
			name = Release;
		};
		161D69DB2E0156A600B3FD1F /* Debug */ = {
			isa = XCBuildConfiguration;
			buildSettings = {
				ASSETCATALOG_COMPILER_APPICON_NAME = AppIcon;
				ASSETCATALOG_COMPILER_GLOBAL_ACCENT_COLOR_NAME = AccentColor;
				CODE_SIGN_STYLE = Automatic;
				CURRENT_PROJECT_VERSION = 1;
				DEVELOPMENT_ASSET_PATHS = "\"$(SRCROOT)/Support/Preview\"";
				DEVELOPMENT_TEAM = T9RH74Y7L9;
				ENABLE_PREVIEWS = YES;
				GCC_PREPROCESSOR_DEFINITIONS = (
					"DEBUG=1",
					"$(inherited)",
					HAVE_LIBUV,
				);
				GENERATE_INFOPLIST_FILE = YES;
				INFOPLIST_KEY_CFBundleDisplayName = "MEGA Player";
				INFOPLIST_KEY_UIApplicationSceneManifest_Generation = YES;
				INFOPLIST_KEY_UIApplicationSupportsIndirectInputEvents = YES;
				INFOPLIST_KEY_UILaunchScreen_Generation = YES;
				INFOPLIST_KEY_UISupportedInterfaceOrientations_iPad = "UIInterfaceOrientationPortrait UIInterfaceOrientationPortraitUpsideDown UIInterfaceOrientationLandscapeLeft UIInterfaceOrientationLandscapeRight";
				INFOPLIST_KEY_UISupportedInterfaceOrientations_iPhone = "UIInterfaceOrientationPortrait UIInterfaceOrientationLandscapeLeft UIInterfaceOrientationLandscapeRight";
				IPHONEOS_DEPLOYMENT_TARGET = 16.6;
				LD_RUNPATH_SEARCH_PATHS = (
					"$(inherited)",
					"@executable_path/Frameworks",
				);
				MARKETING_VERSION = 1.0;
				PRODUCT_BUNDLE_IDENTIFIER = nz.mega.MEGAVideoPlayerDemo;
				PRODUCT_NAME = "$(TARGET_NAME)";
				SWIFT_EMIT_LOC_STRINGS = YES;
				SWIFT_VERSION = 5.0;
				TARGETED_DEVICE_FAMILY = "1,2";
			};
			name = Debug;
		};
		161D69DC2E0156A600B3FD1F /* Release */ = {
			isa = XCBuildConfiguration;
			buildSettings = {
				ASSETCATALOG_COMPILER_APPICON_NAME = AppIcon;
				ASSETCATALOG_COMPILER_GLOBAL_ACCENT_COLOR_NAME = AccentColor;
				CODE_SIGN_STYLE = Automatic;
				CURRENT_PROJECT_VERSION = 1;
				DEVELOPMENT_ASSET_PATHS = "\"$(SRCROOT)/Support/Preview\"";
				DEVELOPMENT_TEAM = T9RH74Y7L9;
				ENABLE_PREVIEWS = YES;
				GCC_PREPROCESSOR_DEFINITIONS = HAVE_LIBUV;
				GENERATE_INFOPLIST_FILE = YES;
				INFOPLIST_KEY_CFBundleDisplayName = "MEGA Player";
				INFOPLIST_KEY_UIApplicationSceneManifest_Generation = YES;
				INFOPLIST_KEY_UIApplicationSupportsIndirectInputEvents = YES;
				INFOPLIST_KEY_UILaunchScreen_Generation = YES;
				INFOPLIST_KEY_UISupportedInterfaceOrientations_iPad = "UIInterfaceOrientationPortrait UIInterfaceOrientationPortraitUpsideDown UIInterfaceOrientationLandscapeLeft UIInterfaceOrientationLandscapeRight";
				INFOPLIST_KEY_UISupportedInterfaceOrientations_iPhone = "UIInterfaceOrientationPortrait UIInterfaceOrientationLandscapeLeft UIInterfaceOrientationLandscapeRight";
				IPHONEOS_DEPLOYMENT_TARGET = 16.6;
				LD_RUNPATH_SEARCH_PATHS = (
					"$(inherited)",
					"@executable_path/Frameworks",
				);
				MARKETING_VERSION = 1.0;
				PRODUCT_BUNDLE_IDENTIFIER = nz.mega.MEGAVideoPlayerDemo;
				PRODUCT_NAME = "$(TARGET_NAME)";
				SWIFT_EMIT_LOC_STRINGS = YES;
				SWIFT_VERSION = 5.0;
				TARGETED_DEVICE_FAMILY = "1,2";
			};
			name = Release;
		};
		16BB91E32E2DF6360091A976 /* Debug */ = {
			isa = XCBuildConfiguration;
			buildSettings = {
				BUNDLE_LOADER = "$(TEST_HOST)";
				CODE_SIGN_STYLE = Automatic;
				CURRENT_PROJECT_VERSION = 1;
				DEVELOPMENT_TEAM = T9RH74Y7L9;
				GENERATE_INFOPLIST_FILE = YES;
				IPHONEOS_DEPLOYMENT_TARGET = 16.6;
				MARKETING_VERSION = 1.0;
				PRODUCT_BUNDLE_IDENTIFIER = nz.mega.MEGAVideoPlayerDemoTests;
				PRODUCT_NAME = "$(TARGET_NAME)";
				SWIFT_EMIT_LOC_STRINGS = NO;
				SWIFT_VERSION = 6.0;
				TARGETED_DEVICE_FAMILY = "1,2";
				TEST_HOST = "$(BUILT_PRODUCTS_DIR)/MEGAVideoPlayerDemo.app/$(BUNDLE_EXECUTABLE_FOLDER_PATH)/MEGAVideoPlayerDemo";
			};
			name = Debug;
		};
		16BB91E42E2DF6360091A976 /* Release */ = {
			isa = XCBuildConfiguration;
			buildSettings = {
				BUNDLE_LOADER = "$(TEST_HOST)";
				CODE_SIGN_STYLE = Automatic;
				CURRENT_PROJECT_VERSION = 1;
				DEVELOPMENT_TEAM = T9RH74Y7L9;
				GENERATE_INFOPLIST_FILE = YES;
				IPHONEOS_DEPLOYMENT_TARGET = 16.6;
				MARKETING_VERSION = 1.0;
				PRODUCT_BUNDLE_IDENTIFIER = nz.mega.MEGAVideoPlayerDemoTests;
				PRODUCT_NAME = "$(TARGET_NAME)";
				SWIFT_EMIT_LOC_STRINGS = NO;
				SWIFT_VERSION = 6.0;
				TARGETED_DEVICE_FAMILY = "1,2";
				TEST_HOST = "$(BUILT_PRODUCTS_DIR)/MEGAVideoPlayerDemo.app/$(BUNDLE_EXECUTABLE_FOLDER_PATH)/MEGAVideoPlayerDemo";
			};
			name = Release;
		};
/* End XCBuildConfiguration section */

/* Begin XCConfigurationList section */
		161D69CA2E0156A500B3FD1F /* Build configuration list for PBXProject "MEGAVideoPlayerDemo" */ = {
			isa = XCConfigurationList;
			buildConfigurations = (
				161D69D82E0156A600B3FD1F /* Debug */,
				161D69D92E0156A600B3FD1F /* Release */,
			);
			defaultConfigurationIsVisible = 0;
			defaultConfigurationName = Release;
		};
		161D69DA2E0156A600B3FD1F /* Build configuration list for PBXNativeTarget "MEGAVideoPlayerDemo" */ = {
			isa = XCConfigurationList;
			buildConfigurations = (
				161D69DB2E0156A600B3FD1F /* Debug */,
				161D69DC2E0156A600B3FD1F /* Release */,
			);
			defaultConfigurationIsVisible = 0;
			defaultConfigurationName = Release;
		};
		16BB91E22E2DF6360091A976 /* Build configuration list for PBXNativeTarget "MEGAVideoPlayerDemoTests" */ = {
			isa = XCConfigurationList;
			buildConfigurations = (
				16BB91E32E2DF6360091A976 /* Debug */,
				16BB91E42E2DF6360091A976 /* Release */,
			);
			defaultConfigurationIsVisible = 0;
			defaultConfigurationName = Release;
		};
/* End XCConfigurationList section */

/* Begin XCRemoteSwiftPackageReference section */
		161D6A412E01644700B3FD1F /* XCRemoteSwiftPackageReference "MEGADesignToken" */ = {
			isa = XCRemoteSwiftPackageReference;
			repositoryURL = "https://github.com/meganz/MEGADesignToken.git";
			requirement = {
				branch = main;
				kind = branch;
			};
		};
/* End XCRemoteSwiftPackageReference section */

/* Begin XCSwiftPackageProductDependency section */
		161D6A1E2E015F7800B3FD1F /* MEGAAuthentication */ = {
			isa = XCSwiftPackageProductDependency;
			productName = MEGAAuthentication;
		};
		161D6A422E01644700B3FD1F /* MEGADesignToken */ = {
			isa = XCSwiftPackageProductDependency;
			package = 161D6A412E01644700B3FD1F /* XCRemoteSwiftPackageReference "MEGADesignToken" */;
			productName = MEGADesignToken;
		};
		161D6A8D2E01780C00B3FD1F /* MEGAAccountManagement */ = {
			isa = XCSwiftPackageProductDependency;
			productName = MEGAAccountManagement;
		};
		164E270E2E0AB118008BB794 /* VLCKit */ = {
			isa = XCSwiftPackageProductDependency;
			productName = VLCKit;
		};
/* End XCSwiftPackageProductDependency section */
	};
	rootObject = 161D69C72E0156A500B3FD1F /* Project object */;
}
