// !$*UTF8*$!
{
	archiveVersion = 1;
	classes = {
	};
	objectVersion = 77;
	objects = {

/* Begin PBXBuildFile section */
		A583181E2E531D4B00BC1D27 /* MEGAL10n.framework in Frameworks */ = {isa = PBXBuildFile; fileRef = A58318142E531D4A00BC1D27 /* MEGAL10n.framework */; };
/* End PBXBuildFile section */

/* Begin PBXContainerItemProxy section */
		A583181F2E531D4B00BC1D27 /* PBXContainerItemProxy */ = {
			isa = PBXContainerItemProxy;
			containerPortal = A583180B2E531D4A00BC1D27 /* Project object */;
			proxyType = 1;
			remoteGlobalIDString = A58318132E531D4A00BC1D27;
			remoteInfo = MEGAL10n;
		};
/* End PBXContainerItemProxy section */

/* Begin PBXFileReference section */
		A58318142E531D4A00BC1D27 /* MEGAL10n.framework */ = {isa = PBXFileReference; explicitFileType = wrapper.framework; includeInIndex = 0; path = MEGAL10n.framework; sourceTree = BUILT_PRODUCTS_DIR; };
		A583181D2E531D4B00BC1D27 /* MEGAL10nTests.xctest */ = {isa = PBXFileReference; explicitFileType = wrapper.cfbundle; includeInIndex = 0; path = MEGAL10nTests.xctest; sourceTree = BUILT_PRODUCTS_DIR; };
/* End PBXFileReference section */

/* Begin PBXFileSystemSynchronizedRootGroup section */
		A58318162E531D4A00BC1D27 /* MEGAL10n */ = {
			isa = PBXFileSystemSynchronizedRootGroup;
			path = MEGAL10n;
			sourceTree = "<group>";
		};
		A58318212E531D4B00BC1D27 /* MEGAL10nTests */ = {
			isa = PBXFileSystemSynchronizedRootGroup;
			path = MEGAL10nTests;
			sourceTree = "<group>";
		};
/* End PBXFileSystemSynchronizedRootGroup section */

/* Begin PBXFrameworksBuildPhase section */
		A58318112E531D4A00BC1D27 /* Frameworks */ = {
			isa = PBXFrameworksBuildPhase;
			buildActionMask = 2147483647;
			files = (
			);
			runOnlyForDeploymentPostprocessing = 0;
		};
		A583181A2E531D4B00BC1D27 /* Frameworks */ = {
			isa = PBXFrameworksBuildPhase;
			buildActionMask = 2147483647;
			files = (
				A583181E2E531D4B00BC1D27 /* MEGAL10n.framework in Frameworks */,
			);
			runOnlyForDeploymentPostprocessing = 0;
		};
/* End PBXFrameworksBuildPhase section */

/* Begin PBXGroup section */
		A583180A2E531D4A00BC1D27 = {
			isa = PBXGroup;
			children = (
				A58318162E531D4A00BC1D27 /* MEGAL10n */,
				A58318212E531D4B00BC1D27 /* MEGAL10nTests */,
				A58318152E531D4A00BC1D27 /* Products */,
			);
			sourceTree = "<group>";
		};
		A58318152E531D4A00BC1D27 /* Products */ = {
			isa = PBXGroup;
			children = (
				A58318142E531D4A00BC1D27 /* MEGAL10n.framework */,
				A583181D2E531D4B00BC1D27 /* MEGAL10nTests.xctest */,
			);
			name = Products;
			sourceTree = "<group>";
		};
/* End PBXGroup section */

/* Begin PBXHeadersBuildPhase section */
		A583180F2E531D4A00BC1D27 /* Headers */ = {
			isa = PBXHeadersBuildPhase;
			buildActionMask = 2147483647;
			files = (
			);
			runOnlyForDeploymentPostprocessing = 0;
		};
/* End PBXHeadersBuildPhase section */

/* Begin PBXNativeTarget section */
		A58318132E531D4A00BC1D27 /* MEGAL10n */ = {
			isa = PBXNativeTarget;
			buildConfigurationList = A58318262E531D4B00BC1D27 /* Build configuration list for PBXNativeTarget "MEGAL10n" */;
			buildPhases = (
				A583180F2E531D4A00BC1D27 /* Headers */,
				A58318102E531D4A00BC1D27 /* Sources */,
				A58318112E531D4A00BC1D27 /* Frameworks */,
				A58318122E531D4A00BC1D27 /* Resources */,
			);
			buildRules = (
			);
			dependencies = (
				A583185F2E53205100BC1D27 /* PBXTargetDependency */,
			);
			fileSystemSynchronizedGroups = (
				A58318162E531D4A00BC1D27 /* MEGAL10n */,
			);
			name = MEGAL10n;
			packageProductDependencies = (
			);
			productName = MEGAL10n;
			productReference = A58318142E531D4A00BC1D27 /* MEGAL10n.framework */;
			productType = "com.apple.product-type.framework";
		};
		A583181C2E531D4B00BC1D27 /* MEGAL10nTests */ = {
			isa = PBXNativeTarget;
			buildConfigurationList = A58318292E531D4B00BC1D27 /* Build configuration list for PBXNativeTarget "MEGAL10nTests" */;
			buildPhases = (
				A58318192E531D4B00BC1D27 /* Sources */,
				A583181A2E531D4B00BC1D27 /* Frameworks */,
				A583181B2E531D4B00BC1D27 /* Resources */,
			);
			buildRules = (
			);
			dependencies = (
				A58318202E531D4B00BC1D27 /* PBXTargetDependency */,
			);
			fileSystemSynchronizedGroups = (
				A58318212E531D4B00BC1D27 /* MEGAL10nTests */,
			);
			name = MEGAL10nTests;
			packageProductDependencies = (
			);
			productName = MEGAL10nTests;
			productReference = A583181D2E531D4B00BC1D27 /* MEGAL10nTests.xctest */;
			productType = "com.apple.product-type.bundle.unit-test";
		};
/* End PBXNativeTarget section */

/* Begin PBXProject section */
		A583180B2E531D4A00BC1D27 /* Project object */ = {
			isa = PBXProject;
			attributes = {
				BuildIndependentTargetsInParallel = 1;
				LastSwiftUpdateCheck = 1640;
				LastUpgradeCheck = 1640;
				TargetAttributes = {
					A58318132E531D4A00BC1D27 = {
						CreatedOnToolsVersion = 16.4;
					};
					A583181C2E531D4B00BC1D27 = {
						CreatedOnToolsVersion = 16.4;
					};
				};
			};
			buildConfigurationList = A583180E2E531D4A00BC1D27 /* Build configuration list for PBXProject "MEGAL10n" */;
			developmentRegion = en;
			hasScannedForEncodings = 0;
			knownRegions = (
				en,
				Base,
				de,
				ar,
				"zh-Hans",
				ja,
				es,
				it,
				ko,
				"zh-Hant",
				tr,
				pl,
				vi,
				ru,
				fr,
				id,
				nl,
				th,
				pt,
				ro,
			);
			mainGroup = A583180A2E531D4A00BC1D27;
			minimizedProjectReferenceProxies = 1;
			packageReferences = (
				A58318302E531DD800BC1D27 /* XCLocalSwiftPackageReference "../../../../MEGASharedRepo/MEGABuildTools" */,
			);
			preferredProjectObjectVersion = 77;
			productRefGroup = A58318152E531D4A00BC1D27 /* Products */;
			projectDirPath = "";
			projectRoot = "";
			targets = (
				A58318132E531D4A00BC1D27 /* MEGAL10n */,
				A583181C2E531D4B00BC1D27 /* MEGAL10nTests */,
			);
		};
/* End PBXProject section */

/* Begin PBXResourcesBuildPhase section */
		A58318122E531D4A00BC1D27 /* Resources */ = {
			isa = PBXResourcesBuildPhase;
			buildActionMask = 2147483647;
			files = (
			);
			runOnlyForDeploymentPostprocessing = 0;
		};
		A583181B2E531D4B00BC1D27 /* Resources */ = {
			isa = PBXResourcesBuildPhase;
			buildActionMask = 2147483647;
			files = (
			);
			runOnlyForDeploymentPostprocessing = 0;
		};
/* End PBXResourcesBuildPhase section */

/* Begin PBXSourcesBuildPhase section */
		A58318102E531D4A00BC1D27 /* Sources */ = {
			isa = PBXSourcesBuildPhase;
			buildActionMask = 2147483647;
			files = (
			);
			runOnlyForDeploymentPostprocessing = 0;
		};
		A58318192E531D4B00BC1D27 /* Sources */ = {
			isa = PBXSourcesBuildPhase;
			buildActionMask = 2147483647;
			files = (
			);
			runOnlyForDeploymentPostprocessing = 0;
		};
/* End PBXSourcesBuildPhase section */

/* Begin PBXTargetDependency section */
		A58318202E531D4B00BC1D27 /* PBXTargetDependency */ = {
			isa = PBXTargetDependency;
			target = A58318132E531D4A00BC1D27 /* MEGAL10n */;
			targetProxy = A583181F2E531D4B00BC1D27 /* PBXContainerItemProxy */;
		};
		A583185F2E53205100BC1D27 /* PBXTargetDependency */ = {
			isa = PBXTargetDependency;
			productRef = A583185E2E53205100BC1D27 /* SwiftGen */;
		};
/* End PBXTargetDependency section */

/* Begin XCBuildConfiguration section */
		A58318242E531D4B00BC1D27 /* Debug */ = {
			isa = XCBuildConfiguration;
			buildSettings = {
				ALWAYS_SEARCH_USER_PATHS = NO;
				ASSETCATALOG_COMPILER_GENERATE_SWIFT_ASSET_SYMBOL_EXTENSIONS = YES;
				BUILD_LIBRARY_FOR_DISTRIBUTION = YES;
				CLANG_ANALYZER_NONNULL = YES;
				CLANG_ANALYZER_NUMBER_OBJECT_CONVERSION = YES_AGGRESSIVE;
				CLANG_CXX_LANGUAGE_STANDARD = "gnu++20";
				CLANG_ENABLE_MODULES = YES;
				CLANG_ENABLE_OBJC_ARC = YES;
				CLANG_ENABLE_OBJC_WEAK = YES;
				CLANG_WARN_BLOCK_CAPTURE_AUTORELEASING = YES;
				CLANG_WARN_BOOL_CONVERSION = YES;
				CLANG_WARN_COMMA = YES;
				CLANG_WARN_CONSTANT_CONVERSION = YES;
				CLANG_WARN_DEPRECATED_OBJC_IMPLEMENTATIONS = YES;
				CLANG_WARN_DIRECT_OBJC_ISA_USAGE = YES_ERROR;
				CLANG_WARN_DOCUMENTATION_COMMENTS = YES;
				CLANG_WARN_EMPTY_BODY = YES;
				CLANG_WARN_ENUM_CONVERSION = YES;
				CLANG_WARN_INFINITE_RECURSION = YES;
				CLANG_WARN_INT_CONVERSION = YES;
				CLANG_WARN_NON_LITERAL_NULL_CONVERSION = YES;
				CLANG_WARN_OBJC_IMPLICIT_RETAIN_SELF = YES;
				CLANG_WARN_OBJC_LITERAL_CONVERSION = YES;
				CLANG_WARN_OBJC_ROOT_CLASS = YES_ERROR;
				CLANG_WARN_QUOTED_INCLUDE_IN_FRAMEWORK_HEADER = YES;
				CLANG_WARN_RANGE_LOOP_ANALYSIS = YES;
				CLANG_WARN_STRICT_PROTOTYPES = YES;
				CLANG_WARN_SUSPICIOUS_MOVE = YES;
				CLANG_WARN_UNGUARDED_AVAILABILITY = YES_AGGRESSIVE;
				CLANG_WARN_UNREACHABLE_CODE = YES;
				CLANG_WARN__DUPLICATE_METHOD_MATCH = YES;
				COPY_PHASE_STRIP = NO;
				CURRENT_PROJECT_VERSION = 1;
				DEBUG_INFORMATION_FORMAT = dwarf;
				DEVELOPMENT_TEAM = T9RH74Y7L9;
				ENABLE_STRICT_OBJC_MSGSEND = YES;
				ENABLE_TESTABILITY = YES;
				ENABLE_USER_SCRIPT_SANDBOXING = YES;
				GCC_C_LANGUAGE_STANDARD = gnu17;
				GCC_DYNAMIC_NO_PIC = NO;
				GCC_NO_COMMON_BLOCKS = YES;
				GCC_OPTIMIZATION_LEVEL = 0;
				GCC_PREPROCESSOR_DEFINITIONS = (
					"DEBUG=1",
					"$(inherited)",
				);
				GCC_WARN_64_TO_32_BIT_CONVERSION = YES;
				GCC_WARN_ABOUT_RETURN_TYPE = YES_ERROR;
				GCC_WARN_UNDECLARED_SELECTOR = YES;
				GCC_WARN_UNINITIALIZED_AUTOS = YES_AGGRESSIVE;
				GCC_WARN_UNUSED_FUNCTION = YES;
				GCC_WARN_UNUSED_VARIABLE = YES;
				IPHONEOS_DEPLOYMENT_TARGET = 18.5;
				LOCALIZATION_PREFERS_STRING_CATALOGS = YES;
				MTL_ENABLE_DEBUG_INFO = INCLUDE_SOURCE;
				MTL_FAST_MATH = YES;
				ONLY_ACTIVE_ARCH = YES;
				SDKROOT = iphoneos;
				SWIFT_ACTIVE_COMPILATION_CONDITIONS = "DEBUG $(inherited)";
				SWIFT_OPTIMIZATION_LEVEL = "-Onone";
				VERSIONING_SYSTEM = "apple-generic";
				VERSION_INFO_PREFIX = "";
			};
			name = Debug;
		};
		A58318252E531D4B00BC1D27 /* Release */ = {
			isa = XCBuildConfiguration;
			buildSettings = {
				ALWAYS_SEARCH_USER_PATHS = NO;
				ASSETCATALOG_COMPILER_GENERATE_SWIFT_ASSET_SYMBOL_EXTENSIONS = YES;
				BUILD_LIBRARY_FOR_DISTRIBUTION = YES;
				CLANG_ANALYZER_NONNULL = YES;
				CLANG_ANALYZER_NUMBER_OBJECT_CONVERSION = YES_AGGRESSIVE;
				CLANG_CXX_LANGUAGE_STANDARD = "gnu++20";
				CLANG_ENABLE_MODULES = YES;
				CLANG_ENABLE_OBJC_ARC = YES;
				CLANG_ENABLE_OBJC_WEAK = YES;
				CLANG_WARN_BLOCK_CAPTURE_AUTORELEASING = YES;
				CLANG_WARN_BOOL_CONVERSION = YES;
				CLANG_WARN_COMMA = YES;
				CLANG_WARN_CONSTANT_CONVERSION = YES;
				CLANG_WARN_DEPRECATED_OBJC_IMPLEMENTATIONS = YES;
				CLANG_WARN_DIRECT_OBJC_ISA_USAGE = YES_ERROR;
				CLANG_WARN_DOCUMENTATION_COMMENTS = YES;
				CLANG_WARN_EMPTY_BODY = YES;
				CLANG_WARN_ENUM_CONVERSION = YES;
				CLANG_WARN_INFINITE_RECURSION = YES;
				CLANG_WARN_INT_CONVERSION = YES;
				CLANG_WARN_NON_LITERAL_NULL_CONVERSION = YES;
				CLANG_WARN_OBJC_IMPLICIT_RETAIN_SELF = YES;
				CLANG_WARN_OBJC_LITERAL_CONVERSION = YES;
				CLANG_WARN_OBJC_ROOT_CLASS = YES_ERROR;
				CLANG_WARN_QUOTED_INCLUDE_IN_FRAMEWORK_HEADER = YES;
				CLANG_WARN_RANGE_LOOP_ANALYSIS = YES;
				CLANG_WARN_STRICT_PROTOTYPES = YES;
				CLANG_WARN_SUSPICIOUS_MOVE = YES;
				CLANG_WARN_UNGUARDED_AVAILABILITY = YES_AGGRESSIVE;
				CLANG_WARN_UNREACHABLE_CODE = YES;
				CLANG_WARN__DUPLICATE_METHOD_MATCH = YES;
				COPY_PHASE_STRIP = NO;
				CURRENT_PROJECT_VERSION = 1;
				DEBUG_INFORMATION_FORMAT = "dwarf-with-dsym";
				DEVELOPMENT_TEAM = T9RH74Y7L9;
				ENABLE_NS_ASSERTIONS = NO;
				ENABLE_STRICT_OBJC_MSGSEND = YES;
				ENABLE_USER_SCRIPT_SANDBOXING = YES;
				GCC_C_LANGUAGE_STANDARD = gnu17;
				GCC_NO_COMMON_BLOCKS = YES;
				GCC_WARN_64_TO_32_BIT_CONVERSION = YES;
				GCC_WARN_ABOUT_RETURN_TYPE = YES_ERROR;
				GCC_WARN_UNDECLARED_SELECTOR = YES;
				GCC_WARN_UNINITIALIZED_AUTOS = YES_AGGRESSIVE;
				GCC_WARN_UNUSED_FUNCTION = YES;
				GCC_WARN_UNUSED_VARIABLE = YES;
				IPHONEOS_DEPLOYMENT_TARGET = 18.5;
				LOCALIZATION_PREFERS_STRING_CATALOGS = YES;
				MTL_ENABLE_DEBUG_INFO = NO;
				MTL_FAST_MATH = YES;
				SDKROOT = iphoneos;
				SWIFT_COMPILATION_MODE = wholemodule;
				VALIDATE_PRODUCT = YES;
				VERSIONING_SYSTEM = "apple-generic";
				VERSION_INFO_PREFIX = "";
			};
			name = Release;
		};
		A58318272E531D4B00BC1D27 /* Debug */ = {
			isa = XCBuildConfiguration;
			buildSettings = {
				BUILD_LIBRARY_FOR_DISTRIBUTION = YES;
				CODE_SIGN_STYLE = Automatic;
				CURRENT_PROJECT_VERSION = 1;
				DEVELOPMENT_TEAM = T9RH74Y7L9;
				DYLIB_COMPATIBILITY_VERSION = 1;
				DYLIB_CURRENT_VERSION = 1;
				DYLIB_INSTALL_NAME_BASE = "@rpath";
				ENABLE_MODULE_VERIFIER = YES;
				GENERATE_INFOPLIST_FILE = YES;
				INFOPLIST_KEY_NSHumanReadableCopyright = "";
				INSTALL_PATH = "$(LOCAL_LIBRARY_DIR)/Frameworks";
				LD_RUNPATH_SEARCH_PATHS = (
					"$(inherited)",
					"@executable_path/Frameworks",
					"@loader_path/Frameworks",
				);
				MARKETING_VERSION = 1.0;
				MODULE_VERIFIER_SUPPORTED_LANGUAGES = "objective-c objective-c++";
				MODULE_VERIFIER_SUPPORTED_LANGUAGE_STANDARDS = "gnu17 gnu++20";
				PRODUCT_BUNDLE_IDENTIFIER = mega.ios.MEGAL10n;
				PRODUCT_NAME = "$(TARGET_NAME:c99extidentifier)";
				SKIP_INSTALL = NO;
				SWIFT_EMIT_LOC_STRINGS = YES;
				SWIFT_INSTALL_MODULE = YES;
				SWIFT_INSTALL_OBJC_HEADER = NO;
				SWIFT_VERSION = 5.0;
				TARGETED_DEVICE_FAMILY = "1,2";
			};
			name = Debug;
		};
		A58318282E531D4B00BC1D27 /* Release */ = {
			isa = XCBuildConfiguration;
			buildSettings = {
				BUILD_LIBRARY_FOR_DISTRIBUTION = YES;
				CODE_SIGN_STYLE = Automatic;
				CURRENT_PROJECT_VERSION = 1;
				DEVELOPMENT_TEAM = T9RH74Y7L9;
				DYLIB_COMPATIBILITY_VERSION = 1;
				DYLIB_CURRENT_VERSION = 1;
				DYLIB_INSTALL_NAME_BASE = "@rpath";
				ENABLE_MODULE_VERIFIER = YES;
				GENERATE_INFOPLIST_FILE = YES;
				INFOPLIST_KEY_NSHumanReadableCopyright = "";
				INSTALL_PATH = "$(LOCAL_LIBRARY_DIR)/Frameworks";
				LD_RUNPATH_SEARCH_PATHS = (
					"$(inherited)",
					"@executable_path/Frameworks",
					"@loader_path/Frameworks",
				);
				MARKETING_VERSION = 1.0;
				MODULE_VERIFIER_SUPPORTED_LANGUAGES = "objective-c objective-c++";
				MODULE_VERIFIER_SUPPORTED_LANGUAGE_STANDARDS = "gnu17 gnu++20";
				PRODUCT_BUNDLE_IDENTIFIER = mega.ios.MEGAL10n;
				PRODUCT_NAME = "$(TARGET_NAME:c99extidentifier)";
				SKIP_INSTALL = NO;
				SWIFT_EMIT_LOC_STRINGS = YES;
				SWIFT_INSTALL_MODULE = YES;
				SWIFT_INSTALL_OBJC_HEADER = NO;
				SWIFT_VERSION = 5.0;
				TARGETED_DEVICE_FAMILY = "1,2";
			};
			name = Release;
		};
		A583182A2E531D4B00BC1D27 /* Debug */ = {
			isa = XCBuildConfiguration;
			buildSettings = {
				CODE_SIGN_STYLE = Automatic;
				CURRENT_PROJECT_VERSION = 1;
				DEVELOPMENT_TEAM = T9RH74Y7L9;
				GENERATE_INFOPLIST_FILE = YES;
				MARKETING_VERSION = 1.0;
				PRODUCT_BUNDLE_IDENTIFIER = mega.ios.MEGAL10nTests;
				PRODUCT_NAME = "$(TARGET_NAME)";
				SWIFT_EMIT_LOC_STRINGS = NO;
				SWIFT_VERSION = 5.0;
				TARGETED_DEVICE_FAMILY = "1,2";
			};
			name = Debug;
		};
		A583182B2E531D4B00BC1D27 /* Release */ = {
			isa = XCBuildConfiguration;
			buildSettings = {
				CODE_SIGN_STYLE = Automatic;
				CURRENT_PROJECT_VERSION = 1;
				DEVELOPMENT_TEAM = T9RH74Y7L9;
				GENERATE_INFOPLIST_FILE = YES;
				MARKETING_VERSION = 1.0;
				PRODUCT_BUNDLE_IDENTIFIER = mega.ios.MEGAL10nTests;
				PRODUCT_NAME = "$(TARGET_NAME)";
				SWIFT_EMIT_LOC_STRINGS = NO;
				SWIFT_VERSION = 5.0;
				TARGETED_DEVICE_FAMILY = "1,2";
			};
			name = Release;
		};
/* End XCBuildConfiguration section */

/* Begin XCConfigurationList section */
		A583180E2E531D4A00BC1D27 /* Build configuration list for PBXProject "MEGAL10n" */ = {
			isa = XCConfigurationList;
			buildConfigurations = (
				A58318242E531D4B00BC1D27 /* Debug */,
				A58318252E531D4B00BC1D27 /* Release */,
			);
			defaultConfigurationIsVisible = 0;
			defaultConfigurationName = Release;
		};
		A58318262E531D4B00BC1D27 /* Build configuration list for PBXNativeTarget "MEGAL10n" */ = {
			isa = XCConfigurationList;
			buildConfigurations = (
				A58318272E531D4B00BC1D27 /* Debug */,
				A58318282E531D4B00BC1D27 /* Release */,
			);
			defaultConfigurationIsVisible = 0;
			defaultConfigurationName = Release;
		};
		A58318292E531D4B00BC1D27 /* Build configuration list for PBXNativeTarget "MEGAL10nTests" */ = {
			isa = XCConfigurationList;
			buildConfigurations = (
				A583182A2E531D4B00BC1D27 /* Debug */,
				A583182B2E531D4B00BC1D27 /* Release */,
			);
			defaultConfigurationIsVisible = 0;
			defaultConfigurationName = Release;
		};
/* End XCConfigurationList section */

/* Begin XCLocalSwiftPackageReference section */
		A58318302E531DD800BC1D27 /* XCLocalSwiftPackageReference "../../../../MEGASharedRepo/MEGABuildTools" */ = {
			isa = XCLocalSwiftPackageReference;
			relativePath = ../../../../MEGASharedRepo/MEGABuildTools;
		};
/* End XCLocalSwiftPackageReference section */

/* Begin XCSwiftPackageProductDependency section */
		A583185E2E53205100BC1D27 /* SwiftGen */ = {
			isa = XCSwiftPackageProductDependency;
			package = A58318302E531DD800BC1D27 /* XCLocalSwiftPackageReference "../../../../MEGASharedRepo/MEGABuildTools" */;
			productName = "plugin:SwiftGen";
		};
/* End XCSwiftPackageProductDependency section */
	};
	rootObject = A583180B2E531D4A00BC1D27 /* Project object */;
}
