{
  "originHash" : "b4f2698170a2036c27c4577f78ddd20349b60ac75947d805b2120041ddb9dd59",
  "pins" : [
    {
      "identity" : "swift-argument-parser",
      "kind" : "remoteSourceControl",
      "location" : "https://github.com/apple/swift-argument-parser.git",
      "state" : {
        "revision" : "cdd0ef3755280949551dc26dee5de9ddeda89f54",
        "version" : "1.6.2"
      }
    },
    {
      "identity" : "xcresultkit",
      "kind" : "remoteSourceControl",
      "location" : "https://github.com/davidahouse/XCResultKit.git",
      "state" : {
        "revision" : "d49890579f3fd10253ae3d4ba056b89e76ea971e",
        "version" : "1.2.2"
      }
    }
  ],
  "version" : 3
}
