{
  "originHash" : "69b41c2c5e3660fc5f8f6402e878853a02e62a61a024c1a7f04663678f7f5580",
  "pins" : [
    {
      "identity" : "swift-argument-parser",
      "kind" : "remoteSourceControl",
      "location" : "https://github.com/apple/swift-argument-parser.git",
      "state" : {
        "revision" : "cdd0ef3755280949551dc26dee5de9ddeda89f54",
        "version" : "1.6.2"
      }
    },
    {
      "identity" : "xcresultkit",
      "kind" : "remoteSourceControl",
      "location" : "https://github.com/davidahouse/XCResultKit.git",
      "state" : {
        "revision" : "d49890579f3fd10253ae3d4ba056b89e76ea971e",
        "version" : "1.2.2"
      }
    }
  ],
  "version" : 3
}
