// !$*UTF8*$!
{
	archiveVersion = 1;
	classes = {
	};
	objectVersion = 46;
	objects = {

/* Begin PBXBuildFile section */
		137361901A6664C300B740E8 /* main.m in Sources */ = {isa = PBXBuildFile; fileRef = 1373618F1A6664C300B740E8 /* main.m */; };
		137361931A6664C300B740E8 /* AppDelegate.m in Sources */ = {isa = PBXBuildFile; fileRef = 137361921A6664C300B740E8 /* AppDelegate.m */; };
		137361961A6664C300B740E8 /* FirstViewController.m in Sources */ = {isa = PBXBuildFile; fileRef = 137361951A6664C300B740E8 /* FirstViewController.m */; };
		137361991A6664C300B740E8 /* SecondViewController.m in Sources */ = {isa = PBXBuildFile; fileRef = 137361981A6664C300B740E8 /* SecondViewController.m */; };
		1373619C1A6664C300B740E8 /* Main.storyboard in Resources */ = {isa = PBXBuildFile; fileRef = 1373619A1A6664C300B740E8 /* Main.storyboard */; };
		1373619E1A6664C300B740E8 /* Images.xcassets in Resources */ = {isa = PBXBuildFile; fileRef = 1373619D1A6664C300B740E8 /* Images.xcassets */; };
		137361A11A6664C400B740E8 /* LaunchScreen.xib in Resources */ = {isa = PBXBuildFile; fileRef = 1373619F1A6664C400B740E8 /* LaunchScreen.xib */; };
		137361AD1A6664C400B740E8 /* iMEGATests.m in Sources */ = {isa = PBXBuildFile; fileRef = 137361AC1A6664C400B740E8 /* iMEGATests.m */; };
/* End PBXBuildFile section */

/* Begin PBXContainerItemProxy section */
		137361A71A6664C400B740E8 /* PBXContainerItemProxy */ = {
			isa = PBXContainerItemProxy;
			containerPortal = 137361821A6664C300B740E8 /* Project object */;
			proxyType = 1;
			remoteGlobalIDString = 137361891A6664C300B740E8;
			remoteInfo = iMEGA;
		};
/* End PBXContainerItemProxy section */

/* Begin PBXFileReference section */
		1373618A1A6664C300B740E8 /* iMEGA.app */ = {isa = PBXFileReference; explicitFileType = wrapper.application; includeInIndex = 0; path = iMEGA.app; sourceTree = BUILT_PRODUCTS_DIR; };
		1373618E1A6664C300B740E8 /* Info.plist */ = {isa = PBXFileReference; lastKnownFileType = text.plist.xml; path = Info.plist; sourceTree = "<group>"; };
		1373618F1A6664C300B740E8 /* main.m */ = {isa = PBXFileReference; lastKnownFileType = sourcecode.c.objc; path = main.m; sourceTree = "<group>"; };
		137361911A6664C300B740E8 /* AppDelegate.h */ = {isa = PBXFileReference; lastKnownFileType = sourcecode.c.h; path = AppDelegate.h; sourceTree = "<group>"; };
		137361921A6664C300B740E8 /* AppDelegate.m */ = {isa = PBXFileReference; lastKnownFileType = sourcecode.c.objc; path = AppDelegate.m; sourceTree = "<group>"; };
		137361941A6664C300B740E8 /* FirstViewController.h */ = {isa = PBXFileReference; lastKnownFileType = sourcecode.c.h; path = FirstViewController.h; sourceTree = "<group>"; };
		137361951A6664C300B740E8 /* FirstViewController.m */ = {isa = PBXFileReference; lastKnownFileType = sourcecode.c.objc; path = FirstViewController.m; sourceTree = "<group>"; };
		137361971A6664C300B740E8 /* SecondViewController.h */ = {isa = PBXFileReference; lastKnownFileType = sourcecode.c.h; path = SecondViewController.h; sourceTree = "<group>"; };
		137361981A6664C300B740E8 /* SecondViewController.m */ = {isa = PBXFileReference; lastKnownFileType = sourcecode.c.objc; path = SecondViewController.m; sourceTree = "<group>"; };
		1373619B1A6664C300B740E8 /* Base */ = {isa = PBXFileReference; lastKnownFileType = file.storyboard; name = Base; path = Base.lproj/Main.storyboard; sourceTree = "<group>"; };
		1373619D1A6664C300B740E8 /* Images.xcassets */ = {isa = PBXFileReference; lastKnownFileType = folder.assetcatalog; path = Images.xcassets; sourceTree = "<group>"; };
		137361A01A6664C400B740E8 /* Base */ = {isa = PBXFileReference; lastKnownFileType = file.xib; name = Base; path = Base.lproj/LaunchScreen.xib; sourceTree = "<group>"; };
		137361A61A6664C400B740E8 /* iMEGATests.xctest */ = {isa = PBXFileReference; explicitFileType = wrapper.cfbundle; includeInIndex = 0; path = iMEGATests.xctest; sourceTree = BUILT_PRODUCTS_DIR; };
		137361AB1A6664C400B740E8 /* Info.plist */ = {isa = PBXFileReference; lastKnownFileType = text.plist.xml; path = Info.plist; sourceTree = "<group>"; };
		137361AC1A6664C400B740E8 /* iMEGATests.m */ = {isa = PBXFileReference; lastKnownFileType = sourcecode.c.objc; path = iMEGATests.m; sourceTree = "<group>"; };
/* End PBXFileReference section */

/* Begin PBXFrameworksBuildPhase section */
		137361871A6664C300B740E8 /* Frameworks */ = {
			isa = PBXFrameworksBuildPhase;
			buildActionMask = 2147483647;
			files = (
			);
			runOnlyForDeploymentPostprocessing = 0;
		};
		137361A31A6664C400B740E8 /* Frameworks */ = {
			isa = PBXFrameworksBuildPhase;
			buildActionMask = 2147483647;
			files = (
			);
			runOnlyForDeploymentPostprocessing = 0;
		};
/* End PBXFrameworksBuildPhase section */

/* Begin PBXGroup section */
		137361811A6664C300B740E8 = {
			isa = PBXGroup;
			children = (
				1373618C1A6664C300B740E8 /* iMEGA */,
				137361A91A6664C400B740E8 /* iMEGATests */,
				1373618B1A6664C300B740E8 /* Products */,
			);
			sourceTree = "<group>";
		};
		1373618B1A6664C300B740E8 /* Products */ = {
			isa = PBXGroup;
			children = (
				1373618A1A6664C300B740E8 /* iMEGA.app */,
				137361A61A6664C400B740E8 /* iMEGATests.xctest */,
			);
			name = Products;
			sourceTree = "<group>";
		};
		1373618C1A6664C300B740E8 /* iMEGA */ = {
			isa = PBXGroup;
			children = (
				137361911A6664C300B740E8 /* AppDelegate.h */,
				137361921A6664C300B740E8 /* AppDelegate.m */,
				137361941A6664C300B740E8 /* FirstViewController.h */,
				137361951A6664C300B740E8 /* FirstViewController.m */,
				137361971A6664C300B740E8 /* SecondViewController.h */,
				137361981A6664C300B740E8 /* SecondViewController.m */,
				1373619A1A6664C300B740E8 /* Main.storyboard */,
				1373619D1A6664C300B740E8 /* Images.xcassets */,
				1373619F1A6664C400B740E8 /* LaunchScreen.xib */,
				1373618D1A6664C300B740E8 /* Supporting Files */,
			);
			path = iMEGA;
			sourceTree = "<group>";
		};
		1373618D1A6664C300B740E8 /* Supporting Files */ = {
			isa = PBXGroup;
			children = (
				1373618E1A6664C300B740E8 /* Info.plist */,
				1373618F1A6664C300B740E8 /* main.m */,
			);
			name = "Supporting Files";
			sourceTree = "<group>";
		};
		137361A91A6664C400B740E8 /* iMEGATests */ = {
			isa = PBXGroup;
			children = (
				137361AC1A6664C400B740E8 /* iMEGATests.m */,
				137361AA1A6664C400B740E8 /* Supporting Files */,
			);
			path = iMEGATests;
			sourceTree = "<group>";
		};
		137361AA1A6664C400B740E8 /* Supporting Files */ = {
			isa = PBXGroup;
			children = (
				137361AB1A6664C400B740E8 /* Info.plist */,
			);
			name = "Supporting Files";
			sourceTree = "<group>";
		};
/* End PBXGroup section */

/* Begin PBXNativeTarget section */
		137361891A6664C300B740E8 /* iMEGA */ = {
			isa = PBXNativeTarget;
			buildConfigurationList = 137361B01A6664C400B740E8 /* Build configuration list for PBXNativeTarget "iMEGA" */;
			buildPhases = (
				137361861A6664C300B740E8 /* Sources */,
				137361871A6664C300B740E8 /* Frameworks */,
				137361881A6664C300B740E8 /* Resources */,
			);
			buildRules = (
			);
			dependencies = (
			);
			name = iMEGA;
			productName = iMEGA;
			productReference = 1373618A1A6664C300B740E8 /* iMEGA.app */;
			productType = "com.apple.product-type.application";
		};
		137361A51A6664C400B740E8 /* iMEGATests */ = {
			isa = PBXNativeTarget;
			buildConfigurationList = 137361B31A6664C400B740E8 /* Build configuration list for PBXNativeTarget "iMEGATests" */;
			buildPhases = (
				137361A21A6664C400B740E8 /* Sources */,
				137361A31A6664C400B740E8 /* Frameworks */,
				137361A41A6664C400B740E8 /* Resources */,
			);
			buildRules = (
			);
			dependencies = (
				137361A81A6664C400B740E8 /* PBXTargetDependency */,
			);
			name = iMEGATests;
			productName = iMEGATests;
			productReference = 137361A61A6664C400B740E8 /* iMEGATests.xctest */;
			productType = "com.apple.product-type.bundle.unit-test";
		};
/* End PBXNativeTarget section */

/* Begin PBXProject section */
		137361821A6664C300B740E8 /* Project object */ = {
			isa = PBXProject;
			attributes = {
				LastUpgradeCheck = 0610;
				ORGANIZATIONNAME = MEGA;
				TargetAttributes = {
					137361891A6664C300B740E8 = {
						CreatedOnToolsVersion = 6.1.1;
					};
					137361A51A6664C400B740E8 = {
						CreatedOnToolsVersion = 6.1.1;
						TestTargetID = 137361891A6664C300B740E8;
					};
				};
			};
			buildConfigurationList = 137361851A6664C300B740E8 /* Build configuration list for PBXProject "iMEGA" */;
			compatibilityVersion = "Xcode 3.2";
			developmentRegion = English;
			hasScannedForEncodings = 0;
			knownRegions = (
				en,
				Base,
			);
			mainGroup = 137361811A6664C300B740E8;
			productRefGroup = 1373618B1A6664C300B740E8 /* Products */;
			projectDirPath = "";
			projectRoot = "";
			targets = (
				137361891A6664C300B740E8 /* iMEGA */,
				137361A51A6664C400B740E8 /* iMEGATests */,
			);
		};
/* End PBXProject section */

/* Begin PBXResourcesBuildPhase section */
		137361881A6664C300B740E8 /* Resources */ = {
			isa = PBXResourcesBuildPhase;
			buildActionMask = 2147483647;
			files = (
				1373619C1A6664C300B740E8 /* Main.storyboard in Resources */,
				137361A11A6664C400B740E8 /* LaunchScreen.xib in Resources */,
				1373619E1A6664C300B740E8 /* Images.xcassets in Resources */,
			);
			runOnlyForDeploymentPostprocessing = 0;
		};
		137361A41A6664C400B740E8 /* Resources */ = {
			isa = PBXResourcesBuildPhase;
			buildActionMask = 2147483647;
			files = (
			);
			runOnlyForDeploymentPostprocessing = 0;
		};
/* End PBXResourcesBuildPhase section */

/* Begin PBXSourcesBuildPhase section */
		137361861A6664C300B740E8 /* Sources */ = {
			isa = PBXSourcesBuildPhase;
			buildActionMask = 2147483647;
			files = (
				137361991A6664C300B740E8 /* SecondViewController.m in Sources */,
				137361931A6664C300B740E8 /* AppDelegate.m in Sources */,
				137361961A6664C300B740E8 /* FirstViewController.m in Sources */,
				137361901A6664C300B740E8 /* main.m in Sources */,
			);
			runOnlyForDeploymentPostprocessing = 0;
		};
		137361A21A6664C400B740E8 /* Sources */ = {
			isa = PBXSourcesBuildPhase;
			buildActionMask = 2147483647;
			files = (
				137361AD1A6664C400B740E8 /* iMEGATests.m in Sources */,
			);
			runOnlyForDeploymentPostprocessing = 0;
		};
/* End PBXSourcesBuildPhase section */

/* Begin PBXTargetDependency section */
		137361A81A6664C400B740E8 /* PBXTargetDependency */ = {
			isa = PBXTargetDependency;
			target = 137361891A6664C300B740E8 /* iMEGA */;
			targetProxy = 137361A71A6664C400B740E8 /* PBXContainerItemProxy */;
		};
/* End PBXTargetDependency section */

/* Begin PBXVariantGroup section */
		1373619A1A6664C300B740E8 /* Main.storyboard */ = {
			isa = PBXVariantGroup;
			children = (
				1373619B1A6664C300B740E8 /* Base */,
			);
			name = Main.storyboard;
			sourceTree = "<group>";
		};
		1373619F1A6664C400B740E8 /* LaunchScreen.xib */ = {
			isa = PBXVariantGroup;
			children = (
				137361A01A6664C400B740E8 /* Base */,
			);
			name = LaunchScreen.xib;
			sourceTree = "<group>";
		};
/* End PBXVariantGroup section */

/* Begin XCBuildConfiguration section */
		137361AE1A6664C400B740E8 /* Debug */ = {
			isa = XCBuildConfiguration;
			buildSettings = {
				ALWAYS_SEARCH_USER_PATHS = NO;
				CLANG_CXX_LANGUAGE_STANDARD = "gnu++0x";
				CLANG_CXX_LIBRARY = "libc++";
				CLANG_ENABLE_MODULES = YES;
				CLANG_ENABLE_OBJC_ARC = YES;
				CLANG_WARN_BOOL_CONVERSION = YES;
				CLANG_WARN_CONSTANT_CONVERSION = YES;
				CLANG_WARN_DIRECT_OBJC_ISA_USAGE = YES_ERROR;
				CLANG_WARN_EMPTY_BODY = YES;
				CLANG_WARN_ENUM_CONVERSION = YES;
				CLANG_WARN_INT_CONVERSION = YES;
				CLANG_WARN_OBJC_ROOT_CLASS = YES_ERROR;
				CLANG_WARN_UNREACHABLE_CODE = YES;
				CLANG_WARN__DUPLICATE_METHOD_MATCH = YES;
				"CODE_SIGN_IDENTITY[sdk=iphoneos*]" = "iPhone Developer";
				COPY_PHASE_STRIP = NO;
				ENABLE_STRICT_OBJC_MSGSEND = YES;
				GCC_C_LANGUAGE_STANDARD = gnu99;
				GCC_DYNAMIC_NO_PIC = NO;
				GCC_OPTIMIZATION_LEVEL = 0;
				GCC_PREPROCESSOR_DEFINITIONS = (
					"DEBUG=1",
					"$(inherited)",
				);
				GCC_SYMBOLS_PRIVATE_EXTERN = NO;
				GCC_WARN_64_TO_32_BIT_CONVERSION = YES;
				GCC_WARN_ABOUT_RETURN_TYPE = YES_ERROR;
				GCC_WARN_UNDECLARED_SELECTOR = YES;
				GCC_WARN_UNINITIALIZED_AUTOS = YES_AGGRESSIVE;
				GCC_WARN_UNUSED_FUNCTION = YES;
				GCC_WARN_UNUSED_VARIABLE = YES;
				IPHONEOS_DEPLOYMENT_TARGET = 8.1;
				MTL_ENABLE_DEBUG_INFO = YES;
				ONLY_ACTIVE_ARCH = YES;
				SDKROOT = iphoneos;
			};
			name = Debug;
		};
		137361AF1A6664C400B740E8 /* Release */ = {
			isa = XCBuildConfiguration;
			buildSettings = {
				ALWAYS_SEARCH_USER_PATHS = NO;
				CLANG_CXX_LANGUAGE_STANDARD = "gnu++0x";
				CLANG_CXX_LIBRARY = "libc++";
				CLANG_ENABLE_MODULES = YES;
				CLANG_ENABLE_OBJC_ARC = YES;
				CLANG_WARN_BOOL_CONVERSION = YES;
				CLANG_WARN_CONSTANT_CONVERSION = YES;
				CLANG_WARN_DIRECT_OBJC_ISA_USAGE = YES_ERROR;
				CLANG_WARN_EMPTY_BODY = YES;
				CLANG_WARN_ENUM_CONVERSION = YES;
				CLANG_WARN_INT_CONVERSION = YES;
				CLANG_WARN_OBJC_ROOT_CLASS = YES_ERROR;
				CLANG_WARN_UNREACHABLE_CODE = YES;
				CLANG_WARN__DUPLICATE_METHOD_MATCH = YES;
				"CODE_SIGN_IDENTITY[sdk=iphoneos*]" = "iPhone Developer";
				COPY_PHASE_STRIP = YES;
				ENABLE_NS_ASSERTIONS = NO;
				ENABLE_STRICT_OBJC_MSGSEND = YES;
				GCC_C_LANGUAGE_STANDARD = gnu99;
				GCC_WARN_64_TO_32_BIT_CONVERSION = YES;
				GCC_WARN_ABOUT_RETURN_TYPE = YES_ERROR;
				GCC_WARN_UNDECLARED_SELECTOR = YES;
				GCC_WARN_UNINITIALIZED_AUTOS = YES_AGGRESSIVE;
				GCC_WARN_UNUSED_FUNCTION = YES;
				GCC_WARN_UNUSED_VARIABLE = YES;
				IPHONEOS_DEPLOYMENT_TARGET = 8.1;
				MTL_ENABLE_DEBUG_INFO = NO;
				SDKROOT = iphoneos;
				VALIDATE_PRODUCT = YES;
			};
			name = Release;
		};
		137361B11A6664C400B740E8 /* Debug */ = {
			isa = XCBuildConfiguration;
			buildSettings = {
				ASSETCATALOG_COMPILER_APPICON_NAME = AppIcon;
				INFOPLIST_FILE = iMEGA/Info.plist;
				LD_RUNPATH_SEARCH_PATHS = "$(inherited) @executable_path/Frameworks";
				PRODUCT_NAME = "$(TARGET_NAME)";
			};
			name = Debug;
		};
		137361B21A6664C400B740E8 /* Release */ = {
			isa = XCBuildConfiguration;
			buildSettings = {
				ASSETCATALOG_COMPILER_APPICON_NAME = AppIcon;
				INFOPLIST_FILE = iMEGA/Info.plist;
				LD_RUNPATH_SEARCH_PATHS = "$(inherited) @executable_path/Frameworks";
				PRODUCT_NAME = "$(TARGET_NAME)";
			};
			name = Release;
		};
		137361B41A6664C400B740E8 /* Debug */ = {
			isa = XCBuildConfiguration;
			buildSettings = {
				BUNDLE_LOADER = "$(TEST_HOST)";
				FRAMEWORK_SEARCH_PATHS = (
					"$(SDKROOT)/Developer/Library/Frameworks",
					"$(inherited)",
				);
				GCC_PREPROCESSOR_DEFINITIONS = (
					"DEBUG=1",
					"$(inherited)",
				);
				INFOPLIST_FILE = iMEGATests/Info.plist;
				LD_RUNPATH_SEARCH_PATHS = "$(inherited) @executable_path/Frameworks @loader_path/Frameworks";
				PRODUCT_NAME = "$(TARGET_NAME)";
				TEST_HOST = "$(BUILT_PRODUCTS_DIR)/iMEGA.app/iMEGA";
			};
			name = Debug;
		};
		137361B51A6664C400B740E8 /* Release */ = {
			isa = XCBuildConfiguration;
			buildSettings = {
				BUNDLE_LOADER = "$(TEST_HOST)";
				FRAMEWORK_SEARCH_PATHS = (
					"$(SDKROOT)/Developer/Library/Frameworks",
					"$(inherited)",
				);
				INFOPLIST_FILE = iMEGATests/Info.plist;
				LD_RUNPATH_SEARCH_PATHS = "$(inherited) @executable_path/Frameworks @loader_path/Frameworks";
				PRODUCT_NAME = "$(TARGET_NAME)";
				TEST_HOST = "$(BUILT_PRODUCTS_DIR)/iMEGA.app/iMEGA";
			};
			name = Release;
		};
/* End XCBuildConfiguration section */

/* Begin XCConfigurationList section */
		137361851A6664C300B740E8 /* Build configuration list for PBXProject "iMEGA" */ = {
			isa = XCConfigurationList;
			buildConfigurations = (
				137361AE1A6664C400B740E8 /* Debug */,
				137361AF1A6664C400B740E8 /* Release */,
			);
			defaultConfigurationIsVisible = 0;
			defaultConfigurationName = Release;
		};
		137361B01A6664C400B740E8 /* Build configuration list for PBXNativeTarget "iMEGA" */ = {
			isa = XCConfigurationList;
			buildConfigurations = (
				137361B11A6664C400B740E8 /* Debug */,
				137361B21A6664C400B740E8 /* Release */,
			);
			defaultConfigurationIsVisible = 0;
		};
		137361B31A6664C400B740E8 /* Build configuration list for PBXNativeTarget "iMEGATests" */ = {
			isa = XCConfigurationList;
			buildConfigurations = (
				137361B41A6664C400B740E8 /* Debug */,
				137361B51A6664C400B740E8 /* Release */,
			);
			defaultConfigurationIsVisible = 0;
		};
/* End XCConfigurationList section */
	};
	rootObject = 137361821A6664C300B740E8 /* Project object */;
}
