// !$*UTF8*$!
{
	archiveVersion = 1;
	classes = {
	};
	objectVersion = 46;
	objects = {

/* Begin PBXBuildFile section */
		137361901A6664C300B740E8 /* main.m in Sources */ = {isa = PBXBuildFile; fileRef = 1373618F1A6664C300B740E8 /* main.m */; };
		137361931A6664C300B740E8 /* AppDelegate.m in Sources */ = {isa = PBXBuildFile; fileRef = 137361921A6664C300B740E8 /* AppDelegate.m */; };
		1373619E1A6664C300B740E8 /* Images.xcassets in Resources */ = {isa = PBXBuildFile; fileRef = 1373619D1A6664C300B740E8 /* Images.xcassets */; };
		137361AD1A6664C400B740E8 /* iMEGATests.m in Sources */ = {isa = PBXBuildFile; fileRef = 137361AC1A6664C400B740E8 /* iMEGATests.m */; };
		4152268B1A692ECC00EC7BB6 /* Cloud.storyboard in Resources */ = {isa = PBXBuildFile; fileRef = 415226691A692ECC00EC7BB6 /* Cloud.storyboard */; };
		4152268C1A692ECC00EC7BB6 /* CloudDriveTableViewController.m in Sources */ = {isa = PBXBuildFile; fileRef = 4152266B1A692ECC00EC7BB6 /* CloudDriveTableViewController.m */; };
		4152268D1A692ECC00EC7BB6 /* DetailsNodeInfoViewController.m in Sources */ = {isa = PBXBuildFile; fileRef = 4152266D1A692ECC00EC7BB6 /* DetailsNodeInfoViewController.m */; };
		4152268E1A692ECC00EC7BB6 /* MEGAPreview.m in Sources */ = {isa = PBXBuildFile; fileRef = 4152266F1A692ECC00EC7BB6 /* MEGAPreview.m */; };
		4152268F1A692ECC00EC7BB6 /* NodeTableViewCell.m in Sources */ = {isa = PBXBuildFile; fileRef = 415226711A692ECC00EC7BB6 /* NodeTableViewCell.m */; };
		415226901A692ECC00EC7BB6 /* Contacts.storyboard in Resources */ = {isa = PBXBuildFile; fileRef = 415226731A692ECC00EC7BB6 /* Contacts.storyboard */; };
		415226911A692ECC00EC7BB6 /* ContactsTableViewController.m in Sources */ = {isa = PBXBuildFile; fileRef = 415226751A692ECC00EC7BB6 /* ContactsTableViewController.m */; };
		415226921A692ECC00EC7BB6 /* ContactTableViewCell.m in Sources */ = {isa = PBXBuildFile; fileRef = 415226771A692ECC00EC7BB6 /* ContactTableViewCell.m */; };
		415226931A692ECC00EC7BB6 /* LoginViewController.m in Sources */ = {isa = PBXBuildFile; fileRef = 4152267A1A692ECC00EC7BB6 /* LoginViewController.m */; };
		415226951A692ECC00EC7BB6 /* MainTabBarController.m in Sources */ = {isa = PBXBuildFile; fileRef = 4152267D1A692ECC00EC7BB6 /* MainTabBarController.m */; };
		415226961A692ECC00EC7BB6 /* Offline.storyboard in Resources */ = {isa = PBXBuildFile; fileRef = 4152267F1A692ECC00EC7BB6 /* Offline.storyboard */; };
		415226971A692ECC00EC7BB6 /* OfflineTableViewController.m in Sources */ = {isa = PBXBuildFile; fileRef = 415226811A692ECC00EC7BB6 /* OfflineTableViewController.m */; };
		415226981A692ECC00EC7BB6 /* Settings.storyboard in Resources */ = {isa = PBXBuildFile; fileRef = 415226831A692ECC00EC7BB6 /* Settings.storyboard */; };
		415226991A692ECC00EC7BB6 /* SettingsViewController.m in Sources */ = {isa = PBXBuildFile; fileRef = 415226851A692ECC00EC7BB6 /* SettingsViewController.m */; };
		4152269A1A692ECC00EC7BB6 /* Helper.m in Sources */ = {isa = PBXBuildFile; fileRef = 415226881A692ECC00EC7BB6 /* Helper.m */; };
		4152269B1A692ECC00EC7BB6 /* MEGASdkManager.m in Sources */ = {isa = PBXBuildFile; fileRef = 4152268A1A692ECC00EC7BB6 /* MEGASdkManager.m */; };
		415227271A692EDC00EC7BB6 /* MWPhotoBrowser.bundle in Resources */ = {isa = PBXBuildFile; fileRef = 415226FA1A692EDC00EC7BB6 /* MWPhotoBrowser.bundle */; };
		415227321A692EE600EC7BB6 /* SSKeychain.strings in Resources */ = {isa = PBXBuildFile; fileRef = 4152272C1A692EE600EC7BB6 /* SSKeychain.strings */; };
		415227331A692EE600EC7BB6 /* SSKeychain.m in Sources */ = {isa = PBXBuildFile; fileRef = 4152272F1A692EE600EC7BB6 /* SSKeychain.m */; };
		415227341A692EE600EC7BB6 /* SSKeychainQuery.m in Sources */ = {isa = PBXBuildFile; fileRef = 415227311A692EE600EC7BB6 /* SSKeychainQuery.m */; };
		4152273A1A692EEF00EC7BB6 /* SVProgressHUD.bundle in Resources */ = {isa = PBXBuildFile; fileRef = 415227371A692EEF00EC7BB6 /* SVProgressHUD.bundle */; };
		4152273B1A692EEF00EC7BB6 /* SVProgressHUD.m in Sources */ = {isa = PBXBuildFile; fileRef = 415227391A692EEF00EC7BB6 /* SVProgressHUD.m */; };
		4152273C1A692F1800EC7BB6 /* libMWPhotoBrowser.a in Frameworks */ = {isa = PBXBuildFile; fileRef = 4152272A1A692EDC00EC7BB6 /* libMWPhotoBrowser.a */; };
		4152273F1A692F8D00EC7BB6 /* Localizable.strings in Resources */ = {isa = PBXBuildFile; fileRef = 415227411A692F8D00EC7BB6 /* Localizable.strings */; };
		415227501A6986E000EC7BB6 /* MapKit.framework in Frameworks */ = {isa = PBXBuildFile; fileRef = 4152274F1A6986E000EC7BB6 /* MapKit.framework */; };
		418851ED1A66826400FDBA15 /* libmega.a in Frameworks */ = {isa = PBXBuildFile; fileRef = 418851EC1A66826400FDBA15 /* libmega.a */; };
		418851FB1A668E2700FDBA15 /* ImageIO.framework in Frameworks */ = {isa = PBXBuildFile; fileRef = 418851FA1A668E2700FDBA15 /* ImageIO.framework */; };
		418851FD1A668E3100FDBA15 /* MobileCoreServices.framework in Frameworks */ = {isa = PBXBuildFile; fileRef = 418851FC1A668E3100FDBA15 /* MobileCoreServices.framework */; };
		418851FF1A668E3A00FDBA15 /* libresolv.dylib in Frameworks */ = {isa = PBXBuildFile; fileRef = 418851FE1A668E3A00FDBA15 /* libresolv.dylib */; };
		418852011A668E4400FDBA15 /* libc++.dylib in Frameworks */ = {isa = PBXBuildFile; fileRef = 418852001A668E4400FDBA15 /* libc++.dylib */; };
		418852031A668E4B00FDBA15 /* libz.dylib in Frameworks */ = {isa = PBXBuildFile; fileRef = 418852021A668E4B00FDBA15 /* libz.dylib */; };
		418852051A668E5200FDBA15 /* libsqlite3.dylib in Frameworks */ = {isa = PBXBuildFile; fileRef = 418852041A668E5200FDBA15 /* libsqlite3.dylib */; };
		41AB8EC11A7103B300E40A39 /* BrowserViewController.m in Sources */ = {isa = PBXBuildFile; fileRef = 41AB8EC01A7103B300E40A39 /* BrowserViewController.m */; };
		41B2D41C1A6D06780002E29E /* UIImage+GKContact.m in Sources */ = {isa = PBXBuildFile; fileRef = 41B2D41B1A6D06780002E29E /* UIImage+GKContact.m */; };
		41B2D4251A6D925F0002E29E /* TourViewController.m in Sources */ = {isa = PBXBuildFile; fileRef = 41B2D4241A6D925F0002E29E /* TourViewController.m */; };
		41D77EA91A6E8E6300818BE8 /* LaunchScreen.xib in Resources */ = {isa = PBXBuildFile; fileRef = 41D77EA81A6E8E6300818BE8 /* LaunchScreen.xib */; };
		E8038FFD1A7A4B4400BAC43D /* Main.storyboard in Resources */ = {isa = PBXBuildFile; fileRef = E8038FFC1A7A4B4400BAC43D /* Main.storyboard */; };
		E81616731A8397B5002EFDD7 /* FolderLinkViewController.m in Sources */ = {isa = PBXBuildFile; fileRef = E81616721A8397B5002EFDD7 /* FolderLinkViewController.m */; };
		E81616781A8397CF002EFDD7 /* EmptyView.m in Sources */ = {isa = PBXBuildFile; fileRef = E81616761A8397CF002EFDD7 /* EmptyView.m */; };
		E81616791A8397CF002EFDD7 /* EmptyView.xib in Resources */ = {isa = PBXBuildFile; fileRef = E81616771A8397CF002EFDD7 /* EmptyView.xib */; };
		E84CDB011A7292C9003F4C77 /* Links.storyboard in Resources */ = {isa = PBXBuildFile; fileRef = E84CDB001A7292C9003F4C77 /* Links.storyboard */; };
		E85044C61A6D84620064B675 /* FileLinkViewController.m in Sources */ = {isa = PBXBuildFile; fileRef = E85044C51A6D84620064B675 /* FileLinkViewController.m */; };
		E8D4B8911A69429200A3B2E2 /* ConfirmAccountViewController.m in Sources */ = {isa = PBXBuildFile; fileRef = E8D4B88C1A69429200A3B2E2 /* ConfirmAccountViewController.m */; };
		E8D4B8921A69429200A3B2E2 /* CreateAccountViewController.m in Sources */ = {isa = PBXBuildFile; fileRef = E8D4B88E1A69429200A3B2E2 /* CreateAccountViewController.m */; };
		E8D4B8931A69429200A3B2E2 /* TermsOfServiceViewController.m in Sources */ = {isa = PBXBuildFile; fileRef = E8D4B8901A69429200A3B2E2 /* TermsOfServiceViewController.m */; };
/* End PBXBuildFile section */

/* Begin PBXContainerItemProxy section */
		137361A71A6664C400B740E8 /* PBXContainerItemProxy */ = {
			isa = PBXContainerItemProxy;
			containerPortal = 137361821A6664C300B740E8 /* Project object */;
			proxyType = 1;
			remoteGlobalIDString = 137361891A6664C300B740E8;
			remoteInfo = iMEGA;
		};
		415227291A692EDC00EC7BB6 /* PBXContainerItemProxy */ = {
			isa = PBXContainerItemProxy;
			containerPortal = 415226FB1A692EDC00EC7BB6 /* MWPhotoBrowser.xcodeproj */;
			proxyType = 2;
			remoteGlobalIDString = 4C6F96C414AF704100F8389A;
			remoteInfo = MWPhotoBrowser;
		};
/* End PBXContainerItemProxy section */

/* Begin PBXFileReference section */
		1373618A1A6664C300B740E8 /* iMEGA.app */ = {isa = PBXFileReference; explicitFileType = wrapper.application; includeInIndex = 0; path = iMEGA.app; sourceTree = BUILT_PRODUCTS_DIR; };
		1373618E1A6664C300B740E8 /* Info.plist */ = {isa = PBXFileReference; lastKnownFileType = text.plist.xml; path = Info.plist; sourceTree = "<group>"; };
		1373618F1A6664C300B740E8 /* main.m */ = {isa = PBXFileReference; lastKnownFileType = sourcecode.c.objc; path = main.m; sourceTree = "<group>"; };
		137361911A6664C300B740E8 /* AppDelegate.h */ = {isa = PBXFileReference; lastKnownFileType = sourcecode.c.h; path = AppDelegate.h; sourceTree = "<group>"; };
		137361921A6664C300B740E8 /* AppDelegate.m */ = {isa = PBXFileReference; lastKnownFileType = sourcecode.c.objc; path = AppDelegate.m; sourceTree = "<group>"; };
		1373619D1A6664C300B740E8 /* Images.xcassets */ = {isa = PBXFileReference; lastKnownFileType = folder.assetcatalog; path = Images.xcassets; sourceTree = "<group>"; };
		137361A61A6664C400B740E8 /* iMEGATests.xctest */ = {isa = PBXFileReference; explicitFileType = wrapper.cfbundle; includeInIndex = 0; path = iMEGATests.xctest; sourceTree = BUILT_PRODUCTS_DIR; };
		137361AB1A6664C400B740E8 /* Info.plist */ = {isa = PBXFileReference; lastKnownFileType = text.plist.xml; path = Info.plist; sourceTree = "<group>"; };
		137361AC1A6664C400B740E8 /* iMEGATests.m */ = {isa = PBXFileReference; lastKnownFileType = sourcecode.c.objc; path = iMEGATests.m; sourceTree = "<group>"; };
		415226691A692ECC00EC7BB6 /* Cloud.storyboard */ = {isa = PBXFileReference; fileEncoding = 4; lastKnownFileType = file.storyboard; path = Cloud.storyboard; sourceTree = "<group>"; };
		4152266A1A692ECC00EC7BB6 /* CloudDriveTableViewController.h */ = {isa = PBXFileReference; fileEncoding = 4; lastKnownFileType = sourcecode.c.h; path = CloudDriveTableViewController.h; sourceTree = "<group>"; };
		4152266B1A692ECC00EC7BB6 /* CloudDriveTableViewController.m */ = {isa = PBXFileReference; fileEncoding = 4; lastKnownFileType = sourcecode.c.objc; path = CloudDriveTableViewController.m; sourceTree = "<group>"; };
		4152266C1A692ECC00EC7BB6 /* DetailsNodeInfoViewController.h */ = {isa = PBXFileReference; fileEncoding = 4; lastKnownFileType = sourcecode.c.h; path = DetailsNodeInfoViewController.h; sourceTree = "<group>"; };
		4152266D1A692ECC00EC7BB6 /* DetailsNodeInfoViewController.m */ = {isa = PBXFileReference; fileEncoding = 4; lastKnownFileType = sourcecode.c.objc; path = DetailsNodeInfoViewController.m; sourceTree = "<group>"; };
		4152266E1A692ECC00EC7BB6 /* MEGAPreview.h */ = {isa = PBXFileReference; fileEncoding = 4; lastKnownFileType = sourcecode.c.h; path = MEGAPreview.h; sourceTree = "<group>"; };
		4152266F1A692ECC00EC7BB6 /* MEGAPreview.m */ = {isa = PBXFileReference; fileEncoding = 4; lastKnownFileType = sourcecode.c.objc; path = MEGAPreview.m; sourceTree = "<group>"; };
		415226701A692ECC00EC7BB6 /* NodeTableViewCell.h */ = {isa = PBXFileReference; fileEncoding = 4; lastKnownFileType = sourcecode.c.h; path = NodeTableViewCell.h; sourceTree = "<group>"; };
		415226711A692ECC00EC7BB6 /* NodeTableViewCell.m */ = {isa = PBXFileReference; fileEncoding = 4; lastKnownFileType = sourcecode.c.objc; path = NodeTableViewCell.m; sourceTree = "<group>"; };
		415226731A692ECC00EC7BB6 /* Contacts.storyboard */ = {isa = PBXFileReference; fileEncoding = 4; lastKnownFileType = file.storyboard; path = Contacts.storyboard; sourceTree = "<group>"; };
		415226741A692ECC00EC7BB6 /* ContactsTableViewController.h */ = {isa = PBXFileReference; fileEncoding = 4; lastKnownFileType = sourcecode.c.h; path = ContactsTableViewController.h; sourceTree = "<group>"; };
		415226751A692ECC00EC7BB6 /* ContactsTableViewController.m */ = {isa = PBXFileReference; fileEncoding = 4; lastKnownFileType = sourcecode.c.objc; path = ContactsTableViewController.m; sourceTree = "<group>"; };
		415226761A692ECC00EC7BB6 /* ContactTableViewCell.h */ = {isa = PBXFileReference; fileEncoding = 4; lastKnownFileType = sourcecode.c.h; path = ContactTableViewCell.h; sourceTree = "<group>"; };
		415226771A692ECC00EC7BB6 /* ContactTableViewCell.m */ = {isa = PBXFileReference; fileEncoding = 4; lastKnownFileType = sourcecode.c.objc; path = ContactTableViewCell.m; sourceTree = "<group>"; };
		415226791A692ECC00EC7BB6 /* LoginViewController.h */ = {isa = PBXFileReference; fileEncoding = 4; lastKnownFileType = sourcecode.c.h; path = LoginViewController.h; sourceTree = "<group>"; };
		4152267A1A692ECC00EC7BB6 /* LoginViewController.m */ = {isa = PBXFileReference; fileEncoding = 4; lastKnownFileType = sourcecode.c.objc; path = LoginViewController.m; sourceTree = "<group>"; };
		4152267C1A692ECC00EC7BB6 /* MainTabBarController.h */ = {isa = PBXFileReference; fileEncoding = 4; lastKnownFileType = sourcecode.c.h; path = MainTabBarController.h; sourceTree = "<group>"; };
		4152267D1A692ECC00EC7BB6 /* MainTabBarController.m */ = {isa = PBXFileReference; fileEncoding = 4; lastKnownFileType = sourcecode.c.objc; path = MainTabBarController.m; sourceTree = "<group>"; };
		4152267F1A692ECC00EC7BB6 /* Offline.storyboard */ = {isa = PBXFileReference; fileEncoding = 4; lastKnownFileType = file.storyboard; path = Offline.storyboard; sourceTree = "<group>"; };
		415226801A692ECC00EC7BB6 /* OfflineTableViewController.h */ = {isa = PBXFileReference; fileEncoding = 4; lastKnownFileType = sourcecode.c.h; path = OfflineTableViewController.h; sourceTree = "<group>"; };
		415226811A692ECC00EC7BB6 /* OfflineTableViewController.m */ = {isa = PBXFileReference; fileEncoding = 4; lastKnownFileType = sourcecode.c.objc; path = OfflineTableViewController.m; sourceTree = "<group>"; };
		415226831A692ECC00EC7BB6 /* Settings.storyboard */ = {isa = PBXFileReference; fileEncoding = 4; lastKnownFileType = file.storyboard; path = Settings.storyboard; sourceTree = "<group>"; };
		415226841A692ECC00EC7BB6 /* SettingsViewController.h */ = {isa = PBXFileReference; fileEncoding = 4; lastKnownFileType = sourcecode.c.h; path = SettingsViewController.h; sourceTree = "<group>"; };
		415226851A692ECC00EC7BB6 /* SettingsViewController.m */ = {isa = PBXFileReference; fileEncoding = 4; lastKnownFileType = sourcecode.c.objc; path = SettingsViewController.m; sourceTree = "<group>"; };
		415226871A692ECC00EC7BB6 /* Helper.h */ = {isa = PBXFileReference; fileEncoding = 4; lastKnownFileType = sourcecode.c.h; path = Helper.h; sourceTree = "<group>"; };
		415226881A692ECC00EC7BB6 /* Helper.m */ = {isa = PBXFileReference; fileEncoding = 4; lastKnownFileType = sourcecode.c.objc; path = Helper.m; sourceTree = "<group>"; };
		415226891A692ECC00EC7BB6 /* MEGASdkManager.h */ = {isa = PBXFileReference; fileEncoding = 4; lastKnownFileType = sourcecode.c.h; path = MEGASdkManager.h; sourceTree = "<group>"; };
		4152268A1A692ECC00EC7BB6 /* MEGASdkManager.m */ = {isa = PBXFileReference; fileEncoding = 4; lastKnownFileType = sourcecode.c.objc; path = MEGASdkManager.m; sourceTree = "<group>"; };
		415226FA1A692EDC00EC7BB6 /* MWPhotoBrowser.bundle */ = {isa = PBXFileReference; lastKnownFileType = "wrapper.plug-in"; path = MWPhotoBrowser.bundle; sourceTree = "<group>"; };
		415226FB1A692EDC00EC7BB6 /* MWPhotoBrowser.xcodeproj */ = {isa = PBXFileReference; lastKnownFileType = "wrapper.pb-project"; path = MWPhotoBrowser.xcodeproj; sourceTree = "<group>"; };
		4152272D1A692EE600EC7BB6 /* en */ = {isa = PBXFileReference; lastKnownFileType = text.plist.strings; name = en; path = en.lproj/SSKeychain.strings; sourceTree = "<group>"; };
		4152272E1A692EE600EC7BB6 /* SSKeychain.h */ = {isa = PBXFileReference; fileEncoding = 4; lastKnownFileType = sourcecode.c.h; path = SSKeychain.h; sourceTree = "<group>"; };
		4152272F1A692EE600EC7BB6 /* SSKeychain.m */ = {isa = PBXFileReference; fileEncoding = 4; lastKnownFileType = sourcecode.c.objc; path = SSKeychain.m; sourceTree = "<group>"; };
		415227301A692EE600EC7BB6 /* SSKeychainQuery.h */ = {isa = PBXFileReference; fileEncoding = 4; lastKnownFileType = sourcecode.c.h; path = SSKeychainQuery.h; sourceTree = "<group>"; };
		415227311A692EE600EC7BB6 /* SSKeychainQuery.m */ = {isa = PBXFileReference; fileEncoding = 4; lastKnownFileType = sourcecode.c.objc; path = SSKeychainQuery.m; sourceTree = "<group>"; };
		415227361A692EEF00EC7BB6 /* SVProgressHUD-Prefix.pch */ = {isa = PBXFileReference; fileEncoding = 4; lastKnownFileType = sourcecode.c.h; path = "SVProgressHUD-Prefix.pch"; sourceTree = "<group>"; };
		415227371A692EEF00EC7BB6 /* SVProgressHUD.bundle */ = {isa = PBXFileReference; lastKnownFileType = "wrapper.plug-in"; path = SVProgressHUD.bundle; sourceTree = "<group>"; };
		415227381A692EEF00EC7BB6 /* SVProgressHUD.h */ = {isa = PBXFileReference; fileEncoding = 4; lastKnownFileType = sourcecode.c.h; path = SVProgressHUD.h; sourceTree = "<group>"; };
		415227391A692EEF00EC7BB6 /* SVProgressHUD.m */ = {isa = PBXFileReference; fileEncoding = 4; lastKnownFileType = sourcecode.c.objc; path = SVProgressHUD.m; sourceTree = "<group>"; };
		415227401A692F8D00EC7BB6 /* Base */ = {isa = PBXFileReference; lastKnownFileType = text.plist.strings; name = Base; path = Base.lproj/Localizable.strings; sourceTree = "<group>"; };
		415227421A692F9B00EC7BB6 /* es */ = {isa = PBXFileReference; lastKnownFileType = text.plist.strings; name = es; path = es.lproj/Localizable.strings; sourceTree = "<group>"; };
		4152274F1A6986E000EC7BB6 /* MapKit.framework */ = {isa = PBXFileReference; lastKnownFileType = wrapper.framework; name = MapKit.framework; path = System/Library/Frameworks/MapKit.framework; sourceTree = SDKROOT; };
		418851EC1A66826400FDBA15 /* libmega.a */ = {isa = PBXFileReference; lastKnownFileType = archive.ar; name = libmega.a; path = "iMEGA/Vendor/SDK/bindings/ios/build/Debug-iphoneos/libmega.a"; sourceTree = "<group>"; };
		418851FA1A668E2700FDBA15 /* ImageIO.framework */ = {isa = PBXFileReference; lastKnownFileType = wrapper.framework; name = ImageIO.framework; path = System/Library/Frameworks/ImageIO.framework; sourceTree = SDKROOT; };
		418851FC1A668E3100FDBA15 /* MobileCoreServices.framework */ = {isa = PBXFileReference; lastKnownFileType = wrapper.framework; name = MobileCoreServices.framework; path = System/Library/Frameworks/MobileCoreServices.framework; sourceTree = SDKROOT; };
		418851FE1A668E3A00FDBA15 /* libresolv.dylib */ = {isa = PBXFileReference; lastKnownFileType = "compiled.mach-o.dylib"; name = libresolv.dylib; path = usr/lib/libresolv.dylib; sourceTree = SDKROOT; };
		418852001A668E4400FDBA15 /* libc++.dylib */ = {isa = PBXFileReference; lastKnownFileType = "compiled.mach-o.dylib"; name = "libc++.dylib"; path = "usr/lib/libc++.dylib"; sourceTree = SDKROOT; };
		418852021A668E4B00FDBA15 /* libz.dylib */ = {isa = PBXFileReference; lastKnownFileType = "compiled.mach-o.dylib"; name = libz.dylib; path = usr/lib/libz.dylib; sourceTree = SDKROOT; };
		418852041A668E5200FDBA15 /* libsqlite3.dylib */ = {isa = PBXFileReference; lastKnownFileType = "compiled.mach-o.dylib"; name = libsqlite3.dylib; path = usr/lib/libsqlite3.dylib; sourceTree = SDKROOT; };
		41AB8EBF1A7103B300E40A39 /* BrowserViewController.h */ = {isa = PBXFileReference; fileEncoding = 4; lastKnownFileType = sourcecode.c.h; path = BrowserViewController.h; sourceTree = "<group>"; };
		41AB8EC01A7103B300E40A39 /* BrowserViewController.m */ = {isa = PBXFileReference; fileEncoding = 4; lastKnownFileType = sourcecode.c.objc; path = BrowserViewController.m; sourceTree = "<group>"; };
		41B2D41A1A6D06780002E29E /* UIImage+GKContact.h */ = {isa = PBXFileReference; fileEncoding = 4; lastKnownFileType = sourcecode.c.h; path = "UIImage+GKContact.h"; sourceTree = "<group>"; };
		41B2D41B1A6D06780002E29E /* UIImage+GKContact.m */ = {isa = PBXFileReference; fileEncoding = 4; lastKnownFileType = sourcecode.c.objc; path = "UIImage+GKContact.m"; sourceTree = "<group>"; };
		41B2D4231A6D925F0002E29E /* TourViewController.h */ = {isa = PBXFileReference; fileEncoding = 4; lastKnownFileType = sourcecode.c.h; path = TourViewController.h; sourceTree = "<group>"; };
		41B2D4241A6D925F0002E29E /* TourViewController.m */ = {isa = PBXFileReference; fileEncoding = 4; lastKnownFileType = sourcecode.c.objc; path = TourViewController.m; sourceTree = "<group>"; };
		41D77EA81A6E8E6300818BE8 /* LaunchScreen.xib */ = {isa = PBXFileReference; fileEncoding = 4; lastKnownFileType = file.xib; path = LaunchScreen.xib; sourceTree = "<group>"; };
		E8038FFC1A7A4B4400BAC43D /* Main.storyboard */ = {isa = PBXFileReference; fileEncoding = 4; lastKnownFileType = file.storyboard; path = Main.storyboard; sourceTree = "<group>"; };
		E81616711A8397B5002EFDD7 /* FolderLinkViewController.h */ = {isa = PBXFileReference; fileEncoding = 4; lastKnownFileType = sourcecode.c.h; path = FolderLinkViewController.h; sourceTree = "<group>"; };
		E81616721A8397B5002EFDD7 /* FolderLinkViewController.m */ = {isa = PBXFileReference; fileEncoding = 4; lastKnownFileType = sourcecode.c.objc; path = FolderLinkViewController.m; sourceTree = "<group>"; };
		E81616751A8397CF002EFDD7 /* EmptyView.h */ = {isa = PBXFileReference; fileEncoding = 4; lastKnownFileType = sourcecode.c.h; path = EmptyView.h; sourceTree = "<group>"; };
		E81616761A8397CF002EFDD7 /* EmptyView.m */ = {isa = PBXFileReference; fileEncoding = 4; lastKnownFileType = sourcecode.c.objc; path = EmptyView.m; sourceTree = "<group>"; };
		E81616771A8397CF002EFDD7 /* EmptyView.xib */ = {isa = PBXFileReference; fileEncoding = 4; lastKnownFileType = file.xib; path = EmptyView.xib; sourceTree = "<group>"; };
		E84CDB001A7292C9003F4C77 /* Links.storyboard */ = {isa = PBXFileReference; fileEncoding = 4; lastKnownFileType = file.storyboard; path = Links.storyboard; sourceTree = "<group>"; };
		E85044C41A6D84620064B675 /* FileLinkViewController.h */ = {isa = PBXFileReference; fileEncoding = 4; lastKnownFileType = sourcecode.c.h; path = FileLinkViewController.h; sourceTree = "<group>"; };
		E85044C51A6D84620064B675 /* FileLinkViewController.m */ = {isa = PBXFileReference; fileEncoding = 4; lastKnownFileType = sourcecode.c.objc; path = FileLinkViewController.m; sourceTree = "<group>"; };
		E8D4B88B1A69429200A3B2E2 /* ConfirmAccountViewController.h */ = {isa = PBXFileReference; fileEncoding = 4; lastKnownFileType = sourcecode.c.h; path = ConfirmAccountViewController.h; sourceTree = "<group>"; };
		E8D4B88C1A69429200A3B2E2 /* ConfirmAccountViewController.m */ = {isa = PBXFileReference; fileEncoding = 4; lastKnownFileType = sourcecode.c.objc; path = ConfirmAccountViewController.m; sourceTree = "<group>"; };
		E8D4B88D1A69429200A3B2E2 /* CreateAccountViewController.h */ = {isa = PBXFileReference; fileEncoding = 4; lastKnownFileType = sourcecode.c.h; path = CreateAccountViewController.h; sourceTree = "<group>"; };
		E8D4B88E1A69429200A3B2E2 /* CreateAccountViewController.m */ = {isa = PBXFileReference; fileEncoding = 4; lastKnownFileType = sourcecode.c.objc; path = CreateAccountViewController.m; sourceTree = "<group>"; };
		E8D4B88F1A69429200A3B2E2 /* TermsOfServiceViewController.h */ = {isa = PBXFileReference; fileEncoding = 4; lastKnownFileType = sourcecode.c.h; path = TermsOfServiceViewController.h; sourceTree = "<group>"; };
		E8D4B8901A69429200A3B2E2 /* TermsOfServiceViewController.m */ = {isa = PBXFileReference; fileEncoding = 4; lastKnownFileType = sourcecode.c.objc; path = TermsOfServiceViewController.m; sourceTree = "<group>"; };
/* End PBXFileReference section */

/* Begin PBXFrameworksBuildPhase section */
		137361871A6664C300B740E8 /* Frameworks */ = {
			isa = PBXFrameworksBuildPhase;
			buildActionMask = 2147483647;
			files = (
				415227501A6986E000EC7BB6 /* MapKit.framework in Frameworks */,
				4152273C1A692F1800EC7BB6 /* libMWPhotoBrowser.a in Frameworks */,
				418852051A668E5200FDBA15 /* libsqlite3.dylib in Frameworks */,
				418852031A668E4B00FDBA15 /* libz.dylib in Frameworks */,
				418852011A668E4400FDBA15 /* libc++.dylib in Frameworks */,
				418851FF1A668E3A00FDBA15 /* libresolv.dylib in Frameworks */,
				418851FD1A668E3100FDBA15 /* MobileCoreServices.framework in Frameworks */,
				418851FB1A668E2700FDBA15 /* ImageIO.framework in Frameworks */,
				418851ED1A66826400FDBA15 /* libmega.a in Frameworks */,
			);
			runOnlyForDeploymentPostprocessing = 0;
		};
		137361A31A6664C400B740E8 /* Frameworks */ = {
			isa = PBXFrameworksBuildPhase;
			buildActionMask = 2147483647;
			files = (
			);
			runOnlyForDeploymentPostprocessing = 0;
		};
/* End PBXFrameworksBuildPhase section */

/* Begin PBXGroup section */
		137361811A6664C300B740E8 = {
			isa = PBXGroup;
			children = (
				1373618C1A6664C300B740E8 /* iMEGA */,
				137361A91A6664C400B740E8 /* iMEGATests */,
				418851EE1A66826800FDBA15 /* Frameworks */,
				1373618B1A6664C300B740E8 /* Products */,
			);
			sourceTree = "<group>";
		};
		1373618B1A6664C300B740E8 /* Products */ = {
			isa = PBXGroup;
			children = (
				1373618A1A6664C300B740E8 /* iMEGA.app */,
				137361A61A6664C400B740E8 /* iMEGATests.xctest */,
			);
			name = Products;
			sourceTree = "<group>";
		};
		1373618C1A6664C300B740E8 /* iMEGA */ = {
			isa = PBXGroup;
			children = (
				137361911A6664C300B740E8 /* AppDelegate.h */,
				137361921A6664C300B740E8 /* AppDelegate.m */,
				41D77EA81A6E8E6300818BE8 /* LaunchScreen.xib */,
				E84CDAFE1A7292AA003F4C77 /* Links */,
				415226781A692ECC00EC7BB6 /* Login */,
				415226681A692ECC00EC7BB6 /* Cloud drive */,
				4152267E1A692ECC00EC7BB6 /* Offline */,
				415226721A692ECC00EC7BB6 /* Contacts */,
				415226821A692ECC00EC7BB6 /* Settings */,
				415226861A692ECC00EC7BB6 /* Utils */,
				415226671A692EBD00EC7BB6 /* Vendor */,
				1373619D1A6664C300B740E8 /* Images.xcassets */,
				1373618D1A6664C300B740E8 /* Supporting Files */,
			);
			path = iMEGA;
			sourceTree = "<group>";
		};
		1373618D1A6664C300B740E8 /* Supporting Files */ = {
			isa = PBXGroup;
			children = (
				1373618E1A6664C300B740E8 /* Info.plist */,
				1373618F1A6664C300B740E8 /* main.m */,
				415227411A692F8D00EC7BB6 /* Localizable.strings */,
			);
			name = "Supporting Files";
			sourceTree = "<group>";
		};
		137361A91A6664C400B740E8 /* iMEGATests */ = {
			isa = PBXGroup;
			children = (
				137361AC1A6664C400B740E8 /* iMEGATests.m */,
				137361AA1A6664C400B740E8 /* Supporting Files */,
			);
			path = iMEGATests;
			sourceTree = "<group>";
		};
		137361AA1A6664C400B740E8 /* Supporting Files */ = {
			isa = PBXGroup;
			children = (
				137361AB1A6664C400B740E8 /* Info.plist */,
			);
			name = "Supporting Files";
			sourceTree = "<group>";
		};
		415226671A692EBD00EC7BB6 /* Vendor */ = {
			isa = PBXGroup;
			children = (
				41B2D4191A6D06780002E29E /* GKContactImage */,
				415227351A692EEF00EC7BB6 /* SVProgressHUD */,
				4152272B1A692EE600EC7BB6 /* SSKeychain */,
				4152269C1A692EDC00EC7BB6 /* MWPhotoBrowser */,
			);
			name = Vendor;
			sourceTree = "<group>";
		};
		415226681A692ECC00EC7BB6 /* Cloud drive */ = {
			isa = PBXGroup;
			children = (
				415226691A692ECC00EC7BB6 /* Cloud.storyboard */,
				4152266A1A692ECC00EC7BB6 /* CloudDriveTableViewController.h */,
				4152266B1A692ECC00EC7BB6 /* CloudDriveTableViewController.m */,
				4152266C1A692ECC00EC7BB6 /* DetailsNodeInfoViewController.h */,
				4152266D1A692ECC00EC7BB6 /* DetailsNodeInfoViewController.m */,
				4152266E1A692ECC00EC7BB6 /* MEGAPreview.h */,
				4152266F1A692ECC00EC7BB6 /* MEGAPreview.m */,
				415226701A692ECC00EC7BB6 /* NodeTableViewCell.h */,
				415226711A692ECC00EC7BB6 /* NodeTableViewCell.m */,
				41AB8EBF1A7103B300E40A39 /* BrowserViewController.h */,
				41AB8EC01A7103B300E40A39 /* BrowserViewController.m */,
			);
			path = "Cloud drive";
			sourceTree = "<group>";
		};
		415226721A692ECC00EC7BB6 /* Contacts */ = {
			isa = PBXGroup;
			children = (
				415226731A692ECC00EC7BB6 /* Contacts.storyboard */,
				415226741A692ECC00EC7BB6 /* ContactsTableViewController.h */,
				415226751A692ECC00EC7BB6 /* ContactsTableViewController.m */,
				415226761A692ECC00EC7BB6 /* ContactTableViewCell.h */,
				415226771A692ECC00EC7BB6 /* ContactTableViewCell.m */,
			);
			path = Contacts;
			sourceTree = "<group>";
		};
		415226781A692ECC00EC7BB6 /* Login */ = {
			isa = PBXGroup;
			children = (
				E8038FFC1A7A4B4400BAC43D /* Main.storyboard */,
				4152267C1A692ECC00EC7BB6 /* MainTabBarController.h */,
				4152267D1A692ECC00EC7BB6 /* MainTabBarController.m */,
				415226791A692ECC00EC7BB6 /* LoginViewController.h */,
				4152267A1A692ECC00EC7BB6 /* LoginViewController.m */,
				E8D4B88D1A69429200A3B2E2 /* CreateAccountViewController.h */,
				E8D4B88E1A69429200A3B2E2 /* CreateAccountViewController.m */,
				E8D4B88F1A69429200A3B2E2 /* TermsOfServiceViewController.h */,
				E8D4B8901A69429200A3B2E2 /* TermsOfServiceViewController.m */,
				E8D4B88B1A69429200A3B2E2 /* ConfirmAccountViewController.h */,
				E8D4B88C1A69429200A3B2E2 /* ConfirmAccountViewController.m */,
				41B2D4231A6D925F0002E29E /* TourViewController.h */,
				41B2D4241A6D925F0002E29E /* TourViewController.m */,
			);
			path = Login;
			sourceTree = "<group>";
		};
		4152267E1A692ECC00EC7BB6 /* Offline */ = {
			isa = PBXGroup;
			children = (
				4152267F1A692ECC00EC7BB6 /* Offline.storyboard */,
				415226801A692ECC00EC7BB6 /* OfflineTableViewController.h */,
				415226811A692ECC00EC7BB6 /* OfflineTableViewController.m */,
			);
			path = Offline;
			sourceTree = "<group>";
		};
		415226821A692ECC00EC7BB6 /* Settings */ = {
			isa = PBXGroup;
			children = (
				415226831A692ECC00EC7BB6 /* Settings.storyboard */,
				415226841A692ECC00EC7BB6 /* SettingsViewController.h */,
				415226851A692ECC00EC7BB6 /* SettingsViewController.m */,
			);
			path = Settings;
			sourceTree = "<group>";
		};
		415226861A692ECC00EC7BB6 /* Utils */ = {
			isa = PBXGroup;
			children = (
				E81616751A8397CF002EFDD7 /* EmptyView.h */,
				E81616761A8397CF002EFDD7 /* EmptyView.m */,
				E81616771A8397CF002EFDD7 /* EmptyView.xib */,
				415226871A692ECC00EC7BB6 /* Helper.h */,
				415226881A692ECC00EC7BB6 /* Helper.m */,
				415226891A692ECC00EC7BB6 /* MEGASdkManager.h */,
				4152268A1A692ECC00EC7BB6 /* MEGASdkManager.m */,
			);
			path = Utils;
			sourceTree = "<group>";
		};
		4152269C1A692EDC00EC7BB6 /* MWPhotoBrowser */ = {
			isa = PBXGroup;
			children = (
				415226FA1A692EDC00EC7BB6 /* MWPhotoBrowser.bundle */,
				415226FB1A692EDC00EC7BB6 /* MWPhotoBrowser.xcodeproj */,
			);
			name = MWPhotoBrowser;
			path = Vendor/MWPhotoBrowser/MWPhotoBrowser;
			sourceTree = "<group>";
		};
		415226FC1A692EDC00EC7BB6 /* Products */ = {
			isa = PBXGroup;
			children = (
				4152272A1A692EDC00EC7BB6 /* libMWPhotoBrowser.a */,
			);
			name = Products;
			sourceTree = "<group>";
		};
		4152272B1A692EE600EC7BB6 /* SSKeychain */ = {
			isa = PBXGroup;
			children = (
				4152272C1A692EE600EC7BB6 /* SSKeychain.strings */,
				4152272E1A692EE600EC7BB6 /* SSKeychain.h */,
				4152272F1A692EE600EC7BB6 /* SSKeychain.m */,
				415227301A692EE600EC7BB6 /* SSKeychainQuery.h */,
				415227311A692EE600EC7BB6 /* SSKeychainQuery.m */,
			);
			name = SSKeychain;
			path = Vendor/sskeychain/SSKeychain;
			sourceTree = "<group>";
		};
		415227351A692EEF00EC7BB6 /* SVProgressHUD */ = {
			isa = PBXGroup;
			children = (
				415227361A692EEF00EC7BB6 /* SVProgressHUD-Prefix.pch */,
				415227371A692EEF00EC7BB6 /* SVProgressHUD.bundle */,
				415227381A692EEF00EC7BB6 /* SVProgressHUD.h */,
				415227391A692EEF00EC7BB6 /* SVProgressHUD.m */,
			);
			name = SVProgressHUD;
			path = Vendor/SVProgressHUD/SVProgressHUD;
			sourceTree = "<group>";
		};
		418851EE1A66826800FDBA15 /* Frameworks */ = {
			isa = PBXGroup;
			children = (
				4152274F1A6986E000EC7BB6 /* MapKit.framework */,
				418852041A668E5200FDBA15 /* libsqlite3.dylib */,
				418852021A668E4B00FDBA15 /* libz.dylib */,
				418852001A668E4400FDBA15 /* libc++.dylib */,
				418851FE1A668E3A00FDBA15 /* libresolv.dylib */,
				418851FC1A668E3100FDBA15 /* MobileCoreServices.framework */,
				418851FA1A668E2700FDBA15 /* ImageIO.framework */,
				418851EC1A66826400FDBA15 /* libmega.a */,
			);
			name = Frameworks;
			sourceTree = "<group>";
		};
		41B2D4191A6D06780002E29E /* GKContactImage */ = {
			isa = PBXGroup;
			children = (
				41B2D41A1A6D06780002E29E /* UIImage+GKContact.h */,
				41B2D41B1A6D06780002E29E /* UIImage+GKContact.m */,
			);
			name = GKContactImage;
			path = Vendor/GKContactImage/Classes;
			sourceTree = "<group>";
		};
		E84CDAFE1A7292AA003F4C77 /* Links */ = {
			isa = PBXGroup;
			children = (
				E81616711A8397B5002EFDD7 /* FolderLinkViewController.h */,
				E81616721A8397B5002EFDD7 /* FolderLinkViewController.m */,
				E85044C41A6D84620064B675 /* FileLinkViewController.h */,
				E85044C51A6D84620064B675 /* FileLinkViewController.m */,
				E84CDB001A7292C9003F4C77 /* Links.storyboard */,
			);
			path = Links;
			sourceTree = "<group>";
		};
/* End PBXGroup section */

/* Begin PBXNativeTarget section */
		137361891A6664C300B740E8 /* iMEGA */ = {
			isa = PBXNativeTarget;
			buildConfigurationList = 137361B01A6664C400B740E8 /* Build configuration list for PBXNativeTarget "iMEGA" */;
			buildPhases = (
				137361861A6664C300B740E8 /* Sources */,
				137361871A6664C300B740E8 /* Frameworks */,
				137361881A6664C300B740E8 /* Resources */,
			);
			buildRules = (
			);
			dependencies = (
			);
			name = iMEGA;
			productName = iMEGA;
			productReference = 1373618A1A6664C300B740E8 /* iMEGA.app */;
			productType = "com.apple.product-type.application";
		};
		137361A51A6664C400B740E8 /* iMEGATests */ = {
			isa = PBXNativeTarget;
			buildConfigurationList = 137361B31A6664C400B740E8 /* Build configuration list for PBXNativeTarget "iMEGATests" */;
			buildPhases = (
				137361A21A6664C400B740E8 /* Sources */,
				137361A31A6664C400B740E8 /* Frameworks */,
				137361A41A6664C400B740E8 /* Resources */,
			);
			buildRules = (
			);
			dependencies = (
				137361A81A6664C400B740E8 /* PBXTargetDependency */,
			);
			name = iMEGATests;
			productName = iMEGATests;
			productReference = 137361A61A6664C400B740E8 /* iMEGATests.xctest */;
			productType = "com.apple.product-type.bundle.unit-test";
		};
/* End PBXNativeTarget section */

/* Begin PBXProject section */
		137361821A6664C300B740E8 /* Project object */ = {
			isa = PBXProject;
			attributes = {
				LastUpgradeCheck = 0610;
				ORGANIZATIONNAME = MEGA;
				TargetAttributes = {
					137361891A6664C300B740E8 = {
						CreatedOnToolsVersion = 6.1.1;
						DevelopmentTeam = T9RH74Y7L9;
					};
					137361A51A6664C400B740E8 = {
						CreatedOnToolsVersion = 6.1.1;
						TestTargetID = 137361891A6664C300B740E8;
					};
				};
			};
			buildConfigurationList = 137361851A6664C300B740E8 /* Build configuration list for PBXProject "iMEGA" */;
			compatibilityVersion = "Xcode 3.2";
			developmentRegion = English;
			hasScannedForEncodings = 0;
			knownRegions = (
				en,
				Base,
				es,
			);
			mainGroup = 137361811A6664C300B740E8;
			productRefGroup = 1373618B1A6664C300B740E8 /* Products */;
			projectDirPath = "";
			projectReferences = (
				{
					ProductGroup = 415226FC1A692EDC00EC7BB6 /* Products */;
					ProjectRef = 415226FB1A692EDC00EC7BB6 /* MWPhotoBrowser.xcodeproj */;
				},
			);
			projectRoot = "";
			targets = (
				137361891A6664C300B740E8 /* iMEGA */,
				137361A51A6664C400B740E8 /* iMEGATests */,
			);
		};
/* End PBXProject section */

/* Begin PBXReferenceProxy section */
		4152272A1A692EDC00EC7BB6 /* libMWPhotoBrowser.a */ = {
			isa = PBXReferenceProxy;
			fileType = archive.ar;
			path = libMWPhotoBrowser.a;
			remoteRef = 415227291A692EDC00EC7BB6 /* PBXContainerItemProxy */;
			sourceTree = BUILT_PRODUCTS_DIR;
		};
/* End PBXReferenceProxy section */

/* Begin PBXResourcesBuildPhase section */
		137361881A6664C300B740E8 /* Resources */ = {
			isa = PBXResourcesBuildPhase;
			buildActionMask = 2147483647;
			files = (
				415226901A692ECC00EC7BB6 /* Contacts.storyboard in Resources */,
				415226961A692ECC00EC7BB6 /* Offline.storyboard in Resources */,
				415227321A692EE600EC7BB6 /* SSKeychain.strings in Resources */,
				E8038FFD1A7A4B4400BAC43D /* Main.storyboard in Resources */,
				4152268B1A692ECC00EC7BB6 /* Cloud.storyboard in Resources */,
				4152273A1A692EEF00EC7BB6 /* SVProgressHUD.bundle in Resources */,
				4152273F1A692F8D00EC7BB6 /* Localizable.strings in Resources */,
				415226981A692ECC00EC7BB6 /* Settings.storyboard in Resources */,
				1373619E1A6664C300B740E8 /* Images.xcassets in Resources */,
				E81616791A8397CF002EFDD7 /* EmptyView.xib in Resources */,
				41D77EA91A6E8E6300818BE8 /* LaunchScreen.xib in Resources */,
				415227271A692EDC00EC7BB6 /* MWPhotoBrowser.bundle in Resources */,
				E84CDB011A7292C9003F4C77 /* Links.storyboard in Resources */,
			);
			runOnlyForDeploymentPostprocessing = 0;
		};
		137361A41A6664C400B740E8 /* Resources */ = {
			isa = PBXResourcesBuildPhase;
			buildActionMask = 2147483647;
			files = (
			);
			runOnlyForDeploymentPostprocessing = 0;
		};
/* End PBXResourcesBuildPhase section */

/* Begin PBXSourcesBuildPhase section */
		137361861A6664C300B740E8 /* Sources */ = {
			isa = PBXSourcesBuildPhase;
			buildActionMask = 2147483647;
			files = (
				415226921A692ECC00EC7BB6 /* ContactTableViewCell.m in Sources */,
				41AB8EC11A7103B300E40A39 /* BrowserViewController.m in Sources */,
				415226971A692ECC00EC7BB6 /* OfflineTableViewController.m in Sources */,
				137361931A6664C300B740E8 /* AppDelegate.m in Sources */,
				415226991A692ECC00EC7BB6 /* SettingsViewController.m in Sources */,
				4152269B1A692ECC00EC7BB6 /* MEGASdkManager.m in Sources */,
				E81616731A8397B5002EFDD7 /* FolderLinkViewController.m in Sources */,
				415227331A692EE600EC7BB6 /* SSKeychain.m in Sources */,
				415226911A692ECC00EC7BB6 /* ContactsTableViewController.m in Sources */,
				41B2D41C1A6D06780002E29E /* UIImage+GKContact.m in Sources */,
				E8D4B8911A69429200A3B2E2 /* ConfirmAccountViewController.m in Sources */,
				E8D4B8921A69429200A3B2E2 /* CreateAccountViewController.m in Sources */,
				4152268D1A692ECC00EC7BB6 /* DetailsNodeInfoViewController.m in Sources */,
				137361901A6664C300B740E8 /* main.m in Sources */,
				415226931A692ECC00EC7BB6 /* LoginViewController.m in Sources */,
				4152273B1A692EEF00EC7BB6 /* SVProgressHUD.m in Sources */,
				E8D4B8931A69429200A3B2E2 /* TermsOfServiceViewController.m in Sources */,
				415226951A692ECC00EC7BB6 /* MainTabBarController.m in Sources */,
				E81616781A8397CF002EFDD7 /* EmptyView.m in Sources */,
				4152268F1A692ECC00EC7BB6 /* NodeTableViewCell.m in Sources */,
				4152268E1A692ECC00EC7BB6 /* MEGAPreview.m in Sources */,
				E85044C61A6D84620064B675 /* FileLinkViewController.m in Sources */,
				4152268C1A692ECC00EC7BB6 /* CloudDriveTableViewController.m in Sources */,
				4152269A1A692ECC00EC7BB6 /* Helper.m in Sources */,
				41B2D4251A6D925F0002E29E /* TourViewController.m in Sources */,
				415227341A692EE600EC7BB6 /* SSKeychainQuery.m in Sources */,
			);
			runOnlyForDeploymentPostprocessing = 0;
		};
		137361A21A6664C400B740E8 /* Sources */ = {
			isa = PBXSourcesBuildPhase;
			buildActionMask = 2147483647;
			files = (
				137361AD1A6664C400B740E8 /* iMEGATests.m in Sources */,
			);
			runOnlyForDeploymentPostprocessing = 0;
		};
/* End PBXSourcesBuildPhase section */

/* Begin PBXTargetDependency section */
		137361A81A6664C400B740E8 /* PBXTargetDependency */ = {
			isa = PBXTargetDependency;
			target = 137361891A6664C300B740E8 /* iMEGA */;
			targetProxy = 137361A71A6664C400B740E8 /* PBXContainerItemProxy */;
		};
/* End PBXTargetDependency section */

/* Begin PBXVariantGroup section */
		4152272C1A692EE600EC7BB6 /* SSKeychain.strings */ = {
			isa = PBXVariantGroup;
			children = (
				4152272D1A692EE600EC7BB6 /* en */,
			);
			name = SSKeychain.strings;
			sourceTree = "<group>";
		};
		415227411A692F8D00EC7BB6 /* Localizable.strings */ = {
			isa = PBXVariantGroup;
			children = (
				415227401A692F8D00EC7BB6 /* Base */,
				415227421A692F9B00EC7BB6 /* es */,
			);
			name = Localizable.strings;
			sourceTree = "<group>";
		};
/* End PBXVariantGroup section */

/* Begin XCBuildConfiguration section */
		137361AE1A6664C400B740E8 /* Debug */ = {
			isa = XCBuildConfiguration;
			buildSettings = {
				ALWAYS_SEARCH_USER_PATHS = NO;
				CLANG_CXX_LANGUAGE_STANDARD = "gnu++0x";
				CLANG_CXX_LIBRARY = "libc++";
				CLANG_ENABLE_MODULES = YES;
				CLANG_ENABLE_OBJC_ARC = YES;
				CLANG_WARN_BOOL_CONVERSION = YES;
				CLANG_WARN_CONSTANT_CONVERSION = YES;
				CLANG_WARN_DIRECT_OBJC_ISA_USAGE = YES_ERROR;
				CLANG_WARN_EMPTY_BODY = YES;
				CLANG_WARN_ENUM_CONVERSION = YES;
				CLANG_WARN_INT_CONVERSION = YES;
				CLANG_WARN_OBJC_ROOT_CLASS = YES_ERROR;
				CLANG_WARN_UNREACHABLE_CODE = YES;
				CLANG_WARN__DUPLICATE_METHOD_MATCH = YES;
				"CODE_SIGN_IDENTITY[sdk=iphoneos*]" = "iPhone Developer";
				COPY_PHASE_STRIP = NO;
				ENABLE_STRICT_OBJC_MSGSEND = YES;
				GCC_C_LANGUAGE_STANDARD = gnu99;
				GCC_DYNAMIC_NO_PIC = NO;
				GCC_OPTIMIZATION_LEVEL = 0;
				GCC_PREPROCESSOR_DEFINITIONS = (
					"DEBUG=1",
					"$(inherited)",
				);
				GCC_SYMBOLS_PRIVATE_EXTERN = NO;
				GCC_WARN_64_TO_32_BIT_CONVERSION = YES;
				GCC_WARN_ABOUT_RETURN_TYPE = YES_ERROR;
				GCC_WARN_UNDECLARED_SELECTOR = YES;
				GCC_WARN_UNINITIALIZED_AUTOS = YES_AGGRESSIVE;
				GCC_WARN_UNUSED_FUNCTION = YES;
				GCC_WARN_UNUSED_VARIABLE = YES;
				IPHONEOS_DEPLOYMENT_TARGET = 8.1;
				MTL_ENABLE_DEBUG_INFO = YES;
				ONLY_ACTIVE_ARCH = YES;
				OTHER_LDFLAGS = "-ObjC";
				SDKROOT = iphoneos;
			};
			name = Debug;
		};
		137361AF1A6664C400B740E8 /* Release */ = {
			isa = XCBuildConfiguration;
			buildSettings = {
				ALWAYS_SEARCH_USER_PATHS = NO;
				CLANG_CXX_LANGUAGE_STANDARD = "gnu++0x";
				CLANG_CXX_LIBRARY = "libc++";
				CLANG_ENABLE_MODULES = YES;
				CLANG_ENABLE_OBJC_ARC = YES;
				CLANG_WARN_BOOL_CONVERSION = YES;
				CLANG_WARN_CONSTANT_CONVERSION = YES;
				CLANG_WARN_DIRECT_OBJC_ISA_USAGE = YES_ERROR;
				CLANG_WARN_EMPTY_BODY = YES;
				CLANG_WARN_ENUM_CONVERSION = YES;
				CLANG_WARN_INT_CONVERSION = YES;
				CLANG_WARN_OBJC_ROOT_CLASS = YES_ERROR;
				CLANG_WARN_UNREACHABLE_CODE = YES;
				CLANG_WARN__DUPLICATE_METHOD_MATCH = YES;
				"CODE_SIGN_IDENTITY[sdk=iphoneos*]" = "iPhone Developer";
				COPY_PHASE_STRIP = YES;
				ENABLE_NS_ASSERTIONS = NO;
				ENABLE_STRICT_OBJC_MSGSEND = YES;
				GCC_C_LANGUAGE_STANDARD = gnu99;
				GCC_WARN_64_TO_32_BIT_CONVERSION = YES;
				GCC_WARN_ABOUT_RETURN_TYPE = YES_ERROR;
				GCC_WARN_UNDECLARED_SELECTOR = YES;
				GCC_WARN_UNINITIALIZED_AUTOS = YES_AGGRESSIVE;
				GCC_WARN_UNUSED_FUNCTION = YES;
				GCC_WARN_UNUSED_VARIABLE = YES;
				IPHONEOS_DEPLOYMENT_TARGET = 8.1;
				MTL_ENABLE_DEBUG_INFO = NO;
				OTHER_LDFLAGS = "-ObjC";
				SDKROOT = iphoneos;
				VALIDATE_PRODUCT = YES;
			};
			name = Release;
		};
		137361B11A6664C400B740E8 /* Debug */ = {
			isa = XCBuildConfiguration;
			buildSettings = {
				ASSETCATALOG_COMPILER_APPICON_NAME = AppIcon;
				ASSETCATALOG_COMPILER_LAUNCHIMAGE_NAME = LaunchImage;
				CODE_SIGN_IDENTITY = "iPhone Developer";
				"CODE_SIGN_IDENTITY[sdk=iphoneos*]" = "iPhone Developer";
				GCC_PRECOMPILE_PREFIX_HEADER = NO;
				GCC_PREFIX_HEADER = "";
				INFOPLIST_FILE = iMEGA/Info.plist;
				IPHONEOS_DEPLOYMENT_TARGET = 7.0;
				LD_RUNPATH_SEARCH_PATHS = "$(inherited) @executable_path/Frameworks";
				LIBRARY_SEARCH_PATHS = (
					"$(inherited)",
					"$(PROJECT_DIR)/iMEGA/Vendor/SDK/bindings/ios/build/Debug-iphoneos",
				);
				PRODUCT_NAME = "$(TARGET_NAME)";
				PROVISIONING_PROFILE = "";
				USER_HEADER_SEARCH_PATHS = "iMEGA/Vendor/SDK/bindings/ios/** iMEGA/Vendor/SDK/include/** iMEGA/Vendor/MWPhotoBrowser/**";
			};
			name = Debug;
		};
		137361B21A6664C400B740E8 /* Release */ = {
			isa = XCBuildConfiguration;
			buildSettings = {
				ASSETCATALOG_COMPILER_APPICON_NAME = AppIcon;
				ASSETCATALOG_COMPILER_LAUNCHIMAGE_NAME = LaunchImage;
				CODE_SIGN_IDENTITY = "iPhone Developer";
				"CODE_SIGN_IDENTITY[sdk=iphoneos*]" = "iPhone Developer";
				GCC_PRECOMPILE_PREFIX_HEADER = NO;
				GCC_PREFIX_HEADER = "";
				INFOPLIST_FILE = iMEGA/Info.plist;
				IPHONEOS_DEPLOYMENT_TARGET = 7.0;
				LD_RUNPATH_SEARCH_PATHS = "$(inherited) @executable_path/Frameworks";
				LIBRARY_SEARCH_PATHS = (
					"$(inherited)",
					"$(PROJECT_DIR)/iMEGA/Vendor/SDK/bindings/ios/build/Debug-iphoneos",
				);
				PRODUCT_NAME = "$(TARGET_NAME)";
				PROVISIONING_PROFILE = "";
				USER_HEADER_SEARCH_PATHS = "iMEGA/Vendor/SDK/bindings/ios/** iMEGA/Vendor/SDK/include/** iMEGA/Vendor/MWPhotoBrowser/**";
			};
			name = Release;
		};
		137361B41A6664C400B740E8 /* Debug */ = {
			isa = XCBuildConfiguration;
			buildSettings = {
				BUNDLE_LOADER = "$(TEST_HOST)";
				FRAMEWORK_SEARCH_PATHS = (
					"$(SDKROOT)/Developer/Library/Frameworks",
					"$(inherited)",
				);
				GCC_PREPROCESSOR_DEFINITIONS = (
					"DEBUG=1",
					"$(inherited)",
				);
				INFOPLIST_FILE = iMEGATests/Info.plist;
				LD_RUNPATH_SEARCH_PATHS = "$(inherited) @executable_path/Frameworks @loader_path/Frameworks";
				PRODUCT_NAME = "$(TARGET_NAME)";
				TEST_HOST = "$(BUILT_PRODUCTS_DIR)/iMEGA.app/iMEGA";
			};
			name = Debug;
		};
		137361B51A6664C400B740E8 /* Release */ = {
			isa = XCBuildConfiguration;
			buildSettings = {
				BUNDLE_LOADER = "$(TEST_HOST)";
				FRAMEWORK_SEARCH_PATHS = (
					"$(SDKROOT)/Developer/Library/Frameworks",
					"$(inherited)",
				);
				INFOPLIST_FILE = iMEGATests/Info.plist;
				LD_RUNPATH_SEARCH_PATHS = "$(inherited) @executable_path/Frameworks @loader_path/Frameworks";
				PRODUCT_NAME = "$(TARGET_NAME)";
				TEST_HOST = "$(BUILT_PRODUCTS_DIR)/iMEGA.app/iMEGA";
			};
			name = Release;
		};
/* End XCBuildConfiguration section */

/* Begin XCConfigurationList section */
		137361851A6664C300B740E8 /* Build configuration list for PBXProject "iMEGA" */ = {
			isa = XCConfigurationList;
			buildConfigurations = (
				137361AE1A6664C400B740E8 /* Debug */,
				137361AF1A6664C400B740E8 /* Release */,
			);
			defaultConfigurationIsVisible = 0;
			defaultConfigurationName = Release;
		};
		137361B01A6664C400B740E8 /* Build configuration list for PBXNativeTarget "iMEGA" */ = {
			isa = XCConfigurationList;
			buildConfigurations = (
				137361B11A6664C400B740E8 /* Debug */,
				137361B21A6664C400B740E8 /* Release */,
			);
			defaultConfigurationIsVisible = 0;
			defaultConfigurationName = Release;
		};
		137361B31A6664C400B740E8 /* Build configuration list for PBXNativeTarget "iMEGATests" */ = {
			isa = XCConfigurationList;
			buildConfigurations = (
				137361B41A6664C400B740E8 /* Debug */,
				137361B51A6664C400B740E8 /* Release */,
			);
			defaultConfigurationIsVisible = 0;
			defaultConfigurationName = Release;
		};
/* End XCConfigurationList section */
	};
	rootObject = 137361821A6664C300B740E8 /* Project object */;
}
