<?xml version="1.0" encoding="UTF-8"?>
<Scheme
   LastUpgradeVersion = "2600"
   version = "1.7">
   <BuildAction
      parallelizeBuildables = "YES"
      buildImplicitDependencies = "YES"
      buildArchitectures = "Automatic">
      <BuildActionEntries>
         <BuildActionEntry
            buildForTesting = "YES"
            buildForRunning = "YES"
            buildForProfiling = "YES"
            buildForArchiving = "YES"
            buildForAnalyzing = "YES">
            <BuildableReference
               BuildableIdentifier = "primary"
               BlueprintIdentifier = "Search"
               BuildableName = "Search"
               BlueprintName = "Search"
               ReferencedContainer = "container:Modules/Features/Search">
            </BuildableReference>
         </BuildActionEntry>
         <BuildActionEntry
            buildForTesting = "YES"
            buildForRunning = "YES"
            buildForProfiling = "YES"
            buildForArchiving = "YES"
            buildForAnalyzing = "YES">
            <BuildableReference
               BuildableIdentifier = "primary"
               BlueprintIdentifier = "MEGADomain"
               BuildableName = "MEGADomain"
               BlueprintName = "MEGADomain"
               ReferencedContainer = "container:Modules/Domain/MEGADomain">
            </BuildableReference>
         </BuildActionEntry>
         <BuildActionEntry
            buildForTesting = "YES"
            buildForRunning = "YES"
            buildForProfiling = "YES"
            buildForArchiving = "YES"
            buildForAnalyzing = "YES">
            <BuildableReference
               BuildableIdentifier = "primary"
               BlueprintIdentifier = "MEGAVideoPlayer"
               BuildableName = "MEGAVideoPlayer"
               BlueprintName = "MEGAVideoPlayer"
               ReferencedContainer = "container:Modules/Features/MEGAVideoPlayer">
            </BuildableReference>
         </BuildActionEntry>
         <BuildActionEntry
            buildForTesting = "YES"
            buildForRunning = "YES"
            buildForProfiling = "YES"
            buildForArchiving = "YES"
            buildForAnalyzing = "YES">
            <BuildableReference
               BuildableIdentifier = "primary"
               BlueprintIdentifier = "MEGAAppSDKRepo"
               BuildableName = "MEGAAppSDKRepo"
               BlueprintName = "MEGAAppSDKRepo"
               ReferencedContainer = "container:Modules/Repository/MEGAAppSDKRepo">
            </BuildableReference>
         </BuildActionEntry>
         <BuildActionEntry
            buildForTesting = "YES"
            buildForRunning = "YES"
            buildForProfiling = "YES"
            buildForArchiving = "YES"
            buildForAnalyzing = "YES">
            <BuildableReference
               BuildableIdentifier = "primary"
               BlueprintIdentifier = "Video"
               BuildableName = "Video"
               BlueprintName = "Video"
               ReferencedContainer = "container:Modules/Features/Video">
            </BuildableReference>
         </BuildActionEntry>
         <BuildActionEntry
            buildForTesting = "YES"
            buildForRunning = "YES"
            buildForProfiling = "YES"
            buildForArchiving = "YES"
            buildForAnalyzing = "YES">
            <BuildableReference
               BuildableIdentifier = "primary"
               BlueprintIdentifier = "MEGAPhotos"
               BuildableName = "MEGAPhotos"
               BlueprintName = "MEGAPhotos"
               ReferencedContainer = "container:Modules/Features/MEGAPhotos">
            </BuildableReference>
         </BuildActionEntry>
         <BuildActionEntry
            buildForTesting = "YES"
            buildForRunning = "YES"
            buildForProfiling = "YES"
            buildForArchiving = "YES"
            buildForAnalyzing = "YES">
            <BuildableReference
               BuildableIdentifier = "primary"
               BlueprintIdentifier = "PhotosBrowser"
               BuildableName = "PhotosBrowser"
               BlueprintName = "PhotosBrowser"
               ReferencedContainer = "container:Modules/Features/PhotosBrowser">
            </BuildableReference>
         </BuildActionEntry>
         <BuildActionEntry
            buildForTesting = "YES"
            buildForRunning = "YES"
            buildForProfiling = "YES"
            buildForArchiving = "YES"
            buildForAnalyzing = "YES">
            <BuildableReference
               BuildableIdentifier = "primary"
               BlueprintIdentifier = "DeviceCenter"
               BuildableName = "DeviceCenter"
               BlueprintName = "DeviceCenter"
               ReferencedContainer = "container:Modules/Features/DeviceCenter">
            </BuildableReference>
         </BuildActionEntry>
         <BuildActionEntry
            buildForTesting = "YES"
            buildForRunning = "YES"
            buildForProfiling = "YES"
            buildForArchiving = "YES"
            buildForAnalyzing = "YES">
            <BuildableReference
               BuildableIdentifier = "primary"
               BlueprintIdentifier = "MEGAFoundation"
               BuildableName = "MEGAFoundation"
               BlueprintName = "MEGAFoundation"
               ReferencedContainer = "container:Modules/Infrastracture/MEGAFoundation">
            </BuildableReference>
         </BuildActionEntry>
         <BuildActionEntry
            buildForTesting = "YES"
            buildForRunning = "YES"
            buildForProfiling = "YES"
            buildForArchiving = "YES"
            buildForAnalyzing = "YES">
            <BuildableReference
               BuildableIdentifier = "primary"
               BlueprintIdentifier = "MEGAAnalyticsDomain"
               BuildableName = "MEGAAnalyticsDomain"
               BlueprintName = "MEGAAnalyticsDomain"
               ReferencedContainer = "container:Modules/Domain/MEGAAnalyticsDomain">
            </BuildableReference>
         </BuildActionEntry>
         <BuildActionEntry
            buildForTesting = "YES"
            buildForRunning = "YES"
            buildForProfiling = "YES"
            buildForArchiving = "YES"
            buildForAnalyzing = "YES">
            <BuildableReference
               BuildableIdentifier = "primary"
               BlueprintIdentifier = "Chat"
               BuildableName = "Chat"
               BlueprintName = "Chat"
               ReferencedContainer = "container:Modules/Features/Chat">
            </BuildableReference>
         </BuildActionEntry>
         <BuildActionEntry
            buildForTesting = "YES"
            buildForRunning = "YES"
            buildForProfiling = "YES"
            buildForArchiving = "YES"
            buildForAnalyzing = "YES">
            <BuildableReference
               BuildableIdentifier = "primary"
               BlueprintIdentifier = "MEGAPickerFileProviderDomain"
               BuildableName = "MEGAPickerFileProviderDomain"
               BlueprintName = "MEGAPickerFileProviderDomain"
               ReferencedContainer = "container:Modules/Domain/MEGAPickerFileProviderDomain">
            </BuildableReference>
         </BuildActionEntry>
         <BuildActionEntry
            buildForTesting = "YES"
            buildForRunning = "YES"
            buildForProfiling = "YES"
            buildForArchiving = "YES"
            buildForAnalyzing = "YES">
            <BuildableReference
               BuildableIdentifier = "primary"
               BlueprintIdentifier = "Accounts"
               BuildableName = "Accounts"
               BlueprintName = "Accounts"
               ReferencedContainer = "container:Modules/Features/Accounts">
            </BuildableReference>
         </BuildActionEntry>
         <BuildActionEntry
            buildForTesting = "YES"
            buildForRunning = "YES"
            buildForProfiling = "YES"
            buildForArchiving = "YES"
            buildForAnalyzing = "YES">
            <BuildableReference
               BuildableIdentifier = "primary"
               BlueprintIdentifier = "Settings"
               BuildableName = "Settings"
               BlueprintName = "Settings"
               ReferencedContainer = "container:Modules/Features/Settings">
            </BuildableReference>
         </BuildActionEntry>
         <BuildActionEntry
            buildForTesting = "YES"
            buildForRunning = "YES"
            buildForProfiling = "YES"
            buildForArchiving = "YES"
            buildForAnalyzing = "YES">
            <BuildableReference
               BuildableIdentifier = "primary"
               BlueprintIdentifier = "MEGAPickerFileProviderRepo"
               BuildableName = "MEGAPickerFileProviderRepo"
               BlueprintName = "MEGAPickerFileProviderRepo"
               ReferencedContainer = "container:Modules/Repository/MEGAPickerFileProviderRepo">
            </BuildableReference>
         </BuildActionEntry>
         <BuildActionEntry
            buildForTesting = "YES"
            buildForRunning = "YES"
            buildForProfiling = "YES"
            buildForArchiving = "YES"
            buildForAnalyzing = "YES">
            <BuildableReference
               BuildableIdentifier = "primary"
               BlueprintIdentifier = "MEGAIntentDomain"
               BuildableName = "MEGAIntentDomain"
               BlueprintName = "MEGAIntentDomain"
               ReferencedContainer = "container:Modules/Domain/MEGAIntentDomain">
            </BuildableReference>
         </BuildActionEntry>
         <BuildActionEntry
            buildForTesting = "YES"
            buildForRunning = "YES"
            buildForProfiling = "YES"
            buildForArchiving = "YES"
            buildForAnalyzing = "YES">
            <BuildableReference
               BuildableIdentifier = "primary"
               BlueprintIdentifier = "MEGARepo"
               BuildableName = "MEGARepo"
               BlueprintName = "MEGARepo"
               ReferencedContainer = "container:Modules/Repository/MEGARepo">
            </BuildableReference>
         </BuildActionEntry>
         <BuildActionEntry
            buildForTesting = "YES"
            buildForRunning = "YES"
            buildForProfiling = "YES"
            buildForArchiving = "YES"
            buildForAnalyzing = "YES">
            <BuildableReference
               BuildableIdentifier = "primary"
               BlueprintIdentifier = "ChatRepo"
               BuildableName = "ChatRepo"
               BlueprintName = "ChatRepo"
               ReferencedContainer = "container:Modules/Repository/ChatRepo">
            </BuildableReference>
         </BuildActionEntry>
         <BuildActionEntry
            buildForTesting = "YES"
            buildForRunning = "YES"
            buildForProfiling = "YES"
            buildForArchiving = "YES"
            buildForAnalyzing = "YES">
            <BuildableReference
               BuildableIdentifier = "primary"
               BlueprintIdentifier = "MEGAPermissions"
               BuildableName = "MEGAPermissions"
               BlueprintName = "MEGAPermissions"
               ReferencedContainer = "container:Modules/Infrastracture/MEGAPermissions">
            </BuildableReference>
         </BuildActionEntry>
         <BuildActionEntry
            buildForTesting = "YES"
            buildForRunning = "YES"
            buildForProfiling = "YES"
            buildForArchiving = "YES"
            buildForAnalyzing = "YES">
            <BuildableReference
               BuildableIdentifier = "primary"
               BlueprintIdentifier = "MEGAUI"
               BuildableName = "MEGAUI"
               BlueprintName = "MEGAUI"
               ReferencedContainer = "container:Modules/UI/MEGAUI">
            </BuildableReference>
         </BuildActionEntry>
         <BuildActionEntry
            buildForTesting = "YES"
            buildForRunning = "YES"
            buildForProfiling = "YES"
            buildForArchiving = "YES"
            buildForAnalyzing = "YES">
            <BuildableReference
               BuildableIdentifier = "primary"
               BlueprintIdentifier = "CloudDrive"
               BuildableName = "CloudDrive"
               BlueprintName = "CloudDrive"
               ReferencedContainer = "container:Modules/Features/CloudDrive">
            </BuildableReference>
         </BuildActionEntry>
         <BuildActionEntry
            buildForTesting = "YES"
            buildForRunning = "YES"
            buildForProfiling = "YES"
            buildForArchiving = "YES"
            buildForAnalyzing = "YES">
            <BuildableReference
               BuildableIdentifier = "primary"
               BlueprintIdentifier = "MEGAAssets"
               BuildableName = "MEGAAssets"
               BlueprintName = "MEGAAssets"
               ReferencedContainer = "container:Modules/Presentation/MEGAAssets">
            </BuildableReference>
         </BuildActionEntry>
         <BuildActionEntry
            buildForTesting = "YES"
            buildForRunning = "YES"
            buildForProfiling = "YES"
            buildForArchiving = "YES"
            buildForAnalyzing = "YES">
            <BuildableReference
               BuildableIdentifier = "primary"
               BlueprintIdentifier = "ContentLibraries"
               BuildableName = "ContentLibraries"
               BlueprintName = "ContentLibraries"
               ReferencedContainer = "container:Modules/Features/Shared/ContentLibraries">
            </BuildableReference>
         </BuildActionEntry>
         <BuildActionEntry
            buildForTesting = "YES"
            buildForRunning = "YES"
            buildForProfiling = "YES"
            buildForArchiving = "YES"
            buildForAnalyzing = "YES">
            <BuildableReference
               BuildableIdentifier = "primary"
               BlueprintIdentifier = "MEGAAppPresentation"
               BuildableName = "MEGAAppPresentation"
               BlueprintName = "MEGAAppPresentation"
               ReferencedContainer = "container:Modules/Presentation/MEGAAppPresentation">
            </BuildableReference>
         </BuildActionEntry>
         <BuildActionEntry
            buildForTesting = "YES"
            buildForRunning = "YES"
            buildForProfiling = "YES"
            buildForArchiving = "YES"
            buildForAnalyzing = "YES">
            <BuildableReference
               BuildableIdentifier = "primary"
               BlueprintIdentifier = "Notifications"
               BuildableName = "Notifications"
               BlueprintName = "Notifications"
               ReferencedContainer = "container:Modules/Features/Notifications">
            </BuildableReference>
         </BuildActionEntry>
         <BuildActionEntry
            buildForTesting = "YES"
            buildForRunning = "YES"
            buildForProfiling = "YES"
            buildForArchiving = "YES"
            buildForAnalyzing = "YES">
            <BuildableReference
               BuildableIdentifier = "primary"
               BlueprintIdentifier = "KMTransferUtils"
               BuildableName = "KMTransferUtils"
               BlueprintName = "KMTransferUtils"
               ReferencedContainer = "container:Modules/Infrastracture/KMTransferUtils">
            </BuildableReference>
         </BuildActionEntry>
      </BuildActionEntries>
   </BuildAction>
   <TestAction
      buildConfiguration = "Debug"
      selectedDebuggerIdentifier = "Xcode.DebuggerFoundation.Debugger.LLDB"
      selectedLauncherIdentifier = "Xcode.DebuggerFoundation.Launcher.LLDB"
      shouldUseLaunchSchemeArgsEnv = "YES">
      <TestPlans>
         <TestPlanReference
            reference = "container:MEGAModulesTests/MEGAModulesTests.xctestplan"
            default = "YES">
         </TestPlanReference>
      </TestPlans>
      <Testables>
         <TestableReference
            skipped = "NO"
            parallelizable = "YES">
            <BuildableReference
               BuildableIdentifier = "primary"
               BlueprintIdentifier = "BFB014E62EDABA8F00F600E7"
               BuildableName = "MEGAModulesTests.xctest"
               BlueprintName = "MEGAModulesTests"
               ReferencedContainer = "container:MEGA.xcodeproj">
            </BuildableReference>
         </TestableReference>
      </Testables>
   </TestAction>
   <LaunchAction
      buildConfiguration = "Debug"
      selectedDebuggerIdentifier = "Xcode.DebuggerFoundation.Debugger.LLDB"
      selectedLauncherIdentifier = "Xcode.DebuggerFoundation.Launcher.LLDB"
      launchStyle = "0"
      useCustomWorkingDirectory = "NO"
      ignoresPersistentStateOnLaunch = "NO"
      debugDocumentVersioning = "YES"
      debugServiceExtension = "internal"
      allowLocationSimulation = "YES">
   </LaunchAction>
   <ProfileAction
      buildConfiguration = "Release"
      shouldUseLaunchSchemeArgsEnv = "YES"
      savedToolIdentifier = ""
      useCustomWorkingDirectory = "NO"
      debugDocumentVersioning = "YES">
      <MacroExpansion>
         <BuildableReference
            BuildableIdentifier = "primary"
            BlueprintIdentifier = "Search"
            BuildableName = "Search"
            BlueprintName = "Search"
            ReferencedContainer = "container:Modules/Features/Search">
         </BuildableReference>
      </MacroExpansion>
   </ProfileAction>
   <AnalyzeAction
      buildConfiguration = "Debug">
   </AnalyzeAction>
   <ArchiveAction
      buildConfiguration = "Release"
      revealArchiveInOrganizer = "YES">
   </ArchiveAction>
</Scheme>
