{
  "pins" : [
    {
      "identity" : "abseil-cpp-swiftpm",
      "kind" : "remoteSourceControl",
      "location" : "https://github.com/firebase/abseil-cpp-SwiftPM.git",
      "state" : {
        "revision" : "d302de612e3d57c6f4afaf087da18fba8eac72a7",
        "version" : "0.20220203.1"
      }
    },
    {
      "identity" : "boringssl-swiftpm",
      "kind" : "remoteSourceControl",
      "location" : "https://github.com/firebase/boringssl-SwiftPM.git",
      "state" : {
        "revision" : "79db6516894a932d0ddaff3b05b9da1e4f6c4069",
        "version" : "0.9.0"
      }
    },
    {
      "identity" : "chtcollectionviewwaterfalllayout",
      "kind" : "remoteSourceControl",
      "location" : "https://github.com/chiahsien/CHTCollectionViewWaterfallLayout.git",
      "state" : {
        "revision" : "1fe42247efc8aea1ad03332d2b44f2d7fb1644bc",
        "version" : "0.9.10"
      }
    },
    {
      "identity" : "cocoalumberjack",
      "kind" : "remoteSourceControl",
      "location" : "https://github.com/CocoaLumberjack/CocoaLumberjack.git",
      "state" : {
        "revision" : "80ada1f753b0d53d9b57c465936a7c4169375002",
        "version" : "3.7.4"
      }
    },
    {
      "identity" : "datetools",
      "kind" : "remoteSourceControl",
      "location" : "https://github.com/meganz/DateTools.git",
      "state" : {
        "revision" : "eae3fdb6c71eda73f8c473caf0c7df1af7f6df08",
        "version" : "5.1.0"
      }
    },
    {
      "identity" : "dznemptydataset",
      "kind" : "remoteSourceControl",
      "location" : "https://github.com/meganz/DZNEmptyDataSet.git",
      "state" : {
        "branch" : "custom-MEGA",
        "revision" : "3794e3d8cd6b199eeee23e43d34999424a5a74e7"
      }
    },
    {
      "identity" : "firebase-ios-sdk",
      "kind" : "remoteSourceControl",
      "location" : "https://github.com/firebase/firebase-ios-sdk.git",
      "state" : {
        "revision" : "111d8d6ad1a1afd6c8e9561d26e55ab1e74fcb42",
        "version" : "8.15.0"
      }
    },
    {
      "identity" : "flex",
      "kind" : "remoteSourceControl",
      "location" : "https://github.com/FLEXTool/FLEX",
      "state" : {
        "revision" : "ac50a6d36b738a15a6d3b6b51683d8a152319f59",
        "version" : "4.7.0"
      }
    },
    {
      "identity" : "flexlayout",
      "kind" : "remoteSourceControl",
      "location" : "https://github.com/layoutBox/FlexLayout.git",
      "state" : {
        "revision" : "2db7eaafbc9c988ca9ea4a236a41f67c07f7d1b6",
        "version" : "1.3.24"
      }
    },
    {
      "identity" : "gkcontactimage",
      "kind" : "remoteSourceControl",
      "location" : "https://github.com/meganz/GKContactImage.git",
      "state" : {
        "revision" : "e3dcb67e3cbf620866122b10ef0c1b2f572cd8c3",
        "version" : "0.1.2"
      }
    },
    {
      "identity" : "googleappmeasurement",
      "kind" : "remoteSourceControl",
      "location" : "https://github.com/google/GoogleAppMeasurement.git",
      "state" : {
        "revision" : "ef819db8c58657a6ca367322e73f3b6322afe0a2",
        "version" : "8.15.0"
      }
    },
    {
      "identity" : "googledatatransport",
      "kind" : "remoteSourceControl",
      "location" : "https://github.com/google/GoogleDataTransport.git",
      "state" : {
        "revision" : "15ccdfd25ac55b9239b82809531ff26605e7556e",
        "version" : "9.1.2"
      }
    },
    {
      "identity" : "googleutilities",
      "kind" : "remoteSourceControl",
      "location" : "https://github.com/google/GoogleUtilities.git",
      "state" : {
        "revision" : "f4abe56ce62a779e64b525eb133c8fc2a84bbc1f",
        "version" : "7.7.1"
      }
    },
    {
      "identity" : "grpc-ios",
      "kind" : "remoteSourceControl",
      "location" : "https://github.com/grpc/grpc-ios.git",
      "state" : {
        "revision" : "abd2d5a4347efa0454606a788678a5d8ec223738",
        "version" : "1.44.0-grpc"
      }
    },
    {
      "identity" : "gtm-session-fetcher",
      "kind" : "remoteSourceControl",
      "location" : "https://github.com/google/gtm-session-fetcher.git",
      "state" : {
        "revision" : "4e9bbf2808b8fee444e84a48f5f3c12641987d3e",
        "version" : "1.7.2"
      }
    },
    {
      "identity" : "haptica",
      "kind" : "remoteSourceControl",
      "location" : "https://github.com/efremidze/Haptica",
      "state" : {
        "revision" : "e03932406d2f36f10beefd31717730b2c2fa9014",
        "version" : "3.0.3"
      }
    },
    {
      "identity" : "inputbaraccessoryview",
      "kind" : "remoteSourceControl",
      "location" : "https://github.com/nathantannar4/InputBarAccessoryView",
      "state" : {
        "revision" : "2843b4454cfb6de5b4d1e5939fef2dd6257b69ee",
        "version" : "5.5.0"
      }
    },
    {
      "identity" : "isemojiview",
      "kind" : "remoteSourceControl",
      "location" : "https://github.com/isaced/ISEmojiView.git",
      "state" : {
        "revision" : "5df4a1988a746e731b3e6450e069969e13eede5f",
        "version" : "0.3.0"
      }
    },
    {
      "identity" : "keyboardlayoutguide",
      "kind" : "remoteSourceControl",
      "location" : "https://github.com/freshOS/KeyboardLayoutGuide",
      "state" : {
        "revision" : "b14abc2ff6a6b934b81b7004edb65f910ac68bdc",
        "version" : "1.8.0"
      }
    },
    {
      "identity" : "leveldb",
      "kind" : "remoteSourceControl",
      "location" : "https://github.com/firebase/leveldb.git",
      "state" : {
        "revision" : "0706abcc6b0bd9cedfbb015ba840e4a780b5159b",
        "version" : "1.22.2"
      }
    },
    {
      "identity" : "libwebp-xcode",
      "kind" : "remoteSourceControl",
      "location" : "https://github.com/SDWebImage/libwebp-Xcode.git",
      "state" : {
        "revision" : "2b3b43faaef54d1b897482428428357b7f7cd08b",
        "version" : "1.2.1"
      }
    },
    {
      "identity" : "messagekit",
      "kind" : "remoteSourceControl",
      "location" : "https://github.com/MessageKit/MessageKit",
      "state" : {
        "revision" : "84236d91ac5783e3ecbefc15b82d854476720115",
        "version" : "3.8.0"
      }
    },
    {
      "identity" : "nanopb",
      "kind" : "remoteSourceControl",
      "location" : "https://github.com/firebase/nanopb.git",
      "state" : {
        "revision" : "7ee9ef9f627d85cbe1b8c4f49a3ed26eed216c77",
        "version" : "2.30908.0"
      }
    },
    {
      "identity" : "panmodal",
      "kind" : "remoteSourceControl",
      "location" : "https://github.com/ilia3546/PanModal.git",
      "state" : {
        "revision" : "ba721e891b4f32fa015460ad5003d80054171f07"
      }
    },
    {
      "identity" : "phonenumberkit",
      "kind" : "remoteSourceControl",
      "location" : "https://github.com/marmelroy/PhoneNumberKit.git",
      "state" : {
        "revision" : "dacede2d256b2807a1c5b4906a9c87c9f6f32fa3",
        "version" : "3.3.0"
      }
    },
    {
      "identity" : "piechart",
      "kind" : "remoteSourceControl",
      "location" : "https://github.com/meganz/PieChart.git",
      "state" : {
        "revision" : "b932c95f8e02909ed826bde844251f904a009901",
        "version" : "0.2.0"
      }
    },
    {
      "identity" : "pinlayout",
      "kind" : "remoteSourceControl",
      "location" : "https://github.com/layoutBox/PinLayout",
      "state" : {
        "revision" : "b44e3c8891a75fc711d85b86c03fed582d6c6ca5",
        "version" : "1.10.2"
      }
    },
    {
      "identity" : "promises",
      "kind" : "remoteSourceControl",
      "location" : "https://github.com/google/promises.git",
      "state" : {
        "revision" : "46c1e6b5ac09d8f82c991061c659f67e573d425d",
        "version" : "2.1.0"
      }
    },
    {
      "identity" : "purelayout",
      "kind" : "remoteSourceControl",
      "location" : "https://github.com/PureLayout/PureLayout.git",
      "state" : {
        "revision" : "5561683c96dc49b023c1299bfe4f6fbeed5f8199",
        "version" : "3.1.9"
      }
    },
    {
      "identity" : "samkeychain",
      "kind" : "remoteSourceControl",
      "location" : "https://github.com/meganz/SAMKeychain.git",
      "state" : {
        "revision" : "19f05f16b30eed2ed398df30353ec52844e329e5",
        "version" : "2.0.0"
      }
    },
    {
      "identity" : "sdavassetexportsession",
      "kind" : "remoteSourceControl",
      "location" : "https://github.com/meganz/SDAVAssetExportSession.git",
      "state" : {
        "revision" : "70b9f3b885ac8759752c893a4f98f212bcd46394",
        "version" : "1.0.2"
      }
    },
    {
      "identity" : "sdwebimage",
      "kind" : "remoteSourceControl",
      "location" : "https://github.com/SDWebImage/SDWebImage.git",
      "state" : {
        "revision" : "2e63d0061da449ad0ed130768d05dceb1496de44",
        "version" : "5.12.5"
      }
    },
    {
      "identity" : "sdwebimagewebpcoder",
      "kind" : "remoteSourceControl",
      "location" : "https://github.com/SDWebImage/SDWebImageWebPCoder.git",
      "state" : {
        "revision" : "95a6838df13bc08d8064cf7e048b787b6e52348d",
        "version" : "0.8.4"
      }
    },
    {
      "identity" : "swift-log",
      "kind" : "remoteSourceControl",
      "location" : "https://github.com/apple/swift-log.git",
      "state" : {
        "revision" : "5d66f7ba25daf4f94100e7022febf3c75e37a6c7",
        "version" : "1.4.2"
      }
    },
    {
      "identity" : "swift-protobuf",
      "kind" : "remoteSourceControl",
      "location" : "https://github.com/apple/swift-protobuf.git",
      "state" : {
        "revision" : "e1499bc69b9040b29184f7f2996f7bab467c1639",
        "version" : "1.19.0"
      }
    },
    {
      "identity" : "wstagsfield",
      "kind" : "remoteSourceControl",
      "location" : "https://github.com/whitesmith/WSTagsField",
      "state" : {
        "revision" : "4a3f36d1903554bb6b65df0e7936df9bb95d7525",
        "version" : "5.4.0"
      }
    }
  ],
  "version" : 2
}
